{
  "version": 4,
  "terraform_version": "1.10.0",
  "serial": 1535,
  "lineage": "8da82b6d-5cff-8bff-fc9b-013a358c2dd0",
  "outputs": {
    "alb-1-listener": {
      "value": [
        {
          "endpoint": [
            {
              "address": [
                {
                  "external_ipv4_address": [
                    {
                      "address": "51.250.32.175"
                    }
                  ],
                  "external_ipv6_address": [],
                  "internal_ipv4_address": []
                }
              ],
              "ports": [
                80
              ]
            }
          ],
          "http": [
            {
              "handler": [
                {
                  "allow_http10": false,
                  "http2_options": [],
                  "http_router_id": "ds7ctos7cvqokg7k0rdq",
                  "rewrite_request_id": false
                }
              ],
              "redirects": []
            }
          ],
          "name": "alb-listener",
          "stream": [],
          "tls": []
        }
      ],
      "type": [
        "list",
        [
          "object",
          {
            "endpoint": [
              "list",
              [
                "object",
                {
                  "address": [
                    "list",
                    [
                      "object",
                      {
                        "external_ipv4_address": [
                          "list",
                          [
                            "object",
                            {
                              "address": "string"
                            }
                          ]
                        ],
                        "external_ipv6_address": [
                          "list",
                          [
                            "object",
                            {
                              "address": "string"
                            }
                          ]
                        ],
                        "internal_ipv4_address": [
                          "list",
                          [
                            "object",
                            {
                              "address": "string",
                              "subnet_id": "string"
                            }
                          ]
                        ]
                      }
                    ]
                  ],
                  "ports": [
                    "list",
                    "number"
                  ]
                }
              ]
            ],
            "http": [
              "list",
              [
                "object",
                {
                  "handler": [
                    "list",
                    [
                      "object",
                      {
                        "allow_http10": "bool",
                        "http2_options": [
                          "list",
                          [
                            "object",
                            {
                              "max_concurrent_streams": "number"
                            }
                          ]
                        ],
                        "http_router_id": "string",
                        "rewrite_request_id": "bool"
                      }
                    ]
                  ],
                  "redirects": [
                    "list",
                    [
                      "object",
                      {
                        "http_to_https": "bool"
                      }
                    ]
                  ]
                }
              ]
            ],
            "name": "string",
            "stream": [
              "list",
              [
                "object",
                {
                  "handler": [
                    "list",
                    [
                      "object",
                      {
                        "backend_group_id": "string",
                        "idle_timeout": "string"
                      }
                    ]
                  ]
                }
              ]
            ],
            "tls": [
              "list",
              [
                "object",
                {
                  "default_handler": [
                    "list",
                    [
                      "object",
                      {
                        "certificate_ids": [
                          "set",
                          "string"
                        ],
                        "http_handler": [
                          "list",
                          [
                            "object",
                            {
                              "allow_http10": "bool",
                              "http2_options": [
                                "list",
                                [
                                  "object",
                                  {
                                    "max_concurrent_streams": "number"
                                  }
                                ]
                              ],
                              "http_router_id": "string",
                              "rewrite_request_id": "bool"
                            }
                          ]
                        ],
                        "stream_handler": [
                          "list",
                          [
                            "object",
                            {
                              "backend_group_id": "string",
                              "idle_timeout": "string"
                            }
                          ]
                        ]
                      }
                    ]
                  ],
                  "sni_handler": [
                    "list",
                    [
                      "object",
                      {
                        "handler": [
                          "list",
                          [
                            "object",
                            {
                              "certificate_ids": [
                                "set",
                                "string"
                              ],
                              "http_handler": [
                                "list",
                                [
                                  "object",
                                  {
                                    "allow_http10": "bool",
                                    "http2_options": [
                                      "list",
                                      [
                                        "object",
                                        {
                                          "max_concurrent_streams": "number"
                                        }
                                      ]
                                    ],
                                    "http_router_id": "string",
                                    "rewrite_request_id": "bool"
                                  }
                                ]
                              ],
                              "stream_handler": [
                                "list",
                                [
                                  "object",
                                  {
                                    "backend_group_id": "string",
                                    "idle_timeout": "string"
                                  }
                                ]
                              ]
                            }
                          ]
                        ],
                        "name": "string",
                        "server_names": [
                          "set",
                          "string"
                        ]
                      }
                    ]
                  ]
                }
              ]
            ]
          }
        ]
      ]
    },
    "bastion-host-ip": {
      "value": "172.16.10.15",
      "type": "string"
    },
    "bastion-host-nat-ip": {
      "value": "62.84.119.111",
      "type": "string"
    },
    "kibana-server-nat-ip-address": {
      "value": "89.169.145.216",
      "type": "string"
    },
    "vm-ips": {
      "value": {
        "0": "",
        "1": ""
      },
      "type": [
        "map",
        "string"
      ]
    },
    "zabbix-vm-nat-ip-address": {
      "value": "89.169.133.219",
      "type": "string"
    }
  },
  "resources": [
    {
      "mode": "data",
      "type": "yandex_compute_instance",
      "name": "kibana-server",
      "provider": "provider[\"registry.terraform.io/yandex-cloud/yandex\"]",
      "instances": [
        {
          "schema_version": 0,
          "attributes": {
            "boot_disk": [
              {
                "auto_delete": true,
                "device_name": "fhmk5206e3drkbhr2aro",
                "disk_id": "fhmk5206e3drkbhr2aro",
                "initialize_params": [
                  {
                    "block_size": 4096,
                    "description": "",
                    "image_id": "fd80db1e30l1di9umq8v",
                    "kms_key_id": "",
                    "name": "",
                    "size": 10,
                    "snapshot_id": "",
                    "type": "network-hdd"
                  }
                ],
                "mode": "READ_WRITE"
              }
            ],
            "created_at": "2025-02-11T12:55:44Z",
            "description": "",
            "filesystem": [],
            "folder_id": "b1g0p7hjk9b1452669ri",
            "fqdn": "kibana-server.ru-central1.internal",
            "gpu_cluster_id": "",
            "hardware_generation": [
              {
                "generation2_features": [],
                "legacy_features": [
                  {
                    "pci_topology": "PCI_TOPOLOGY_V1"
                  }
                ]
              }
            ],
            "id": "fhme90o52h628eahbqtc",
            "instance_id": "fhme90o52h628eahbqtc",
            "labels": {},
            "local_disk": [],
            "maintenance_grace_period": "",
            "maintenance_policy": null,
            "metadata": {
              "ssh-keys": "yc-user:ssh-rsa AAAAB3NzaC1yc2EAAAADAQABAAABAQDKSUQ22GF6/ro5opbkl11cg6VViCrH4CnmSzDRzwTVWoxiNZzh/9bc5MJR8I6D8rI7pl0ltyPx5BQcPQvEYk/fHBvarxjAjxjg/zRh/S6dOq9lhnmAXkVxYOUGDPPI1G52DmaziPLU1hmt3cHu1GBm64p4Bu0pvl55GEk1pgNBLHVJlaKKPZAjiTTnGsOHfbxUKxr+CnBIitfDXRHAocMZ8c4OUKcpqw9dCdgcY8z65rwz/xoGg5rVg9feSSjVxYKFlTQOcC2fM+Ilalw97se7mKcy+C5G7H5dfy12efwYNw8Stb8uq1g0t8WLYS3VOseeVn4W2/h3L/LnRvtOCDLV user@debian\n",
              "user-data": "#cloud-config\ntimezone: Europe/Moscow\nrepo_update: true\nrepo_upgrade: true\n\nusers:\n  - name: yc-user\n    shell: /bin/bash\n    sudo: ALL=(ALL:ALL) NOPASSWD:ALL\n    ssh-authorized-keys:\n      - ssh-rsa AAAAB3NzaC1yc2EAAAADAQABAAABAQDKSUQ22GF6/ro5opbkl11cg6VViCrH4CnmSzDRzwTVWoxiNZzh/9bc5MJR8I6D8rI7pl0ltyPx5BQcPQvEYk/fHBvarxjAjxjg/zRh/S6dOq9lhnmAXkVxYOUGDPPI1G52DmaziPLU1hmt3cHu1GBm64p4Bu0pvl55GEk1pgNBLHVJlaKKPZAjiTTnGsOHfbxUKxr+CnBIitfDXRHAocMZ8c4OUKcpqw9dCdgcY8z65rwz/xoGg5rVg9feSSjVxYKFlTQOcC2fM+Ilalw97se7mKcy+C5G7H5dfy12efwYNw8Stb8uq1g0t8WLYS3VOseeVn4W2/h3L/LnRvtOCDLV user@debian\n"
            },
            "metadata_options": [
              {
                "aws_v1_http_endpoint": 1,
                "aws_v1_http_token": 2,
                "gce_http_endpoint": 1,
                "gce_http_token": 1
              }
            ],
            "name": "kibana-server",
            "network_acceleration_type": "standard",
            "network_interface": [
              {
                "dns_record": [],
                "index": 0,
                "ip_address": "172.16.10.19",
                "ipv4": true,
                "ipv6": false,
                "ipv6_address": "",
                "ipv6_dns_record": [],
                "mac_address": "d0:0d:e4:83:05:14",
                "nat": true,
                "nat_dns_record": [],
                "nat_ip_address": "89.169.145.216",
                "nat_ip_version": "IPV4",
                "security_group_ids": [
                  "enp0vgtgtadbfbtltgab"
                ],
                "subnet_id": "e9btgifpeu96s5ke6kj9"
              }
            ],
            "placement_policy": [
              {
                "host_affinity_rules": [],
                "placement_group_id": "",
                "placement_group_partition": 0
              }
            ],
            "platform_id": "standard-v3",
            "resources": [
              {
                "core_fraction": 20,
                "cores": 2,
                "gpus": 0,
                "memory": 2
              }
            ],
            "scheduling_policy": [
              {
                "preemptible": true
              }
            ],
            "secondary_disk": [],
            "service_account_id": "",
            "status": "running",
            "zone": "ru-central1-a"
          },
          "sensitive_attributes": []
        }
      ]
    },
    {
      "mode": "data",
      "type": "yandex_compute_instance",
      "name": "web-vm-instances",
      "provider": "provider[\"registry.terraform.io/yandex-cloud/yandex\"]",
      "instances": [
        {
          "index_key": "0",
          "schema_version": 0,
          "attributes": {
            "boot_disk": [
              {
                "auto_delete": true,
                "device_name": "epdme7j47v7r1ktm4pcr",
                "disk_id": "epdme7j47v7r1ktm4pcr",
                "initialize_params": [
                  {
                    "block_size": 4096,
                    "description": "",
                    "image_id": "fd80db1e30l1di9umq8v",
                    "kms_key_id": "",
                    "name": "",
                    "size": 7,
                    "snapshot_id": "",
                    "type": "network-hdd"
                  }
                ],
                "mode": "READ_WRITE"
              }
            ],
            "created_at": "2025-02-11T12:55:48Z",
            "description": "",
            "filesystem": [],
            "folder_id": "b1g0p7hjk9b1452669ri",
            "fqdn": "web-vm-1.ru-central1.internal",
            "gpu_cluster_id": "",
            "hardware_generation": [
              {
                "generation2_features": [],
                "legacy_features": [
                  {
                    "pci_topology": "PCI_TOPOLOGY_V1"
                  }
                ]
              }
            ],
            "id": "epdkqsf2mond60h4pcbu",
            "instance_id": "epdkqsf2mond60h4pcbu",
            "labels": {},
            "local_disk": [],
            "maintenance_grace_period": "",
            "maintenance_policy": null,
            "metadata": {
              "ssh-keys": "yc-user:ssh-rsa AAAAB3NzaC1yc2EAAAADAQABAAABAQDKSUQ22GF6/ro5opbkl11cg6VViCrH4CnmSzDRzwTVWoxiNZzh/9bc5MJR8I6D8rI7pl0ltyPx5BQcPQvEYk/fHBvarxjAjxjg/zRh/S6dOq9lhnmAXkVxYOUGDPPI1G52DmaziPLU1hmt3cHu1GBm64p4Bu0pvl55GEk1pgNBLHVJlaKKPZAjiTTnGsOHfbxUKxr+CnBIitfDXRHAocMZ8c4OUKcpqw9dCdgcY8z65rwz/xoGg5rVg9feSSjVxYKFlTQOcC2fM+Ilalw97se7mKcy+C5G7H5dfy12efwYNw8Stb8uq1g0t8WLYS3VOseeVn4W2/h3L/LnRvtOCDLV user@debian\n",
              "user-data": "#cloud-config\ntimezone: Europe/Moscow\nrepo_update: true\nrepo_upgrade: true\n\nusers:\n  - name: yc-user\n    shell: /bin/bash\n    sudo: ALL=(ALL:ALL) NOPASSWD:ALL\n    ssh-authorized-keys:\n      - ssh-rsa AAAAB3NzaC1yc2EAAAADAQABAAABAQDKSUQ22GF6/ro5opbkl11cg6VViCrH4CnmSzDRzwTVWoxiNZzh/9bc5MJR8I6D8rI7pl0ltyPx5BQcPQvEYk/fHBvarxjAjxjg/zRh/S6dOq9lhnmAXkVxYOUGDPPI1G52DmaziPLU1hmt3cHu1GBm64p4Bu0pvl55GEk1pgNBLHVJlaKKPZAjiTTnGsOHfbxUKxr+CnBIitfDXRHAocMZ8c4OUKcpqw9dCdgcY8z65rwz/xoGg5rVg9feSSjVxYKFlTQOcC2fM+Ilalw97se7mKcy+C5G7H5dfy12efwYNw8Stb8uq1g0t8WLYS3VOseeVn4W2/h3L/LnRvtOCDLV user@debian\n\nwrite_files:\n  - path: \"/usr/local/etc/startup_nginx.sh\"\n    permissions: \"755\"\n    content: |\n      #!/bin/bash\n\n      sudo apt-get update\n      sudo apt-get install -y nginx\n      sudo service nginx start\n    defer: true\n\nruncmd:\n  - [\"/usr/local/etc/startup_nginx.sh\"]\n  - [ systemctl, nginx-reload ]\n  - [ systemctl, enable, nginx.service ]\n  - [ systemctl, start, --no-block, nginx.service ]\n  - [ sh, -c, \"echo $(hostname | cut -d '.' -f 1 ) \u003e /var/www/html/index.html\" ]\n"
            },
            "metadata_options": [
              {
                "aws_v1_http_endpoint": 1,
                "aws_v1_http_token": 2,
                "gce_http_endpoint": 1,
                "gce_http_token": 1
              }
            ],
            "name": "web-vm-1",
            "network_acceleration_type": "standard",
            "network_interface": [
              {
                "dns_record": [],
                "index": 0,
                "ip_address": "172.16.20.16",
                "ipv4": true,
                "ipv6": false,
                "ipv6_address": "",
                "ipv6_dns_record": [],
                "mac_address": "d0:0d:14:d7:1e:2b",
                "nat": false,
                "nat_dns_record": [],
                "nat_ip_address": "",
                "nat_ip_version": "",
                "security_group_ids": [
                  "enp3bobmdbrrmtbqdbkf"
                ],
                "subnet_id": "e2lnspd55nj8vhnrgf6b"
              }
            ],
            "placement_policy": [
              {
                "host_affinity_rules": [],
                "placement_group_id": "",
                "placement_group_partition": 0
              }
            ],
            "platform_id": "standard-v3",
            "resources": [
              {
                "core_fraction": 20,
                "cores": 2,
                "gpus": 0,
                "memory": 2
              }
            ],
            "scheduling_policy": [
              {
                "preemptible": true
              }
            ],
            "secondary_disk": [],
            "service_account_id": "",
            "status": "running",
            "zone": "ru-central1-b"
          },
          "sensitive_attributes": []
        },
        {
          "index_key": "1",
          "schema_version": 0,
          "attributes": {
            "boot_disk": [
              {
                "auto_delete": true,
                "device_name": "fv4k6e26dmoc01qqujs9",
                "disk_id": "fv4k6e26dmoc01qqujs9",
                "initialize_params": [
                  {
                    "block_size": 4096,
                    "description": "",
                    "image_id": "fd80db1e30l1di9umq8v",
                    "kms_key_id": "",
                    "name": "",
                    "size": 7,
                    "snapshot_id": "",
                    "type": "network-hdd"
                  }
                ],
                "mode": "READ_WRITE"
              }
            ],
            "created_at": "2025-02-11T12:55:48Z",
            "description": "",
            "filesystem": [],
            "folder_id": "b1g0p7hjk9b1452669ri",
            "fqdn": "web-vm-2.ru-central1.internal",
            "gpu_cluster_id": "",
            "hardware_generation": [
              {
                "generation2_features": [],
                "legacy_features": [
                  {
                    "pci_topology": "PCI_TOPOLOGY_V1"
                  }
                ]
              }
            ],
            "id": "fv4t2k7noqeua28bgcmq",
            "instance_id": "fv4t2k7noqeua28bgcmq",
            "labels": {},
            "local_disk": [],
            "maintenance_grace_period": "",
            "maintenance_policy": null,
            "metadata": {
              "ssh-keys": "yc-user:ssh-rsa AAAAB3NzaC1yc2EAAAADAQABAAABAQDKSUQ22GF6/ro5opbkl11cg6VViCrH4CnmSzDRzwTVWoxiNZzh/9bc5MJR8I6D8rI7pl0ltyPx5BQcPQvEYk/fHBvarxjAjxjg/zRh/S6dOq9lhnmAXkVxYOUGDPPI1G52DmaziPLU1hmt3cHu1GBm64p4Bu0pvl55GEk1pgNBLHVJlaKKPZAjiTTnGsOHfbxUKxr+CnBIitfDXRHAocMZ8c4OUKcpqw9dCdgcY8z65rwz/xoGg5rVg9feSSjVxYKFlTQOcC2fM+Ilalw97se7mKcy+C5G7H5dfy12efwYNw8Stb8uq1g0t8WLYS3VOseeVn4W2/h3L/LnRvtOCDLV user@debian\n",
              "user-data": "#cloud-config\ntimezone: Europe/Moscow\nrepo_update: true\nrepo_upgrade: true\n\nusers:\n  - name: yc-user\n    shell: /bin/bash\n    sudo: ALL=(ALL:ALL) NOPASSWD:ALL\n    ssh-authorized-keys:\n      - ssh-rsa AAAAB3NzaC1yc2EAAAADAQABAAABAQDKSUQ22GF6/ro5opbkl11cg6VViCrH4CnmSzDRzwTVWoxiNZzh/9bc5MJR8I6D8rI7pl0ltyPx5BQcPQvEYk/fHBvarxjAjxjg/zRh/S6dOq9lhnmAXkVxYOUGDPPI1G52DmaziPLU1hmt3cHu1GBm64p4Bu0pvl55GEk1pgNBLHVJlaKKPZAjiTTnGsOHfbxUKxr+CnBIitfDXRHAocMZ8c4OUKcpqw9dCdgcY8z65rwz/xoGg5rVg9feSSjVxYKFlTQOcC2fM+Ilalw97se7mKcy+C5G7H5dfy12efwYNw8Stb8uq1g0t8WLYS3VOseeVn4W2/h3L/LnRvtOCDLV user@debian\n\nwrite_files:\n  - path: \"/usr/local/etc/startup_nginx.sh\"\n    permissions: \"755\"\n    content: |\n      #!/bin/bash\n\n      sudo apt-get update\n      sudo apt-get install -y nginx\n      sudo service nginx start\n    defer: true\n\nruncmd:\n  - [\"/usr/local/etc/startup_nginx.sh\"]\n  - [ systemctl, nginx-reload ]\n  - [ systemctl, enable, nginx.service ]\n  - [ systemctl, start, --no-block, nginx.service ]\n  - [ sh, -c, \"echo $(hostname | cut -d '.' -f 1 ) \u003e /var/www/html/index.html\" ]\n"
            },
            "metadata_options": [
              {
                "aws_v1_http_endpoint": 1,
                "aws_v1_http_token": 2,
                "gce_http_endpoint": 1,
                "gce_http_token": 1
              }
            ],
            "name": "web-vm-2",
            "network_acceleration_type": "standard",
            "network_interface": [
              {
                "dns_record": [],
                "index": 0,
                "ip_address": "172.16.30.22",
                "ipv4": true,
                "ipv6": false,
                "ipv6_address": "",
                "ipv6_dns_record": [],
                "mac_address": "d0:0d:1d:15:0f:7c",
                "nat": false,
                "nat_dns_record": [],
                "nat_ip_address": "",
                "nat_ip_version": "",
                "security_group_ids": [
                  "enp3bobmdbrrmtbqdbkf"
                ],
                "subnet_id": "fl86fg9nvm708150r5au"
              }
            ],
            "placement_policy": [
              {
                "host_affinity_rules": [],
                "placement_group_id": "",
                "placement_group_partition": 0
              }
            ],
            "platform_id": "standard-v3",
            "resources": [
              {
                "core_fraction": 20,
                "cores": 2,
                "gpus": 0,
                "memory": 2
              }
            ],
            "scheduling_policy": [
              {
                "preemptible": true
              }
            ],
            "secondary_disk": [],
            "service_account_id": "",
            "status": "running",
            "zone": "ru-central1-d"
          },
          "sensitive_attributes": []
        }
      ]
    },
    {
      "mode": "data",
      "type": "yandex_compute_instance",
      "name": "zabbix-server",
      "provider": "provider[\"registry.terraform.io/yandex-cloud/yandex\"]",
      "instances": [
        {
          "schema_version": 0,
          "attributes": {
            "boot_disk": [
              {
                "auto_delete": true,
                "device_name": "fhmrcsre4m1su6k9edoi",
                "disk_id": "fhmrcsre4m1su6k9edoi",
                "initialize_params": [
                  {
                    "block_size": 4096,
                    "description": "",
                    "image_id": "fd80db1e30l1di9umq8v",
                    "kms_key_id": "",
                    "name": "",
                    "size": 7,
                    "snapshot_id": "",
                    "type": "network-hdd"
                  }
                ],
                "mode": "READ_WRITE"
              }
            ],
            "created_at": "2025-02-11T12:55:40Z",
            "description": "",
            "filesystem": [],
            "folder_id": "b1g0p7hjk9b1452669ri",
            "fqdn": "zabbix-server.ru-central1.internal",
            "gpu_cluster_id": "",
            "hardware_generation": [
              {
                "generation2_features": [],
                "legacy_features": [
                  {
                    "pci_topology": "PCI_TOPOLOGY_V1"
                  }
                ]
              }
            ],
            "id": "fhmrbbe1kcb3p4pbgqje",
            "instance_id": "fhmrbbe1kcb3p4pbgqje",
            "labels": {},
            "local_disk": [],
            "maintenance_grace_period": "",
            "maintenance_policy": null,
            "metadata": {
              "ssh-keys": "yc-user:ssh-rsa AAAAB3NzaC1yc2EAAAADAQABAAABAQDKSUQ22GF6/ro5opbkl11cg6VViCrH4CnmSzDRzwTVWoxiNZzh/9bc5MJR8I6D8rI7pl0ltyPx5BQcPQvEYk/fHBvarxjAjxjg/zRh/S6dOq9lhnmAXkVxYOUGDPPI1G52DmaziPLU1hmt3cHu1GBm64p4Bu0pvl55GEk1pgNBLHVJlaKKPZAjiTTnGsOHfbxUKxr+CnBIitfDXRHAocMZ8c4OUKcpqw9dCdgcY8z65rwz/xoGg5rVg9feSSjVxYKFlTQOcC2fM+Ilalw97se7mKcy+C5G7H5dfy12efwYNw8Stb8uq1g0t8WLYS3VOseeVn4W2/h3L/LnRvtOCDLV user@debian\n",
              "user-data": "#cloud-config\ntimezone: Europe/Moscow\nrepo_update: true\nrepo_upgrade: true\n\nusers:\n  - name: yc-user\n    shell: /bin/bash\n    sudo: ALL=(ALL:ALL) NOPASSWD:ALL\n    ssh-authorized-keys:\n      - ssh-rsa AAAAB3NzaC1yc2EAAAADAQABAAABAQDKSUQ22GF6/ro5opbkl11cg6VViCrH4CnmSzDRzwTVWoxiNZzh/9bc5MJR8I6D8rI7pl0ltyPx5BQcPQvEYk/fHBvarxjAjxjg/zRh/S6dOq9lhnmAXkVxYOUGDPPI1G52DmaziPLU1hmt3cHu1GBm64p4Bu0pvl55GEk1pgNBLHVJlaKKPZAjiTTnGsOHfbxUKxr+CnBIitfDXRHAocMZ8c4OUKcpqw9dCdgcY8z65rwz/xoGg5rVg9feSSjVxYKFlTQOcC2fM+Ilalw97se7mKcy+C5G7H5dfy12efwYNw8Stb8uq1g0t8WLYS3VOseeVn4W2/h3L/LnRvtOCDLV user@debian\n"
            },
            "metadata_options": [
              {
                "aws_v1_http_endpoint": 1,
                "aws_v1_http_token": 2,
                "gce_http_endpoint": 1,
                "gce_http_token": 1
              }
            ],
            "name": "zabbix-server",
            "network_acceleration_type": "standard",
            "network_interface": [
              {
                "dns_record": [],
                "index": 0,
                "ip_address": "172.16.10.14",
                "ipv4": true,
                "ipv6": false,
                "ipv6_address": "",
                "ipv6_dns_record": [],
                "mac_address": "d0:0d:1b:5a:dc:1a",
                "nat": true,
                "nat_dns_record": [],
                "nat_ip_address": "89.169.133.219",
                "nat_ip_version": "IPV4",
                "security_group_ids": [
                  "enpl4sco81qkr4j9h1uv"
                ],
                "subnet_id": "e9btgifpeu96s5ke6kj9"
              }
            ],
            "placement_policy": [
              {
                "host_affinity_rules": [],
                "placement_group_id": "",
                "placement_group_partition": 0
              }
            ],
            "platform_id": "standard-v3",
            "resources": [
              {
                "core_fraction": 20,
                "cores": 2,
                "gpus": 0,
                "memory": 2
              }
            ],
            "scheduling_policy": [
              {
                "preemptible": true
              }
            ],
            "secondary_disk": [],
            "service_account_id": "",
            "status": "running",
            "zone": "ru-central1-a"
          },
          "sensitive_attributes": []
        }
      ]
    },
    {
      "mode": "data",
      "type": "yandex_compute_instance_group",
      "name": "alb_vm_group",
      "provider": "provider[\"registry.terraform.io/yandex-cloud/yandex\"]",
      "instances": [
        {
          "schema_version": 0,
          "attributes": {
            "allocation_policy": [
              {
                "instance_tags_pool": [],
                "zones": [
                  "ru-central1-b",
                  "ru-central1-d"
                ]
              }
            ],
            "application_balancer_state": null,
            "application_load_balancer": [
              {
                "ignore_health_checks": false,
                "max_opening_traffic_duration": 0,
                "status_message": "",
                "target_group_description": "",
                "target_group_id": "ds7h4uid7urf81darqdf",
                "target_group_labels": {},
                "target_group_name": ""
              }
            ],
            "created_at": "2025-02-11T12:55:41Z",
            "deletion_protection": false,
            "deploy_policy": [
              {
                "max_creating": 2,
                "max_deleting": 2,
                "max_expansion": 0,
                "max_unavailable": 1,
                "startup_duration": 0,
                "strategy": "proactive"
              }
            ],
            "description": "",
            "folder_id": "b1g0p7hjk9b1452669ri",
            "health_check": [],
            "id": "cl1k9s62baslc35aoecg",
            "instance_group_id": "cl1k9s62baslc35aoecg",
            "instance_template": [
              {
                "boot_disk": [
                  {
                    "device_name": "",
                    "disk_id": "",
                    "initialize_params": [
                      {
                        "description": "",
                        "image_id": "fd80db1e30l1di9umq8v",
                        "size": 7,
                        "snapshot_id": "",
                        "type": "network-hdd"
                      }
                    ],
                    "mode": "READ_WRITE",
                    "name": ""
                  }
                ],
                "description": "",
                "filesystem": [],
                "hostname": "web-vm-{instance.index}",
                "labels": {},
                "metadata": {
                  "ssh-keys": "yc-user:ssh-rsa AAAAB3NzaC1yc2EAAAADAQABAAABAQDKSUQ22GF6/ro5opbkl11cg6VViCrH4CnmSzDRzwTVWoxiNZzh/9bc5MJR8I6D8rI7pl0ltyPx5BQcPQvEYk/fHBvarxjAjxjg/zRh/S6dOq9lhnmAXkVxYOUGDPPI1G52DmaziPLU1hmt3cHu1GBm64p4Bu0pvl55GEk1pgNBLHVJlaKKPZAjiTTnGsOHfbxUKxr+CnBIitfDXRHAocMZ8c4OUKcpqw9dCdgcY8z65rwz/xoGg5rVg9feSSjVxYKFlTQOcC2fM+Ilalw97se7mKcy+C5G7H5dfy12efwYNw8Stb8uq1g0t8WLYS3VOseeVn4W2/h3L/LnRvtOCDLV user@debian\n",
                  "user-data": "#cloud-config\ntimezone: Europe/Moscow\nrepo_update: true\nrepo_upgrade: true\n\nusers:\n  - name: yc-user\n    shell: /bin/bash\n    sudo: ALL=(ALL:ALL) NOPASSWD:ALL\n    ssh-authorized-keys:\n      - ssh-rsa AAAAB3NzaC1yc2EAAAADAQABAAABAQDKSUQ22GF6/ro5opbkl11cg6VViCrH4CnmSzDRzwTVWoxiNZzh/9bc5MJR8I6D8rI7pl0ltyPx5BQcPQvEYk/fHBvarxjAjxjg/zRh/S6dOq9lhnmAXkVxYOUGDPPI1G52DmaziPLU1hmt3cHu1GBm64p4Bu0pvl55GEk1pgNBLHVJlaKKPZAjiTTnGsOHfbxUKxr+CnBIitfDXRHAocMZ8c4OUKcpqw9dCdgcY8z65rwz/xoGg5rVg9feSSjVxYKFlTQOcC2fM+Ilalw97se7mKcy+C5G7H5dfy12efwYNw8Stb8uq1g0t8WLYS3VOseeVn4W2/h3L/LnRvtOCDLV user@debian\n\nwrite_files:\n  - path: \"/usr/local/etc/startup_nginx.sh\"\n    permissions: \"755\"\n    content: |\n      #!/bin/bash\n\n      sudo apt-get update\n      sudo apt-get install -y nginx\n      sudo service nginx start\n    defer: true\n\nruncmd:\n  - [\"/usr/local/etc/startup_nginx.sh\"]\n  - [ systemctl, nginx-reload ]\n  - [ systemctl, enable, nginx.service ]\n  - [ systemctl, start, --no-block, nginx.service ]\n  - [ sh, -c, \"echo $(hostname | cut -d '.' -f 1 ) \u003e /var/www/html/index.html\" ]\n"
                },
                "metadata_options": [
                  {
                    "aws_v1_http_endpoint": 0,
                    "aws_v1_http_token": 0,
                    "gce_http_endpoint": 0,
                    "gce_http_token": 0
                  }
                ],
                "name": "web-vm-{instance.index}",
                "network_interface": [
                  {
                    "dns_record": [],
                    "ip_address": "",
                    "ipv4": true,
                    "ipv6": false,
                    "ipv6_address": "",
                    "ipv6_dns_record": [],
                    "nat": false,
                    "nat_dns_record": [],
                    "nat_ip_address": "",
                    "network_id": "enpif1o9etjm87o3nbto",
                    "security_group_ids": [
                      "enp3bobmdbrrmtbqdbkf"
                    ],
                    "subnet_ids": [
                      "e2lnspd55nj8vhnrgf6b",
                      "fl86fg9nvm708150r5au"
                    ]
                  }
                ],
                "network_settings": [],
                "placement_policy": [],
                "platform_id": "standard-v3",
                "resources": [
                  {
                    "core_fraction": 20,
                    "cores": 2,
                    "gpus": 0,
                    "memory": 2
                  }
                ],
                "scheduling_policy": [
                  {
                    "preemptible": true
                  }
                ],
                "secondary_disk": [],
                "service_account_id": ""
              }
            ],
            "instances": [
              {
                "fqdn": "web-vm-1.ru-central1.internal",
                "instance_id": "epdkqsf2mond60h4pcbu",
                "instance_tag": "",
                "name": "web-vm-1",
                "network_interface": [
                  {
                    "index": 0,
                    "ip_address": "172.16.20.16",
                    "ipv4": true,
                    "ipv6": false,
                    "ipv6_address": "",
                    "mac_address": "d0:0d:14:d7:1e:2b",
                    "nat": false,
                    "nat_ip_address": "",
                    "nat_ip_version": "",
                    "subnet_id": "e2lnspd55nj8vhnrgf6b"
                  }
                ],
                "status": "RUNNING_ACTUAL",
                "status_changed_at": "2025-02-11T12:56:31Z",
                "status_message": "",
                "zone_id": "ru-central1-b"
              },
              {
                "fqdn": "web-vm-2.ru-central1.internal",
                "instance_id": "fv4t2k7noqeua28bgcmq",
                "instance_tag": "",
                "name": "web-vm-2",
                "network_interface": [
                  {
                    "index": 0,
                    "ip_address": "172.16.30.22",
                    "ipv4": true,
                    "ipv6": false,
                    "ipv6_address": "",
                    "mac_address": "d0:0d:1d:15:0f:7c",
                    "nat": false,
                    "nat_ip_address": "",
                    "nat_ip_version": "",
                    "subnet_id": "fl86fg9nvm708150r5au"
                  }
                ],
                "status": "RUNNING_ACTUAL",
                "status_changed_at": "2025-02-11T12:56:45Z",
                "status_message": "",
                "zone_id": "ru-central1-d"
              }
            ],
            "labels": {},
            "load_balancer": [],
            "load_balancer_state": [
              {
                "status_message": "",
                "target_group_id": ""
              }
            ],
            "max_checking_health_duration": null,
            "name": "alb-vm-group",
            "scale_policy": [
              {
                "auto_scale": [],
                "fixed_scale": [
                  {
                    "size": 2
                  }
                ],
                "test_auto_scale": []
              }
            ],
            "service_account_id": "aje99pl9vi4hs1mbe8ak",
            "status": "ACTIVE",
            "variables": {}
          },
          "sensitive_attributes": []
        }
      ]
    },
    {
      "mode": "data",
      "type": "yandex_compute_instance_group",
      "name": "alb_vm_group_curr",
      "provider": "provider[\"registry.terraform.io/yandex-cloud/yandex\"]",
      "instances": [
        {
          "schema_version": 0,
          "attributes": {
            "allocation_policy": [
              {
                "instance_tags_pool": [],
                "zones": [
                  "ru-central1-b",
                  "ru-central1-d"
                ]
              }
            ],
            "application_balancer_state": null,
            "application_load_balancer": [
              {
                "ignore_health_checks": false,
                "max_opening_traffic_duration": 0,
                "status_message": "",
                "target_group_description": "",
                "target_group_id": "ds7h4uid7urf81darqdf",
                "target_group_labels": {},
                "target_group_name": ""
              }
            ],
            "created_at": "2025-02-11T12:55:41Z",
            "deletion_protection": false,
            "deploy_policy": [
              {
                "max_creating": 2,
                "max_deleting": 2,
                "max_expansion": 0,
                "max_unavailable": 1,
                "startup_duration": 0,
                "strategy": "proactive"
              }
            ],
            "description": "",
            "folder_id": "b1g0p7hjk9b1452669ri",
            "health_check": [],
            "id": "cl1k9s62baslc35aoecg",
            "instance_group_id": "cl1k9s62baslc35aoecg",
            "instance_template": [
              {
                "boot_disk": [
                  {
                    "device_name": "",
                    "disk_id": "",
                    "initialize_params": [
                      {
                        "description": "",
                        "image_id": "fd80db1e30l1di9umq8v",
                        "size": 7,
                        "snapshot_id": "",
                        "type": "network-hdd"
                      }
                    ],
                    "mode": "READ_WRITE",
                    "name": ""
                  }
                ],
                "description": "",
                "filesystem": [],
                "hostname": "web-vm-{instance.index}",
                "labels": {},
                "metadata": {
                  "ssh-keys": "yc-user:ssh-rsa AAAAB3NzaC1yc2EAAAADAQABAAABAQDKSUQ22GF6/ro5opbkl11cg6VViCrH4CnmSzDRzwTVWoxiNZzh/9bc5MJR8I6D8rI7pl0ltyPx5BQcPQvEYk/fHBvarxjAjxjg/zRh/S6dOq9lhnmAXkVxYOUGDPPI1G52DmaziPLU1hmt3cHu1GBm64p4Bu0pvl55GEk1pgNBLHVJlaKKPZAjiTTnGsOHfbxUKxr+CnBIitfDXRHAocMZ8c4OUKcpqw9dCdgcY8z65rwz/xoGg5rVg9feSSjVxYKFlTQOcC2fM+Ilalw97se7mKcy+C5G7H5dfy12efwYNw8Stb8uq1g0t8WLYS3VOseeVn4W2/h3L/LnRvtOCDLV user@debian\n",
                  "user-data": "#cloud-config\ntimezone: Europe/Moscow\nrepo_update: true\nrepo_upgrade: true\n\nusers:\n  - name: yc-user\n    shell: /bin/bash\n    sudo: ALL=(ALL:ALL) NOPASSWD:ALL\n    ssh-authorized-keys:\n      - ssh-rsa AAAAB3NzaC1yc2EAAAADAQABAAABAQDKSUQ22GF6/ro5opbkl11cg6VViCrH4CnmSzDRzwTVWoxiNZzh/9bc5MJR8I6D8rI7pl0ltyPx5BQcPQvEYk/fHBvarxjAjxjg/zRh/S6dOq9lhnmAXkVxYOUGDPPI1G52DmaziPLU1hmt3cHu1GBm64p4Bu0pvl55GEk1pgNBLHVJlaKKPZAjiTTnGsOHfbxUKxr+CnBIitfDXRHAocMZ8c4OUKcpqw9dCdgcY8z65rwz/xoGg5rVg9feSSjVxYKFlTQOcC2fM+Ilalw97se7mKcy+C5G7H5dfy12efwYNw8Stb8uq1g0t8WLYS3VOseeVn4W2/h3L/LnRvtOCDLV user@debian\n\nwrite_files:\n  - path: \"/usr/local/etc/startup_nginx.sh\"\n    permissions: \"755\"\n    content: |\n      #!/bin/bash\n\n      sudo apt-get update\n      sudo apt-get install -y nginx\n      sudo service nginx start\n    defer: true\n\nruncmd:\n  - [\"/usr/local/etc/startup_nginx.sh\"]\n  - [ systemctl, nginx-reload ]\n  - [ systemctl, enable, nginx.service ]\n  - [ systemctl, start, --no-block, nginx.service ]\n  - [ sh, -c, \"echo $(hostname | cut -d '.' -f 1 ) \u003e /var/www/html/index.html\" ]\n"
                },
                "metadata_options": [
                  {
                    "aws_v1_http_endpoint": 0,
                    "aws_v1_http_token": 0,
                    "gce_http_endpoint": 0,
                    "gce_http_token": 0
                  }
                ],
                "name": "web-vm-{instance.index}",
                "network_interface": [
                  {
                    "dns_record": [],
                    "ip_address": "",
                    "ipv4": true,
                    "ipv6": false,
                    "ipv6_address": "",
                    "ipv6_dns_record": [],
                    "nat": false,
                    "nat_dns_record": [],
                    "nat_ip_address": "",
                    "network_id": "enpif1o9etjm87o3nbto",
                    "security_group_ids": [
                      "enp3bobmdbrrmtbqdbkf"
                    ],
                    "subnet_ids": [
                      "e2lnspd55nj8vhnrgf6b",
                      "fl86fg9nvm708150r5au"
                    ]
                  }
                ],
                "network_settings": [],
                "placement_policy": [],
                "platform_id": "standard-v3",
                "resources": [
                  {
                    "core_fraction": 20,
                    "cores": 2,
                    "gpus": 0,
                    "memory": 2
                  }
                ],
                "scheduling_policy": [
                  {
                    "preemptible": true
                  }
                ],
                "secondary_disk": [],
                "service_account_id": ""
              }
            ],
            "instances": [
              {
                "fqdn": "web-vm-1.ru-central1.internal",
                "instance_id": "epdkqsf2mond60h4pcbu",
                "instance_tag": "",
                "name": "web-vm-1",
                "network_interface": [
                  {
                    "index": 0,
                    "ip_address": "172.16.20.16",
                    "ipv4": true,
                    "ipv6": false,
                    "ipv6_address": "",
                    "mac_address": "d0:0d:14:d7:1e:2b",
                    "nat": false,
                    "nat_ip_address": "",
                    "nat_ip_version": "",
                    "subnet_id": "e2lnspd55nj8vhnrgf6b"
                  }
                ],
                "status": "RUNNING_ACTUAL",
                "status_changed_at": "2025-02-11T12:56:31Z",
                "status_message": "",
                "zone_id": "ru-central1-b"
              },
              {
                "fqdn": "web-vm-2.ru-central1.internal",
                "instance_id": "fv4t2k7noqeua28bgcmq",
                "instance_tag": "",
                "name": "web-vm-2",
                "network_interface": [
                  {
                    "index": 0,
                    "ip_address": "172.16.30.22",
                    "ipv4": true,
                    "ipv6": false,
                    "ipv6_address": "",
                    "mac_address": "d0:0d:1d:15:0f:7c",
                    "nat": false,
                    "nat_ip_address": "",
                    "nat_ip_version": "",
                    "subnet_id": "fl86fg9nvm708150r5au"
                  }
                ],
                "status": "RUNNING_ACTUAL",
                "status_changed_at": "2025-02-11T12:56:45Z",
                "status_message": "",
                "zone_id": "ru-central1-d"
              }
            ],
            "labels": {},
            "load_balancer": [],
            "load_balancer_state": [
              {
                "status_message": "",
                "target_group_id": ""
              }
            ],
            "max_checking_health_duration": null,
            "name": "alb-vm-group",
            "scale_policy": [
              {
                "auto_scale": [],
                "fixed_scale": [
                  {
                    "size": 2
                  }
                ],
                "test_auto_scale": []
              }
            ],
            "service_account_id": "aje99pl9vi4hs1mbe8ak",
            "status": "ACTIVE",
            "variables": {}
          },
          "sensitive_attributes": []
        }
      ]
    },
    {
      "mode": "managed",
      "type": "yandex_alb_backend_group",
      "name": "alb-bg",
      "provider": "provider[\"registry.terraform.io/yandex-cloud/yandex\"]",
      "instances": [
        {
          "schema_version": 0,
          "attributes": {
            "created_at": "2025-02-11T12:56:47Z",
            "description": "",
            "folder_id": "b1g0p7hjk9b1452669ri",
            "grpc_backend": [],
            "http_backend": [
              {
                "healthcheck": [
                  {
                    "grpc_healthcheck": [],
                    "healthcheck_port": 80,
                    "healthy_threshold": 0,
                    "http_healthcheck": [
                      {
                        "expected_statuses": [],
                        "host": "",
                        "http2": false,
                        "path": "/"
                      }
                    ],
                    "interval": "2s",
                    "interval_jitter_percent": 0,
                    "stream_healthcheck": [],
                    "timeout": "10s",
                    "unhealthy_threshold": 0
                  }
                ],
                "http2": false,
                "load_balancing_config": [
                  {
                    "locality_aware_routing_percent": 0,
                    "mode": "ROUND_ROBIN",
                    "panic_threshold": 50,
                    "strict_locality": false
                  }
                ],
                "name": "backend-1",
                "port": 80,
                "storage_bucket": "",
                "target_group_ids": [
                  "ds7h4uid7urf81darqdf"
                ],
                "tls": [],
                "weight": 1
              }
            ],
            "id": "ds7ade0tipnu328e4krf",
            "labels": {},
            "name": "alb-bg",
            "session_affinity": [],
            "stream_backend": [],
            "timeouts": null
          },
          "sensitive_attributes": [],
          "private": "eyJlMmJmYjczMC1lY2FhLTExZTYtOGY4OC0zNDM2M2JjN2M0YzAiOnsiY3JlYXRlIjozMDAwMDAwMDAwMDAsImRlbGV0ZSI6MzAwMDAwMDAwMDAwLCJ1cGRhdGUiOjMwMDAwMDAwMDAwMH19",
          "dependencies": [
            "yandex_compute_instance_group.alb-vm-group",
            "yandex_vpc_gateway.nat_gateway",
            "yandex_vpc_network.alb-network",
            "yandex_vpc_route_table.rt",
            "yandex_vpc_security_group.alb-sg",
            "yandex_vpc_security_group.alb-vm-sg",
            "yandex_vpc_security_group.bastion-sg",
            "yandex_vpc_security_group.zabbix-sg",
            "yandex_vpc_subnet.alb-subnet-b",
            "yandex_vpc_subnet.alb-subnet-d"
          ]
        }
      ]
    },
    {
      "mode": "managed",
      "type": "yandex_alb_http_router",
      "name": "alb-router",
      "provider": "provider[\"registry.terraform.io/yandex-cloud/yandex\"]",
      "instances": [
        {
          "schema_version": 0,
          "attributes": {
            "created_at": "2025-02-11T12:55:30Z",
            "description": "",
            "folder_id": "b1g0p7hjk9b1452669ri",
            "id": "ds7ctos7cvqokg7k0rdq",
            "labels": {},
            "name": "alb-router",
            "route_options": [],
            "timeouts": null
          },
          "sensitive_attributes": [],
          "private": "eyJlMmJmYjczMC1lY2FhLTExZTYtOGY4OC0zNDM2M2JjN2M0YzAiOnsiY3JlYXRlIjozMDAwMDAwMDAwMDAsImRlbGV0ZSI6MzAwMDAwMDAwMDAwLCJ1cGRhdGUiOjMwMDAwMDAwMDAwMH19"
        }
      ]
    },
    {
      "mode": "managed",
      "type": "yandex_alb_load_balancer",
      "name": "alb-1",
      "provider": "provider[\"registry.terraform.io/yandex-cloud/yandex\"]",
      "instances": [
        {
          "schema_version": 0,
          "attributes": {
            "allocation_policy": [
              {
                "location": [
                  {
                    "disable_traffic": false,
                    "subnet_id": "e2lnspd55nj8vhnrgf6b",
                    "zone_id": "ru-central1-b"
                  },
                  {
                    "disable_traffic": false,
                    "subnet_id": "e9btgifpeu96s5ke6kj9",
                    "zone_id": "ru-central1-a"
                  },
                  {
                    "disable_traffic": false,
                    "subnet_id": "fl86fg9nvm708150r5au",
                    "zone_id": "ru-central1-d"
                  }
                ]
              }
            ],
            "created_at": "2025-02-11T12:55:35Z",
            "description": "",
            "folder_id": "b1g0p7hjk9b1452669ri",
            "id": "ds7nvhka3nikqlggl01v",
            "labels": {},
            "listener": [
              {
                "endpoint": [
                  {
                    "address": [
                      {
                        "external_ipv4_address": [
                          {
                            "address": "51.250.32.175"
                          }
                        ],
                        "external_ipv6_address": [],
                        "internal_ipv4_address": []
                      }
                    ],
                    "ports": [
                      80
                    ]
                  }
                ],
                "http": [
                  {
                    "handler": [
                      {
                        "allow_http10": false,
                        "http2_options": [],
                        "http_router_id": "ds7ctos7cvqokg7k0rdq",
                        "rewrite_request_id": false
                      }
                    ],
                    "redirects": []
                  }
                ],
                "name": "alb-listener",
                "stream": [],
                "tls": []
              }
            ],
            "log_group_id": "",
            "log_options": [],
            "name": "alb-1",
            "network_id": "enpif1o9etjm87o3nbto",
            "region_id": "",
            "security_group_ids": [
              "enpf9gtqgns1uqtmc712"
            ],
            "status": "active",
            "timeouts": null
          },
          "sensitive_attributes": [],
          "private": "eyJlMmJmYjczMC1lY2FhLTExZTYtOGY4OC0zNDM2M2JjN2M0YzAiOnsiY3JlYXRlIjo2MDAwMDAwMDAwMDAsImRlbGV0ZSI6NjAwMDAwMDAwMDAwLCJ1cGRhdGUiOjYwMDAwMDAwMDAwMH19",
          "dependencies": [
            "yandex_alb_http_router.alb-router",
            "yandex_vpc_gateway.nat_gateway",
            "yandex_vpc_network.alb-network",
            "yandex_vpc_route_table.rt",
            "yandex_vpc_security_group.alb-sg",
            "yandex_vpc_subnet.alb-subnet-a",
            "yandex_vpc_subnet.alb-subnet-b",
            "yandex_vpc_subnet.alb-subnet-d"
          ]
        }
      ]
    },
    {
      "mode": "managed",
      "type": "yandex_alb_virtual_host",
      "name": "alb-host",
      "provider": "provider[\"registry.terraform.io/yandex-cloud/yandex\"]",
      "instances": [
        {
          "schema_version": 0,
          "attributes": {
            "authority": [],
            "http_router_id": "ds7ctos7cvqokg7k0rdq",
            "id": "ds7ctos7cvqokg7k0rdq/alb-host",
            "modify_request_headers": [],
            "modify_response_headers": [],
            "name": "alb-host",
            "rate_limit": [],
            "route": [
              {
                "grpc_route": [],
                "http_route": [
                  {
                    "direct_response_action": [],
                    "http_match": [],
                    "http_route_action": [
                      {
                        "auto_host_rewrite": false,
                        "backend_group_id": "ds7ade0tipnu328e4krf",
                        "host_rewrite": "",
                        "idle_timeout": "",
                        "prefix_rewrite": "",
                        "rate_limit": [],
                        "timeout": "",
                        "upgrade_types": []
                      }
                    ],
                    "redirect_action": []
                  }
                ],
                "name": "route-1",
                "route_options": []
              }
            ],
            "route_options": [],
            "timeouts": null
          },
          "sensitive_attributes": [],
          "private": "eyJlMmJmYjczMC1lY2FhLTExZTYtOGY4OC0zNDM2M2JjN2M0YzAiOnsiY3JlYXRlIjozMDAwMDAwMDAwMDAsImRlbGV0ZSI6MzAwMDAwMDAwMDAwLCJ1cGRhdGUiOjMwMDAwMDAwMDAwMH19",
          "dependencies": [
            "yandex_alb_backend_group.alb-bg",
            "yandex_alb_http_router.alb-router",
            "yandex_compute_instance_group.alb-vm-group",
            "yandex_vpc_gateway.nat_gateway",
            "yandex_vpc_network.alb-network",
            "yandex_vpc_route_table.rt",
            "yandex_vpc_security_group.alb-sg",
            "yandex_vpc_security_group.alb-vm-sg",
            "yandex_vpc_security_group.bastion-sg",
            "yandex_vpc_security_group.zabbix-sg",
            "yandex_vpc_subnet.alb-subnet-b",
            "yandex_vpc_subnet.alb-subnet-d"
          ]
        }
      ]
    },
    {
      "mode": "managed",
      "type": "yandex_compute_instance",
      "name": "bastion-host",
      "provider": "provider[\"registry.terraform.io/yandex-cloud/yandex\"]",
      "instances": [
        {
          "schema_version": 1,
          "attributes": {
            "allow_recreate": null,
            "allow_stopping_for_update": true,
            "boot_disk": [
              {
                "auto_delete": true,
                "device_name": "fhmi7s5sfi7fcaedp91a",
                "disk_id": "fhmi7s5sfi7fcaedp91a",
                "initialize_params": [
                  {
                    "block_size": 4096,
                    "description": "",
                    "image_id": "fd80db1e30l1di9umq8v",
                    "kms_key_id": "",
                    "name": "",
                    "size": 7,
                    "snapshot_id": "",
                    "type": "network-hdd"
                  }
                ],
                "mode": "READ_WRITE"
              }
            ],
            "created_at": "2025-02-11T13:02:56Z",
            "description": "",
            "filesystem": [],
            "folder_id": "b1g0p7hjk9b1452669ri",
            "fqdn": "bastion-host.ru-central1.internal",
            "gpu_cluster_id": "",
            "hardware_generation": [
              {
                "generation2_features": [],
                "legacy_features": [
                  {
                    "pci_topology": "PCI_TOPOLOGY_V1"
                  }
                ]
              }
            ],
            "hostname": "bastion-host",
            "id": "fhm5bpjhhc1rq5r9co2g",
            "labels": null,
            "local_disk": [],
            "maintenance_grace_period": "",
            "maintenance_policy": null,
            "metadata": {
              "ssh-keys": "yc-user:ssh-rsa AAAAB3NzaC1yc2EAAAADAQABAAABAQDKSUQ22GF6/ro5opbkl11cg6VViCrH4CnmSzDRzwTVWoxiNZzh/9bc5MJR8I6D8rI7pl0ltyPx5BQcPQvEYk/fHBvarxjAjxjg/zRh/S6dOq9lhnmAXkVxYOUGDPPI1G52DmaziPLU1hmt3cHu1GBm64p4Bu0pvl55GEk1pgNBLHVJlaKKPZAjiTTnGsOHfbxUKxr+CnBIitfDXRHAocMZ8c4OUKcpqw9dCdgcY8z65rwz/xoGg5rVg9feSSjVxYKFlTQOcC2fM+Ilalw97se7mKcy+C5G7H5dfy12efwYNw8Stb8uq1g0t8WLYS3VOseeVn4W2/h3L/LnRvtOCDLV user@debian\n",
              "user-data": "#cloud-config\ntimezone: Europe/Moscow\nrepo_update: true\nrepo_upgrade: true\n\nusers:\n  - name: yc-user\n    shell: /bin/bash\n    sudo: ALL=(ALL:ALL) NOPASSWD:ALL\n    ssh-authorized-keys:\n      - ssh-rsa AAAAB3NzaC1yc2EAAAADAQABAAABAQDKSUQ22GF6/ro5opbkl11cg6VViCrH4CnmSzDRzwTVWoxiNZzh/9bc5MJR8I6D8rI7pl0ltyPx5BQcPQvEYk/fHBvarxjAjxjg/zRh/S6dOq9lhnmAXkVxYOUGDPPI1G52DmaziPLU1hmt3cHu1GBm64p4Bu0pvl55GEk1pgNBLHVJlaKKPZAjiTTnGsOHfbxUKxr+CnBIitfDXRHAocMZ8c4OUKcpqw9dCdgcY8z65rwz/xoGg5rVg9feSSjVxYKFlTQOcC2fM+Ilalw97se7mKcy+C5G7H5dfy12efwYNw8Stb8uq1g0t8WLYS3VOseeVn4W2/h3L/LnRvtOCDLV user@debian\n"
            },
            "metadata_options": [
              {
                "aws_v1_http_endpoint": 1,
                "aws_v1_http_token": 2,
                "gce_http_endpoint": 1,
                "gce_http_token": 1
              }
            ],
            "name": "bastion-host",
            "network_acceleration_type": "standard",
            "network_interface": [
              {
                "dns_record": [],
                "index": 0,
                "ip_address": "172.16.10.15",
                "ipv4": true,
                "ipv6": false,
                "ipv6_address": "",
                "ipv6_dns_record": [],
                "mac_address": "d0:0d:55:e6:71:8b",
                "nat": true,
                "nat_dns_record": [],
                "nat_ip_address": "62.84.119.111",
                "nat_ip_version": "IPV4",
                "security_group_ids": [
                  "enpskmq1b32nu8lk4q3l"
                ],
                "subnet_id": "e9btgifpeu96s5ke6kj9"
              }
            ],
            "placement_policy": [
              {
                "host_affinity_rules": [],
                "placement_group_id": "",
                "placement_group_partition": 0
              }
            ],
            "platform_id": "standard-v3",
            "resources": [
              {
                "core_fraction": 20,
                "cores": 2,
                "gpus": 0,
                "memory": 2
              }
            ],
            "scheduling_policy": [
              {
                "preemptible": true
              }
            ],
            "secondary_disk": [],
            "service_account_id": "",
            "status": "running",
            "timeouts": null,
            "zone": "ru-central1-a"
          },
          "sensitive_attributes": [],
          "private": "eyJlMmJmYjczMC1lY2FhLTExZTYtOGY4OC0zNDM2M2JjN2M0YzAiOnsiY3JlYXRlIjozMDAwMDAwMDAwMDAsImRlbGV0ZSI6MzAwMDAwMDAwMDAwLCJ1cGRhdGUiOjMwMDAwMDAwMDAwMH0sInNjaGVtYV92ZXJzaW9uIjoiMSJ9",
          "dependencies": [
            "yandex_vpc_gateway.nat_gateway",
            "yandex_vpc_network.alb-network",
            "yandex_vpc_route_table.rt",
            "yandex_vpc_security_group.bastion-sg",
            "yandex_vpc_subnet.alb-subnet-a"
          ]
        }
      ]
    },
    {
      "mode": "managed",
      "type": "yandex_compute_instance",
      "name": "elasticsearch-server",
      "provider": "provider[\"registry.terraform.io/yandex-cloud/yandex\"]",
      "instances": [
        {
          "schema_version": 1,
          "attributes": {
            "allow_recreate": null,
            "allow_stopping_for_update": true,
            "boot_disk": [
              {
                "auto_delete": true,
                "device_name": "fhmuaursk7sihq9hsdi1",
                "disk_id": "fhmuaursk7sihq9hsdi1",
                "initialize_params": [
                  {
                    "block_size": 4096,
                    "description": "",
                    "image_id": "fd80db1e30l1di9umq8v",
                    "kms_key_id": "",
                    "name": "",
                    "size": 10,
                    "snapshot_id": "",
                    "type": "network-hdd"
                  }
                ],
                "mode": "READ_WRITE"
              }
            ],
            "created_at": "2025-02-11T12:55:46Z",
            "description": "",
            "filesystem": [],
            "folder_id": "b1g0p7hjk9b1452669ri",
            "fqdn": "elasticsearch-server.ru-central1.internal",
            "gpu_cluster_id": "",
            "hardware_generation": [
              {
                "generation2_features": [],
                "legacy_features": [
                  {
                    "pci_topology": "PCI_TOPOLOGY_V1"
                  }
                ]
              }
            ],
            "hostname": "elasticsearch-server",
            "id": "fhm8s0jl1n05ifcjojvq",
            "labels": {},
            "local_disk": [],
            "maintenance_grace_period": "",
            "maintenance_policy": null,
            "metadata": {
              "ssh-keys": "yc-user:ssh-rsa AAAAB3NzaC1yc2EAAAADAQABAAABAQDKSUQ22GF6/ro5opbkl11cg6VViCrH4CnmSzDRzwTVWoxiNZzh/9bc5MJR8I6D8rI7pl0ltyPx5BQcPQvEYk/fHBvarxjAjxjg/zRh/S6dOq9lhnmAXkVxYOUGDPPI1G52DmaziPLU1hmt3cHu1GBm64p4Bu0pvl55GEk1pgNBLHVJlaKKPZAjiTTnGsOHfbxUKxr+CnBIitfDXRHAocMZ8c4OUKcpqw9dCdgcY8z65rwz/xoGg5rVg9feSSjVxYKFlTQOcC2fM+Ilalw97se7mKcy+C5G7H5dfy12efwYNw8Stb8uq1g0t8WLYS3VOseeVn4W2/h3L/LnRvtOCDLV user@debian\n",
              "user-data": "#cloud-config\ntimezone: Europe/Moscow\nrepo_update: true\nrepo_upgrade: true\n\nusers:\n  - name: yc-user\n    shell: /bin/bash\n    sudo: ALL=(ALL:ALL) NOPASSWD:ALL\n    ssh-authorized-keys:\n      - ssh-rsa AAAAB3NzaC1yc2EAAAADAQABAAABAQDKSUQ22GF6/ro5opbkl11cg6VViCrH4CnmSzDRzwTVWoxiNZzh/9bc5MJR8I6D8rI7pl0ltyPx5BQcPQvEYk/fHBvarxjAjxjg/zRh/S6dOq9lhnmAXkVxYOUGDPPI1G52DmaziPLU1hmt3cHu1GBm64p4Bu0pvl55GEk1pgNBLHVJlaKKPZAjiTTnGsOHfbxUKxr+CnBIitfDXRHAocMZ8c4OUKcpqw9dCdgcY8z65rwz/xoGg5rVg9feSSjVxYKFlTQOcC2fM+Ilalw97se7mKcy+C5G7H5dfy12efwYNw8Stb8uq1g0t8WLYS3VOseeVn4W2/h3L/LnRvtOCDLV user@debian\n"
            },
            "metadata_options": [
              {
                "aws_v1_http_endpoint": 1,
                "aws_v1_http_token": 2,
                "gce_http_endpoint": 1,
                "gce_http_token": 1
              }
            ],
            "name": "elasticsearch-server",
            "network_acceleration_type": "standard",
            "network_interface": [
              {
                "dns_record": [],
                "index": 0,
                "ip_address": "172.16.10.10",
                "ipv4": true,
                "ipv6": false,
                "ipv6_address": "",
                "ipv6_dns_record": [],
                "mac_address": "d0:0d:8e:02:75:0d",
                "nat": false,
                "nat_dns_record": [],
                "nat_ip_address": "",
                "nat_ip_version": "",
                "security_group_ids": [
                  "enpiuut5gv9eid28svun"
                ],
                "subnet_id": "e9btgifpeu96s5ke6kj9"
              }
            ],
            "placement_policy": [
              {
                "host_affinity_rules": [],
                "placement_group_id": "",
                "placement_group_partition": 0
              }
            ],
            "platform_id": "standard-v3",
            "resources": [
              {
                "core_fraction": 20,
                "cores": 2,
                "gpus": 0,
                "memory": 2
              }
            ],
            "scheduling_policy": [
              {
                "preemptible": true
              }
            ],
            "secondary_disk": [],
            "service_account_id": "",
            "status": "running",
            "timeouts": null,
            "zone": "ru-central1-a"
          },
          "sensitive_attributes": [],
          "private": "eyJlMmJmYjczMC1lY2FhLTExZTYtOGY4OC0zNDM2M2JjN2M0YzAiOnsiY3JlYXRlIjozMDAwMDAwMDAwMDAsImRlbGV0ZSI6MzAwMDAwMDAwMDAwLCJ1cGRhdGUiOjMwMDAwMDAwMDAwMH0sInNjaGVtYV92ZXJzaW9uIjoiMSJ9",
          "dependencies": [
            "yandex_vpc_gateway.nat_gateway",
            "yandex_vpc_network.alb-network",
            "yandex_vpc_route_table.rt",
            "yandex_vpc_security_group.alb-sg",
            "yandex_vpc_security_group.alb-vm-sg",
            "yandex_vpc_security_group.bastion-sg",
            "yandex_vpc_security_group.elasticsearch-sg",
            "yandex_vpc_security_group.kibana-sg",
            "yandex_vpc_security_group.zabbix-sg",
            "yandex_vpc_subnet.alb-subnet-a"
          ]
        }
      ]
    },
    {
      "mode": "managed",
      "type": "yandex_compute_instance",
      "name": "kibana-server",
      "provider": "provider[\"registry.terraform.io/yandex-cloud/yandex\"]",
      "instances": [
        {
          "schema_version": 1,
          "attributes": {
            "allow_recreate": null,
            "allow_stopping_for_update": true,
            "boot_disk": [
              {
                "auto_delete": true,
                "device_name": "fhmk5206e3drkbhr2aro",
                "disk_id": "fhmk5206e3drkbhr2aro",
                "initialize_params": [
                  {
                    "block_size": 4096,
                    "description": "",
                    "image_id": "fd80db1e30l1di9umq8v",
                    "kms_key_id": "",
                    "name": "",
                    "size": 10,
                    "snapshot_id": "",
                    "type": "network-hdd"
                  }
                ],
                "mode": "READ_WRITE"
              }
            ],
            "created_at": "2025-02-11T12:55:44Z",
            "description": "",
            "filesystem": [],
            "folder_id": "b1g0p7hjk9b1452669ri",
            "fqdn": "kibana-server.ru-central1.internal",
            "gpu_cluster_id": "",
            "hardware_generation": [
              {
                "generation2_features": [],
                "legacy_features": [
                  {
                    "pci_topology": "PCI_TOPOLOGY_V1"
                  }
                ]
              }
            ],
            "hostname": "kibana-server",
            "id": "fhme90o52h628eahbqtc",
            "labels": {},
            "local_disk": [],
            "maintenance_grace_period": "",
            "maintenance_policy": null,
            "metadata": {
              "ssh-keys": "yc-user:ssh-rsa AAAAB3NzaC1yc2EAAAADAQABAAABAQDKSUQ22GF6/ro5opbkl11cg6VViCrH4CnmSzDRzwTVWoxiNZzh/9bc5MJR8I6D8rI7pl0ltyPx5BQcPQvEYk/fHBvarxjAjxjg/zRh/S6dOq9lhnmAXkVxYOUGDPPI1G52DmaziPLU1hmt3cHu1GBm64p4Bu0pvl55GEk1pgNBLHVJlaKKPZAjiTTnGsOHfbxUKxr+CnBIitfDXRHAocMZ8c4OUKcpqw9dCdgcY8z65rwz/xoGg5rVg9feSSjVxYKFlTQOcC2fM+Ilalw97se7mKcy+C5G7H5dfy12efwYNw8Stb8uq1g0t8WLYS3VOseeVn4W2/h3L/LnRvtOCDLV user@debian\n",
              "user-data": "#cloud-config\ntimezone: Europe/Moscow\nrepo_update: true\nrepo_upgrade: true\n\nusers:\n  - name: yc-user\n    shell: /bin/bash\n    sudo: ALL=(ALL:ALL) NOPASSWD:ALL\n    ssh-authorized-keys:\n      - ssh-rsa AAAAB3NzaC1yc2EAAAADAQABAAABAQDKSUQ22GF6/ro5opbkl11cg6VViCrH4CnmSzDRzwTVWoxiNZzh/9bc5MJR8I6D8rI7pl0ltyPx5BQcPQvEYk/fHBvarxjAjxjg/zRh/S6dOq9lhnmAXkVxYOUGDPPI1G52DmaziPLU1hmt3cHu1GBm64p4Bu0pvl55GEk1pgNBLHVJlaKKPZAjiTTnGsOHfbxUKxr+CnBIitfDXRHAocMZ8c4OUKcpqw9dCdgcY8z65rwz/xoGg5rVg9feSSjVxYKFlTQOcC2fM+Ilalw97se7mKcy+C5G7H5dfy12efwYNw8Stb8uq1g0t8WLYS3VOseeVn4W2/h3L/LnRvtOCDLV user@debian\n"
            },
            "metadata_options": [
              {
                "aws_v1_http_endpoint": 1,
                "aws_v1_http_token": 2,
                "gce_http_endpoint": 1,
                "gce_http_token": 1
              }
            ],
            "name": "kibana-server",
            "network_acceleration_type": "standard",
            "network_interface": [
              {
                "dns_record": [],
                "index": 0,
                "ip_address": "172.16.10.19",
                "ipv4": true,
                "ipv6": false,
                "ipv6_address": "",
                "ipv6_dns_record": [],
                "mac_address": "d0:0d:e4:83:05:14",
                "nat": true,
                "nat_dns_record": [],
                "nat_ip_address": "89.169.145.216",
                "nat_ip_version": "IPV4",
                "security_group_ids": [
                  "enp0vgtgtadbfbtltgab"
                ],
                "subnet_id": "e9btgifpeu96s5ke6kj9"
              }
            ],
            "placement_policy": [
              {
                "host_affinity_rules": [],
                "placement_group_id": "",
                "placement_group_partition": 0
              }
            ],
            "platform_id": "standard-v3",
            "resources": [
              {
                "core_fraction": 20,
                "cores": 2,
                "gpus": 0,
                "memory": 2
              }
            ],
            "scheduling_policy": [
              {
                "preemptible": true
              }
            ],
            "secondary_disk": [],
            "service_account_id": "",
            "status": "running",
            "timeouts": null,
            "zone": "ru-central1-a"
          },
          "sensitive_attributes": [],
          "private": "eyJlMmJmYjczMC1lY2FhLTExZTYtOGY4OC0zNDM2M2JjN2M0YzAiOnsiY3JlYXRlIjozMDAwMDAwMDAwMDAsImRlbGV0ZSI6MzAwMDAwMDAwMDAwLCJ1cGRhdGUiOjMwMDAwMDAwMDAwMH0sInNjaGVtYV92ZXJzaW9uIjoiMSJ9",
          "dependencies": [
            "yandex_vpc_gateway.nat_gateway",
            "yandex_vpc_network.alb-network",
            "yandex_vpc_route_table.rt",
            "yandex_vpc_security_group.alb-sg",
            "yandex_vpc_security_group.alb-vm-sg",
            "yandex_vpc_security_group.bastion-sg",
            "yandex_vpc_security_group.kibana-sg",
            "yandex_vpc_security_group.zabbix-sg",
            "yandex_vpc_subnet.alb-subnet-a"
          ]
        }
      ]
    },
    {
      "mode": "managed",
      "type": "yandex_compute_instance",
      "name": "zabbix-server",
      "provider": "provider[\"registry.terraform.io/yandex-cloud/yandex\"]",
      "instances": [
        {
          "schema_version": 1,
          "attributes": {
            "allow_recreate": null,
            "allow_stopping_for_update": true,
            "boot_disk": [
              {
                "auto_delete": true,
                "device_name": "fhmrcsre4m1su6k9edoi",
                "disk_id": "fhmrcsre4m1su6k9edoi",
                "initialize_params": [
                  {
                    "block_size": 4096,
                    "description": "",
                    "image_id": "fd80db1e30l1di9umq8v",
                    "kms_key_id": "",
                    "name": "",
                    "size": 7,
                    "snapshot_id": "",
                    "type": "network-hdd"
                  }
                ],
                "mode": "READ_WRITE"
              }
            ],
            "created_at": "2025-02-11T12:55:40Z",
            "description": "",
            "filesystem": [],
            "folder_id": "b1g0p7hjk9b1452669ri",
            "fqdn": "zabbix-server.ru-central1.internal",
            "gpu_cluster_id": "",
            "hardware_generation": [
              {
                "generation2_features": [],
                "legacy_features": [
                  {
                    "pci_topology": "PCI_TOPOLOGY_V1"
                  }
                ]
              }
            ],
            "hostname": "zabbix-server",
            "id": "fhmrbbe1kcb3p4pbgqje",
            "labels": {},
            "local_disk": [],
            "maintenance_grace_period": "",
            "maintenance_policy": null,
            "metadata": {
              "ssh-keys": "yc-user:ssh-rsa AAAAB3NzaC1yc2EAAAADAQABAAABAQDKSUQ22GF6/ro5opbkl11cg6VViCrH4CnmSzDRzwTVWoxiNZzh/9bc5MJR8I6D8rI7pl0ltyPx5BQcPQvEYk/fHBvarxjAjxjg/zRh/S6dOq9lhnmAXkVxYOUGDPPI1G52DmaziPLU1hmt3cHu1GBm64p4Bu0pvl55GEk1pgNBLHVJlaKKPZAjiTTnGsOHfbxUKxr+CnBIitfDXRHAocMZ8c4OUKcpqw9dCdgcY8z65rwz/xoGg5rVg9feSSjVxYKFlTQOcC2fM+Ilalw97se7mKcy+C5G7H5dfy12efwYNw8Stb8uq1g0t8WLYS3VOseeVn4W2/h3L/LnRvtOCDLV user@debian\n",
              "user-data": "#cloud-config\ntimezone: Europe/Moscow\nrepo_update: true\nrepo_upgrade: true\n\nusers:\n  - name: yc-user\n    shell: /bin/bash\n    sudo: ALL=(ALL:ALL) NOPASSWD:ALL\n    ssh-authorized-keys:\n      - ssh-rsa AAAAB3NzaC1yc2EAAAADAQABAAABAQDKSUQ22GF6/ro5opbkl11cg6VViCrH4CnmSzDRzwTVWoxiNZzh/9bc5MJR8I6D8rI7pl0ltyPx5BQcPQvEYk/fHBvarxjAjxjg/zRh/S6dOq9lhnmAXkVxYOUGDPPI1G52DmaziPLU1hmt3cHu1GBm64p4Bu0pvl55GEk1pgNBLHVJlaKKPZAjiTTnGsOHfbxUKxr+CnBIitfDXRHAocMZ8c4OUKcpqw9dCdgcY8z65rwz/xoGg5rVg9feSSjVxYKFlTQOcC2fM+Ilalw97se7mKcy+C5G7H5dfy12efwYNw8Stb8uq1g0t8WLYS3VOseeVn4W2/h3L/LnRvtOCDLV user@debian\n"
            },
            "metadata_options": [
              {
                "aws_v1_http_endpoint": 1,
                "aws_v1_http_token": 2,
                "gce_http_endpoint": 1,
                "gce_http_token": 1
              }
            ],
            "name": "zabbix-server",
            "network_acceleration_type": "standard",
            "network_interface": [
              {
                "dns_record": [],
                "index": 0,
                "ip_address": "172.16.10.14",
                "ipv4": true,
                "ipv6": false,
                "ipv6_address": "",
                "ipv6_dns_record": [],
                "mac_address": "d0:0d:1b:5a:dc:1a",
                "nat": true,
                "nat_dns_record": [],
                "nat_ip_address": "89.169.133.219",
                "nat_ip_version": "IPV4",
                "security_group_ids": [
                  "enpl4sco81qkr4j9h1uv"
                ],
                "subnet_id": "e9btgifpeu96s5ke6kj9"
              }
            ],
            "placement_policy": [
              {
                "host_affinity_rules": [],
                "placement_group_id": "",
                "placement_group_partition": 0
              }
            ],
            "platform_id": "standard-v3",
            "resources": [
              {
                "core_fraction": 20,
                "cores": 2,
                "gpus": 0,
                "memory": 2
              }
            ],
            "scheduling_policy": [
              {
                "preemptible": true
              }
            ],
            "secondary_disk": [],
            "service_account_id": "",
            "status": "running",
            "timeouts": null,
            "zone": "ru-central1-a"
          },
          "sensitive_attributes": [],
          "private": "eyJlMmJmYjczMC1lY2FhLTExZTYtOGY4OC0zNDM2M2JjN2M0YzAiOnsiY3JlYXRlIjozMDAwMDAwMDAwMDAsImRlbGV0ZSI6MzAwMDAwMDAwMDAwLCJ1cGRhdGUiOjMwMDAwMDAwMDAwMH0sInNjaGVtYV92ZXJzaW9uIjoiMSJ9",
          "dependencies": [
            "yandex_vpc_gateway.nat_gateway",
            "yandex_vpc_network.alb-network",
            "yandex_vpc_route_table.rt",
            "yandex_vpc_security_group.bastion-sg",
            "yandex_vpc_security_group.zabbix-sg",
            "yandex_vpc_subnet.alb-subnet-a"
          ]
        }
      ]
    },
    {
      "mode": "managed",
      "type": "yandex_compute_instance_group",
      "name": "alb-vm-group",
      "provider": "provider[\"registry.terraform.io/yandex-cloud/yandex\"]",
      "instances": [
        {
          "schema_version": 0,
          "attributes": {
            "allocation_policy": [
              {
                "instance_tags_pool": [],
                "zones": [
                  "ru-central1-b",
                  "ru-central1-d"
                ]
              }
            ],
            "application_load_balancer": [
              {
                "ignore_health_checks": false,
                "max_opening_traffic_duration": 0,
                "status_message": "",
                "target_group_description": "",
                "target_group_id": "ds7h4uid7urf81darqdf",
                "target_group_labels": {},
                "target_group_name": "alb-tg"
              }
            ],
            "created_at": "2025-02-11T12:55:41Z",
            "deletion_protection": false,
            "deploy_policy": [
              {
                "max_creating": 2,
                "max_deleting": 2,
                "max_expansion": 0,
                "max_unavailable": 1,
                "startup_duration": 0,
                "strategy": "proactive"
              }
            ],
            "description": "",
            "folder_id": "b1g0p7hjk9b1452669ri",
            "health_check": [],
            "id": "cl1k9s62baslc35aoecg",
            "instance_template": [
              {
                "boot_disk": [
                  {
                    "device_name": "",
                    "disk_id": "",
                    "initialize_params": [
                      {
                        "description": "",
                        "image_id": "fd80db1e30l1di9umq8v",
                        "size": 7,
                        "snapshot_id": "",
                        "type": "network-hdd"
                      }
                    ],
                    "mode": "READ_WRITE",
                    "name": ""
                  }
                ],
                "description": "",
                "filesystem": [],
                "hostname": "web-vm-{instance.index}",
                "labels": {},
                "metadata": {
                  "ssh-keys": "yc-user:ssh-rsa AAAAB3NzaC1yc2EAAAADAQABAAABAQDKSUQ22GF6/ro5opbkl11cg6VViCrH4CnmSzDRzwTVWoxiNZzh/9bc5MJR8I6D8rI7pl0ltyPx5BQcPQvEYk/fHBvarxjAjxjg/zRh/S6dOq9lhnmAXkVxYOUGDPPI1G52DmaziPLU1hmt3cHu1GBm64p4Bu0pvl55GEk1pgNBLHVJlaKKPZAjiTTnGsOHfbxUKxr+CnBIitfDXRHAocMZ8c4OUKcpqw9dCdgcY8z65rwz/xoGg5rVg9feSSjVxYKFlTQOcC2fM+Ilalw97se7mKcy+C5G7H5dfy12efwYNw8Stb8uq1g0t8WLYS3VOseeVn4W2/h3L/LnRvtOCDLV user@debian\n",
                  "user-data": "#cloud-config\ntimezone: Europe/Moscow\nrepo_update: true\nrepo_upgrade: true\n\nusers:\n  - name: yc-user\n    shell: /bin/bash\n    sudo: ALL=(ALL:ALL) NOPASSWD:ALL\n    ssh-authorized-keys:\n      - ssh-rsa AAAAB3NzaC1yc2EAAAADAQABAAABAQDKSUQ22GF6/ro5opbkl11cg6VViCrH4CnmSzDRzwTVWoxiNZzh/9bc5MJR8I6D8rI7pl0ltyPx5BQcPQvEYk/fHBvarxjAjxjg/zRh/S6dOq9lhnmAXkVxYOUGDPPI1G52DmaziPLU1hmt3cHu1GBm64p4Bu0pvl55GEk1pgNBLHVJlaKKPZAjiTTnGsOHfbxUKxr+CnBIitfDXRHAocMZ8c4OUKcpqw9dCdgcY8z65rwz/xoGg5rVg9feSSjVxYKFlTQOcC2fM+Ilalw97se7mKcy+C5G7H5dfy12efwYNw8Stb8uq1g0t8WLYS3VOseeVn4W2/h3L/LnRvtOCDLV user@debian\n\nwrite_files:\n  - path: \"/usr/local/etc/startup_nginx.sh\"\n    permissions: \"755\"\n    content: |\n      #!/bin/bash\n\n      sudo apt-get update\n      sudo apt-get install -y nginx\n      sudo service nginx start\n    defer: true\n\nruncmd:\n  - [\"/usr/local/etc/startup_nginx.sh\"]\n  - [ systemctl, nginx-reload ]\n  - [ systemctl, enable, nginx.service ]\n  - [ systemctl, start, --no-block, nginx.service ]\n  - [ sh, -c, \"echo $(hostname | cut -d '.' -f 1 ) \u003e /var/www/html/index.html\" ]\n"
                },
                "metadata_options": [
                  {
                    "aws_v1_http_endpoint": 0,
                    "aws_v1_http_token": 0,
                    "gce_http_endpoint": 0,
                    "gce_http_token": 0
                  }
                ],
                "name": "web-vm-{instance.index}",
                "network_interface": [
                  {
                    "dns_record": [],
                    "ip_address": "",
                    "ipv4": true,
                    "ipv6": false,
                    "ipv6_address": "",
                    "ipv6_dns_record": [],
                    "nat": false,
                    "nat_dns_record": [],
                    "nat_ip_address": "",
                    "network_id": "enpif1o9etjm87o3nbto",
                    "security_group_ids": [
                      "enp3bobmdbrrmtbqdbkf"
                    ],
                    "subnet_ids": [
                      "e2lnspd55nj8vhnrgf6b",
                      "fl86fg9nvm708150r5au"
                    ]
                  }
                ],
                "network_settings": [],
                "placement_policy": [],
                "platform_id": "standard-v3",
                "resources": [
                  {
                    "core_fraction": 20,
                    "cores": 2,
                    "gpus": 0,
                    "memory": 2
                  }
                ],
                "scheduling_policy": [
                  {
                    "preemptible": true
                  }
                ],
                "secondary_disk": [],
                "service_account_id": ""
              }
            ],
            "instances": [
              {
                "fqdn": "web-vm-1.ru-central1.internal",
                "instance_id": "epdkqsf2mond60h4pcbu",
                "instance_tag": "",
                "name": "web-vm-1",
                "network_interface": [
                  {
                    "index": 0,
                    "ip_address": "172.16.20.16",
                    "ipv4": true,
                    "ipv6": false,
                    "ipv6_address": "",
                    "mac_address": "d0:0d:14:d7:1e:2b",
                    "nat": false,
                    "nat_ip_address": "",
                    "nat_ip_version": "",
                    "subnet_id": "e2lnspd55nj8vhnrgf6b"
                  }
                ],
                "status": "RUNNING_ACTUAL",
                "status_changed_at": "2025-02-11T12:56:31Z",
                "status_message": "",
                "zone_id": "ru-central1-b"
              },
              {
                "fqdn": "web-vm-2.ru-central1.internal",
                "instance_id": "fv4t2k7noqeua28bgcmq",
                "instance_tag": "",
                "name": "web-vm-2",
                "network_interface": [
                  {
                    "index": 0,
                    "ip_address": "172.16.30.22",
                    "ipv4": true,
                    "ipv6": false,
                    "ipv6_address": "",
                    "mac_address": "d0:0d:1d:15:0f:7c",
                    "nat": false,
                    "nat_ip_address": "",
                    "nat_ip_version": "",
                    "subnet_id": "fl86fg9nvm708150r5au"
                  }
                ],
                "status": "RUNNING_ACTUAL",
                "status_changed_at": "2025-02-11T12:56:45Z",
                "status_message": "",
                "zone_id": "ru-central1-d"
              }
            ],
            "labels": {},
            "load_balancer": [],
            "max_checking_health_duration": null,
            "name": "alb-vm-group",
            "scale_policy": [
              {
                "auto_scale": [],
                "fixed_scale": [
                  {
                    "size": 2
                  }
                ],
                "test_auto_scale": []
              }
            ],
            "service_account_id": "aje99pl9vi4hs1mbe8ak",
            "status": "ACTIVE",
            "timeouts": null,
            "variables": {}
          },
          "sensitive_attributes": [],
          "private": "eyJlMmJmYjczMC1lY2FhLTExZTYtOGY4OC0zNDM2M2JjN2M0YzAiOnsiY3JlYXRlIjoxODAwMDAwMDAwMDAwLCJkZWxldGUiOjE4MDAwMDAwMDAwMDAsInVwZGF0ZSI6MTgwMDAwMDAwMDAwMH19",
          "dependencies": [
            "yandex_vpc_gateway.nat_gateway",
            "yandex_vpc_network.alb-network",
            "yandex_vpc_route_table.rt",
            "yandex_vpc_security_group.alb-sg",
            "yandex_vpc_security_group.alb-vm-sg",
            "yandex_vpc_security_group.bastion-sg",
            "yandex_vpc_security_group.zabbix-sg",
            "yandex_vpc_subnet.alb-subnet-b",
            "yandex_vpc_subnet.alb-subnet-d"
          ]
        }
      ]
    },
    {
      "mode": "managed",
      "type": "yandex_compute_snapshot_schedule",
      "name": "alb-group-snapshots-schedule",
      "provider": "provider[\"registry.terraform.io/yandex-cloud/yandex\"]",
      "instances": [
        {
          "schema_version": 0,
          "attributes": {
            "created_at": "2025-02-11T13:04:14Z",
            "description": "",
            "disk_ids": [
              "epdme7j47v7r1ktm4pcr",
              "fhmi7s5sfi7fcaedp91a",
              "fhmk5206e3drkbhr2aro",
              "fhmrcsre4m1su6k9edoi",
              "fhmuaursk7sihq9hsdi1",
              "fv4k6e26dmoc01qqujs9"
            ],
            "folder_id": "b1g0p7hjk9b1452669ri",
            "id": "fd8kn8sbrd9ckii7b79g",
            "labels": {
              "my-label": "alb-group-snapshots-schedule"
            },
            "name": "alb-group-snapshots-schedule",
            "retention_period": "168h0m0s",
            "schedule_policy": [
              {
                "expression": "30 1 ? * *",
                "start_at": "1970-01-01T00:00:00Z"
              }
            ],
            "snapshot_count": 0,
            "snapshot_spec": [
              {
                "description": "alb-group-snapshots",
                "labels": {
                  "snapshot-label": "alb-group-snapshots"
                }
              }
            ],
            "status": "active",
            "timeouts": null
          },
          "sensitive_attributes": [],
          "private": "eyJlMmJmYjczMC1lY2FhLTExZTYtOGY4OC0zNDM2M2JjN2M0YzAiOnsiY3JlYXRlIjozMDAwMDAwMDAwMDAsImRlbGV0ZSI6MzAwMDAwMDAwMDAwLCJ1cGRhdGUiOjMwMDAwMDAwMDAwMH19",
          "dependencies": [
            "data.yandex_compute_instance.web-vm-instances",
            "data.yandex_compute_instance_group.alb_vm_group_curr",
            "yandex_compute_instance.bastion-host",
            "yandex_compute_instance.elasticsearch-server",
            "yandex_compute_instance.kibana-server",
            "yandex_compute_instance.zabbix-server",
            "yandex_compute_instance_group.alb-vm-group",
            "yandex_vpc_gateway.nat_gateway",
            "yandex_vpc_network.alb-network",
            "yandex_vpc_route_table.rt",
            "yandex_vpc_security_group.alb-sg",
            "yandex_vpc_security_group.alb-vm-sg",
            "yandex_vpc_security_group.bastion-sg",
            "yandex_vpc_security_group.elasticsearch-sg",
            "yandex_vpc_security_group.kibana-sg",
            "yandex_vpc_security_group.zabbix-sg",
            "yandex_vpc_subnet.alb-subnet-a",
            "yandex_vpc_subnet.alb-subnet-b",
            "yandex_vpc_subnet.alb-subnet-d"
          ]
        }
      ]
    },
    {
      "mode": "managed",
      "type": "yandex_vpc_gateway",
      "name": "nat_gateway",
      "provider": "provider[\"registry.terraform.io/yandex-cloud/yandex\"]",
      "instances": [
        {
          "schema_version": 0,
          "attributes": {
            "created_at": "2025-02-11T12:55:30Z",
            "description": "",
            "folder_id": "b1g0p7hjk9b1452669ri",
            "id": "enpkq1feto5qeajpchea",
            "labels": {},
            "name": "internet-gateway",
            "shared_egress_gateway": [
              {}
            ],
            "timeouts": null
          },
          "sensitive_attributes": [],
          "private": "eyJlMmJmYjczMC1lY2FhLTExZTYtOGY4OC0zNDM2M2JjN2M0YzAiOnsiY3JlYXRlIjo2MDAwMDAwMDAwMCwiZGVsZXRlIjo2MDAwMDAwMDAwMCwidXBkYXRlIjo2MDAwMDAwMDAwMH19"
        }
      ]
    },
    {
      "mode": "managed",
      "type": "yandex_vpc_network",
      "name": "alb-network",
      "provider": "provider[\"registry.terraform.io/yandex-cloud/yandex\"]",
      "instances": [
        {
          "schema_version": 0,
          "attributes": {
            "created_at": "2025-02-11T12:55:30Z",
            "default_security_group_id": "enp5knhtkgtpddklt8lh",
            "description": "",
            "folder_id": "b1g0p7hjk9b1452669ri",
            "id": "enpif1o9etjm87o3nbto",
            "labels": {},
            "name": "alb-network",
            "subnet_ids": [
              "e2lnspd55nj8vhnrgf6b",
              "e9btgifpeu96s5ke6kj9",
              "fl86fg9nvm708150r5au"
            ],
            "timeouts": null
          },
          "sensitive_attributes": [],
          "private": "eyJlMmJmYjczMC1lY2FhLTExZTYtOGY4OC0zNDM2M2JjN2M0YzAiOnsiY3JlYXRlIjo2MDAwMDAwMDAwMCwiZGVsZXRlIjo2MDAwMDAwMDAwMCwidXBkYXRlIjo2MDAwMDAwMDAwMH19"
        }
      ]
    },
    {
      "mode": "managed",
      "type": "yandex_vpc_route_table",
      "name": "rt",
      "provider": "provider[\"registry.terraform.io/yandex-cloud/yandex\"]",
      "instances": [
        {
          "schema_version": 0,
          "attributes": {
            "created_at": "2025-02-11T12:55:32Z",
            "description": "",
            "folder_id": "b1g0p7hjk9b1452669ri",
            "id": "enpmrl2hf1nlql9oivuq",
            "labels": {},
            "name": "route-table",
            "network_id": "enpif1o9etjm87o3nbto",
            "static_route": [
              {
                "destination_prefix": "0.0.0.0/0",
                "gateway_id": "enpkq1feto5qeajpchea",
                "next_hop_address": ""
              }
            ],
            "timeouts": null
          },
          "sensitive_attributes": [],
          "private": "eyJlMmJmYjczMC1lY2FhLTExZTYtOGY4OC0zNDM2M2JjN2M0YzAiOnsiY3JlYXRlIjoxODAwMDAwMDAwMDAsImRlbGV0ZSI6MTgwMDAwMDAwMDAwLCJ1cGRhdGUiOjE4MDAwMDAwMDAwMH19",
          "dependencies": [
            "yandex_vpc_gateway.nat_gateway",
            "yandex_vpc_network.alb-network"
          ]
        }
      ]
    },
    {
      "mode": "managed",
      "type": "yandex_vpc_security_group",
      "name": "alb-sg",
      "provider": "provider[\"registry.terraform.io/yandex-cloud/yandex\"]",
      "instances": [
        {
          "schema_version": 0,
          "attributes": {
            "created_at": "2025-02-11T12:55:34Z",
            "description": "ALB security group for ALB",
            "egress": [
              {
                "description": "ANY egress rule description",
                "from_port": 0,
                "id": "enphirkad006pd05nhei",
                "labels": {},
                "port": -1,
                "predefined_target": "",
                "protocol": "ANY",
                "security_group_id": "",
                "to_port": 65535,
                "v4_cidr_blocks": [
                  "0.0.0.0/0"
                ],
                "v6_cidr_blocks": []
              }
            ],
            "folder_id": "b1g0p7hjk9b1452669ri",
            "id": "enpf9gtqgns1uqtmc712",
            "ingress": [
              {
                "description": "ext-http",
                "from_port": -1,
                "id": "enpv5l4c27ih0bg3pki4",
                "labels": {},
                "port": 80,
                "predefined_target": "",
                "protocol": "TCP",
                "security_group_id": "",
                "to_port": -1,
                "v4_cidr_blocks": [
                  "0.0.0.0/0"
                ],
                "v6_cidr_blocks": []
              },
              {
                "description": "ext-https",
                "from_port": -1,
                "id": "enp81hirpad1rua8n24f",
                "labels": {},
                "port": 443,
                "predefined_target": "",
                "protocol": "TCP",
                "security_group_id": "",
                "to_port": -1,
                "v4_cidr_blocks": [
                  "0.0.0.0/0"
                ],
                "v6_cidr_blocks": []
              },
              {
                "description": "healthchecks",
                "from_port": -1,
                "id": "enpr7vn75844k8cgsh4g",
                "labels": {},
                "port": 30080,
                "predefined_target": "loadbalancer_healthchecks",
                "protocol": "TCP",
                "security_group_id": "",
                "to_port": -1,
                "v4_cidr_blocks": [],
                "v6_cidr_blocks": []
              }
            ],
            "labels": {
              "alb-sg-label": "alb-sg-label"
            },
            "name": "alb-sg",
            "network_id": "enpif1o9etjm87o3nbto",
            "status": "ACTIVE",
            "timeouts": null
          },
          "sensitive_attributes": [],
          "private": "eyJlMmJmYjczMC1lY2FhLTExZTYtOGY4OC0zNDM2M2JjN2M0YzAiOnsiY3JlYXRlIjoxODAwMDAwMDAwMDAsImRlbGV0ZSI6MTgwMDAwMDAwMDAwLCJ1cGRhdGUiOjE4MDAwMDAwMDAwMH19",
          "dependencies": [
            "yandex_vpc_network.alb-network"
          ]
        }
      ]
    },
    {
      "mode": "managed",
      "type": "yandex_vpc_security_group",
      "name": "alb-vm-sg",
      "provider": "provider[\"registry.terraform.io/yandex-cloud/yandex\"]",
      "instances": [
        {
          "schema_version": 0,
          "attributes": {
            "created_at": "2025-02-11T12:55:41Z",
            "description": "ALB security group for web-servers",
            "egress": [
              {
                "description": "ANY egress rule description",
                "from_port": 0,
                "id": "enp3hucr2briig7sv3up",
                "labels": {},
                "port": -1,
                "predefined_target": "",
                "protocol": "ANY",
                "security_group_id": "",
                "to_port": 65535,
                "v4_cidr_blocks": [
                  "0.0.0.0/0"
                ],
                "v6_cidr_blocks": []
              }
            ],
            "folder_id": "b1g0p7hjk9b1452669ri",
            "id": "enp3bobmdbrrmtbqdbkf",
            "ingress": [
              {
                "description": "balancer",
                "from_port": -1,
                "id": "enp9g8flvfkf1ebl5p2a",
                "labels": {},
                "port": 80,
                "predefined_target": "",
                "protocol": "TCP",
                "security_group_id": "enpf9gtqgns1uqtmc712",
                "to_port": -1,
                "v4_cidr_blocks": [],
                "v6_cidr_blocks": []
              },
              {
                "description": "bastion",
                "from_port": -1,
                "id": "enppfn103iisuj9kmq66",
                "labels": {},
                "port": 22,
                "predefined_target": "",
                "protocol": "TCP",
                "security_group_id": "enpskmq1b32nu8lk4q3l",
                "to_port": -1,
                "v4_cidr_blocks": [],
                "v6_cidr_blocks": []
              },
              {
                "description": "zabbix-server",
                "from_port": 0,
                "id": "enpudaj6m636vvqfvl2n",
                "labels": {},
                "port": -1,
                "predefined_target": "",
                "protocol": "TCP",
                "security_group_id": "enpl4sco81qkr4j9h1uv",
                "to_port": 65535,
                "v4_cidr_blocks": [],
                "v6_cidr_blocks": []
              }
            ],
            "labels": {
              "alb-vm-sg-label": "alb-vm-sg-label"
            },
            "name": "alb-vm-sg",
            "network_id": "enpif1o9etjm87o3nbto",
            "status": "ACTIVE",
            "timeouts": null
          },
          "sensitive_attributes": [],
          "private": "eyJlMmJmYjczMC1lY2FhLTExZTYtOGY4OC0zNDM2M2JjN2M0YzAiOnsiY3JlYXRlIjoxODAwMDAwMDAwMDAsImRlbGV0ZSI6MTgwMDAwMDAwMDAwLCJ1cGRhdGUiOjE4MDAwMDAwMDAwMH19",
          "dependencies": [
            "yandex_vpc_network.alb-network",
            "yandex_vpc_security_group.alb-sg",
            "yandex_vpc_security_group.bastion-sg",
            "yandex_vpc_security_group.zabbix-sg"
          ]
        }
      ]
    },
    {
      "mode": "managed",
      "type": "yandex_vpc_security_group",
      "name": "bastion-sg",
      "provider": "provider[\"registry.terraform.io/yandex-cloud/yandex\"]",
      "instances": [
        {
          "schema_version": 0,
          "attributes": {
            "created_at": "2025-02-11T12:55:36Z",
            "description": "Security group for bastion host",
            "egress": [
              {
                "description": "ANY egress rule description",
                "from_port": 0,
                "id": "enph0oj9c96j9ufr9r3h",
                "labels": {},
                "port": -1,
                "predefined_target": "",
                "protocol": "ANY",
                "security_group_id": "",
                "to_port": 65535,
                "v4_cidr_blocks": [
                  "0.0.0.0/0"
                ],
                "v6_cidr_blocks": []
              }
            ],
            "folder_id": "b1g0p7hjk9b1452669ri",
            "id": "enpskmq1b32nu8lk4q3l",
            "ingress": [
              {
                "description": "ssh",
                "from_port": -1,
                "id": "enptift5bna9c2d6skr9",
                "labels": {},
                "port": 22,
                "predefined_target": "",
                "protocol": "TCP",
                "security_group_id": "",
                "to_port": -1,
                "v4_cidr_blocks": [
                  "0.0.0.0/0"
                ],
                "v6_cidr_blocks": []
              }
            ],
            "labels": {},
            "name": "bastion-sg",
            "network_id": "enpif1o9etjm87o3nbto",
            "status": "ACTIVE",
            "timeouts": null
          },
          "sensitive_attributes": [],
          "private": "eyJlMmJmYjczMC1lY2FhLTExZTYtOGY4OC0zNDM2M2JjN2M0YzAiOnsiY3JlYXRlIjoxODAwMDAwMDAwMDAsImRlbGV0ZSI6MTgwMDAwMDAwMDAwLCJ1cGRhdGUiOjE4MDAwMDAwMDAwMH19",
          "dependencies": [
            "yandex_vpc_network.alb-network"
          ]
        }
      ]
    },
    {
      "mode": "managed",
      "type": "yandex_vpc_security_group",
      "name": "elasticsearch-sg",
      "provider": "provider[\"registry.terraform.io/yandex-cloud/yandex\"]",
      "instances": [
        {
          "schema_version": 0,
          "attributes": {
            "created_at": "2025-02-11T12:55:45Z",
            "description": "Security group for elasticsearch-server. On private segment. AExternal administration through bastion-host only.",
            "egress": [
              {
                "description": "ANY egress rule description",
                "from_port": 0,
                "id": "enprlu7sopj29ojul2ph",
                "labels": {},
                "port": -1,
                "predefined_target": "",
                "protocol": "ANY",
                "security_group_id": "",
                "to_port": 65535,
                "v4_cidr_blocks": [
                  "0.0.0.0/0"
                ],
                "v6_cidr_blocks": []
              }
            ],
            "folder_id": "b1g0p7hjk9b1452669ri",
            "id": "enpiuut5gv9eid28svun",
            "ingress": [
              {
                "description": "bastion",
                "from_port": -1,
                "id": "enp48lhc2g7n940tsuun",
                "labels": {},
                "port": 22,
                "predefined_target": "",
                "protocol": "TCP",
                "security_group_id": "enpskmq1b32nu8lk4q3l",
                "to_port": -1,
                "v4_cidr_blocks": [],
                "v6_cidr_blocks": []
              },
              {
                "description": "filebeat",
                "from_port": 0,
                "id": "enp60pbr5c89iam3sfma",
                "labels": {},
                "port": -1,
                "predefined_target": "",
                "protocol": "ANY",
                "security_group_id": "enp3bobmdbrrmtbqdbkf",
                "to_port": 65535,
                "v4_cidr_blocks": [],
                "v6_cidr_blocks": []
              },
              {
                "description": "kibana",
                "from_port": 0,
                "id": "enpulraq2n530coum1vj",
                "labels": {},
                "port": -1,
                "predefined_target": "",
                "protocol": "ANY",
                "security_group_id": "enp0vgtgtadbfbtltgab",
                "to_port": 65535,
                "v4_cidr_blocks": [],
                "v6_cidr_blocks": []
              }
            ],
            "labels": {
              "alb-vm-sg-label": "elasticsearch-sg-label"
            },
            "name": "elasticsearch-sg",
            "network_id": "enpif1o9etjm87o3nbto",
            "status": "ACTIVE",
            "timeouts": null
          },
          "sensitive_attributes": [],
          "private": "eyJlMmJmYjczMC1lY2FhLTExZTYtOGY4OC0zNDM2M2JjN2M0YzAiOnsiY3JlYXRlIjoxODAwMDAwMDAwMDAsImRlbGV0ZSI6MTgwMDAwMDAwMDAwLCJ1cGRhdGUiOjE4MDAwMDAwMDAwMH19",
          "dependencies": [
            "yandex_vpc_network.alb-network",
            "yandex_vpc_security_group.alb-sg",
            "yandex_vpc_security_group.alb-vm-sg",
            "yandex_vpc_security_group.bastion-sg",
            "yandex_vpc_security_group.kibana-sg",
            "yandex_vpc_security_group.zabbix-sg"
          ]
        }
      ]
    },
    {
      "mode": "managed",
      "type": "yandex_vpc_security_group",
      "name": "kibana-sg",
      "provider": "provider[\"registry.terraform.io/yandex-cloud/yandex\"]",
      "instances": [
        {
          "schema_version": 0,
          "attributes": {
            "created_at": "2025-02-11T12:55:43Z",
            "description": "Security group for kibana-server. On public segment, but public access is on the port 80 only. External administration through bastion-host only.",
            "egress": [
              {
                "description": "ANY egress rule description",
                "from_port": 0,
                "id": "enpv35g2kilg42d2acie",
                "labels": {},
                "port": -1,
                "predefined_target": "",
                "protocol": "ANY",
                "security_group_id": "",
                "to_port": 65535,
                "v4_cidr_blocks": [
                  "0.0.0.0/0"
                ],
                "v6_cidr_blocks": []
              }
            ],
            "folder_id": "b1g0p7hjk9b1452669ri",
            "id": "enp0vgtgtadbfbtltgab",
            "ingress": [
              {
                "description": "bastion",
                "from_port": -1,
                "id": "enp57k6vsni74d8mf4fi",
                "labels": {},
                "port": 22,
                "predefined_target": "",
                "protocol": "TCP",
                "security_group_id": "enpskmq1b32nu8lk4q3l",
                "to_port": -1,
                "v4_cidr_blocks": [],
                "v6_cidr_blocks": []
              },
              {
                "description": "filebeat",
                "from_port": 0,
                "id": "enp0laho0s8a7itou1r8",
                "labels": {},
                "port": -1,
                "predefined_target": "",
                "protocol": "ANY",
                "security_group_id": "enp3bobmdbrrmtbqdbkf",
                "to_port": 65535,
                "v4_cidr_blocks": [],
                "v6_cidr_blocks": []
              },
              {
                "description": "public interface 5601",
                "from_port": -1,
                "id": "enpfog9ogieiida9q5dh",
                "labels": {},
                "port": 5601,
                "predefined_target": "",
                "protocol": "TCP",
                "security_group_id": "",
                "to_port": -1,
                "v4_cidr_blocks": [
                  "0.0.0.0/0"
                ],
                "v6_cidr_blocks": []
              }
            ],
            "labels": {
              "alb-vm-sg-label": "kibana-sg-label"
            },
            "name": "kibana-sg",
            "network_id": "enpif1o9etjm87o3nbto",
            "status": "ACTIVE",
            "timeouts": null
          },
          "sensitive_attributes": [],
          "private": "eyJlMmJmYjczMC1lY2FhLTExZTYtOGY4OC0zNDM2M2JjN2M0YzAiOnsiY3JlYXRlIjoxODAwMDAwMDAwMDAsImRlbGV0ZSI6MTgwMDAwMDAwMDAwLCJ1cGRhdGUiOjE4MDAwMDAwMDAwMH19",
          "dependencies": [
            "yandex_vpc_network.alb-network",
            "yandex_vpc_security_group.alb-sg",
            "yandex_vpc_security_group.alb-vm-sg",
            "yandex_vpc_security_group.bastion-sg",
            "yandex_vpc_security_group.zabbix-sg"
          ]
        }
      ]
    },
    {
      "mode": "managed",
      "type": "yandex_vpc_security_group",
      "name": "zabbix-sg",
      "provider": "provider[\"registry.terraform.io/yandex-cloud/yandex\"]",
      "instances": [
        {
          "schema_version": 0,
          "attributes": {
            "created_at": "2025-02-11T12:55:38Z",
            "description": "Security group for zabbix host",
            "egress": [
              {
                "description": "ANY egress rule description",
                "from_port": 0,
                "id": "enpru1tm1dlhu43h7ncv",
                "labels": {},
                "port": -1,
                "predefined_target": "",
                "protocol": "ANY",
                "security_group_id": "",
                "to_port": 65535,
                "v4_cidr_blocks": [
                  "0.0.0.0/0"
                ],
                "v6_cidr_blocks": []
              }
            ],
            "folder_id": "b1g0p7hjk9b1452669ri",
            "id": "enpl4sco81qkr4j9h1uv",
            "ingress": [
              {
                "description": "HTTP requests",
                "from_port": -1,
                "id": "enp9hp7gf38pddgaqiv5",
                "labels": {},
                "port": 80,
                "predefined_target": "",
                "protocol": "ANY",
                "security_group_id": "",
                "to_port": -1,
                "v4_cidr_blocks": [
                  "0.0.0.0/0"
                ],
                "v6_cidr_blocks": []
              },
              {
                "description": "bastion",
                "from_port": -1,
                "id": "enpeob37q482v8mf0s2u",
                "labels": {},
                "port": 22,
                "predefined_target": "",
                "protocol": "TCP",
                "security_group_id": "enpskmq1b32nu8lk4q3l",
                "to_port": -1,
                "v4_cidr_blocks": [],
                "v6_cidr_blocks": []
              }
            ],
            "labels": {},
            "name": "zabbix-sg",
            "network_id": "enpif1o9etjm87o3nbto",
            "status": "ACTIVE",
            "timeouts": null
          },
          "sensitive_attributes": [],
          "private": "eyJlMmJmYjczMC1lY2FhLTExZTYtOGY4OC0zNDM2M2JjN2M0YzAiOnsiY3JlYXRlIjoxODAwMDAwMDAwMDAsImRlbGV0ZSI6MTgwMDAwMDAwMDAwLCJ1cGRhdGUiOjE4MDAwMDAwMDAwMH19",
          "dependencies": [
            "yandex_vpc_network.alb-network",
            "yandex_vpc_security_group.bastion-sg"
          ]
        }
      ]
    },
    {
      "mode": "managed",
      "type": "yandex_vpc_subnet",
      "name": "alb-subnet-a",
      "provider": "provider[\"registry.terraform.io/yandex-cloud/yandex\"]",
      "instances": [
        {
          "schema_version": 0,
          "attributes": {
            "created_at": "2025-02-11T12:55:34Z",
            "description": "",
            "dhcp_options": [],
            "folder_id": "b1g0p7hjk9b1452669ri",
            "id": "e9btgifpeu96s5ke6kj9",
            "labels": {},
            "name": "alb-subnet-a",
            "network_id": "enpif1o9etjm87o3nbto",
            "route_table_id": "enpmrl2hf1nlql9oivuq",
            "timeouts": null,
            "v4_cidr_blocks": [
              "172.16.10.0/24"
            ],
            "v6_cidr_blocks": [],
            "zone": "ru-central1-a"
          },
          "sensitive_attributes": [],
          "private": "eyJlMmJmYjczMC1lY2FhLTExZTYtOGY4OC0zNDM2M2JjN2M0YzAiOnsiY3JlYXRlIjoxODAwMDAwMDAwMDAsImRlbGV0ZSI6MTgwMDAwMDAwMDAwLCJ1cGRhdGUiOjE4MDAwMDAwMDAwMH19",
          "dependencies": [
            "yandex_vpc_gateway.nat_gateway",
            "yandex_vpc_network.alb-network",
            "yandex_vpc_route_table.rt"
          ]
        }
      ]
    },
    {
      "mode": "managed",
      "type": "yandex_vpc_subnet",
      "name": "alb-subnet-b",
      "provider": "provider[\"registry.terraform.io/yandex-cloud/yandex\"]",
      "instances": [
        {
          "schema_version": 0,
          "attributes": {
            "created_at": "2025-02-11T12:55:34Z",
            "description": "",
            "dhcp_options": [],
            "folder_id": "b1g0p7hjk9b1452669ri",
            "id": "e2lnspd55nj8vhnrgf6b",
            "labels": {},
            "name": "alb-subnet-b",
            "network_id": "enpif1o9etjm87o3nbto",
            "route_table_id": "enpmrl2hf1nlql9oivuq",
            "timeouts": null,
            "v4_cidr_blocks": [
              "172.16.20.0/24"
            ],
            "v6_cidr_blocks": [],
            "zone": "ru-central1-b"
          },
          "sensitive_attributes": [],
          "private": "eyJlMmJmYjczMC1lY2FhLTExZTYtOGY4OC0zNDM2M2JjN2M0YzAiOnsiY3JlYXRlIjoxODAwMDAwMDAwMDAsImRlbGV0ZSI6MTgwMDAwMDAwMDAwLCJ1cGRhdGUiOjE4MDAwMDAwMDAwMH19",
          "dependencies": [
            "yandex_vpc_gateway.nat_gateway",
            "yandex_vpc_network.alb-network",
            "yandex_vpc_route_table.rt"
          ]
        }
      ]
    },
    {
      "mode": "managed",
      "type": "yandex_vpc_subnet",
      "name": "alb-subnet-d",
      "provider": "provider[\"registry.terraform.io/yandex-cloud/yandex\"]",
      "instances": [
        {
          "schema_version": 0,
          "attributes": {
            "created_at": "2025-02-11T12:55:33Z",
            "description": "",
            "dhcp_options": [],
            "folder_id": "b1g0p7hjk9b1452669ri",
            "id": "fl86fg9nvm708150r5au",
            "labels": {},
            "name": "alb-subnet-d",
            "network_id": "enpif1o9etjm87o3nbto",
            "route_table_id": "enpmrl2hf1nlql9oivuq",
            "timeouts": null,
            "v4_cidr_blocks": [
              "172.16.30.0/24"
            ],
            "v6_cidr_blocks": [],
            "zone": "ru-central1-d"
          },
          "sensitive_attributes": [],
          "private": "eyJlMmJmYjczMC1lY2FhLTExZTYtOGY4OC0zNDM2M2JjN2M0YzAiOnsiY3JlYXRlIjoxODAwMDAwMDAwMDAsImRlbGV0ZSI6MTgwMDAwMDAwMDAwLCJ1cGRhdGUiOjE4MDAwMDAwMDAwMH19",
          "dependencies": [
            "yandex_vpc_gateway.nat_gateway",
            "yandex_vpc_network.alb-network",
            "yandex_vpc_route_table.rt"
          ]
        }
      ]
    }
  ],
  "check_results": null
}
