{
  "version": 4,
  "terraform_version": "1.10.0",
  "serial": 1343,
  "lineage": "8da82b6d-5cff-8bff-fc9b-013a358c2dd0",
  "outputs": {
    "alb-1-listener": {
      "value": [
        {
          "endpoint": [
            {
              "address": [
                {
                  "external_ipv4_address": [
                    {
                      "address": "158.160.162.4"
                    }
                  ],
                  "external_ipv6_address": [],
                  "internal_ipv4_address": []
                }
              ],
              "ports": [
                80
              ]
            }
          ],
          "http": [
            {
              "handler": [
                {
                  "allow_http10": false,
                  "http2_options": [],
                  "http_router_id": "ds7hn0r8guo49lblvhkr",
                  "rewrite_request_id": false
                }
              ],
              "redirects": []
            }
          ],
          "name": "alb-listener",
          "stream": [],
          "tls": []
        }
      ],
      "type": [
        "list",
        [
          "object",
          {
            "endpoint": [
              "list",
              [
                "object",
                {
                  "address": [
                    "list",
                    [
                      "object",
                      {
                        "external_ipv4_address": [
                          "list",
                          [
                            "object",
                            {
                              "address": "string"
                            }
                          ]
                        ],
                        "external_ipv6_address": [
                          "list",
                          [
                            "object",
                            {
                              "address": "string"
                            }
                          ]
                        ],
                        "internal_ipv4_address": [
                          "list",
                          [
                            "object",
                            {
                              "address": "string",
                              "subnet_id": "string"
                            }
                          ]
                        ]
                      }
                    ]
                  ],
                  "ports": [
                    "list",
                    "number"
                  ]
                }
              ]
            ],
            "http": [
              "list",
              [
                "object",
                {
                  "handler": [
                    "list",
                    [
                      "object",
                      {
                        "allow_http10": "bool",
                        "http2_options": [
                          "list",
                          [
                            "object",
                            {
                              "max_concurrent_streams": "number"
                            }
                          ]
                        ],
                        "http_router_id": "string",
                        "rewrite_request_id": "bool"
                      }
                    ]
                  ],
                  "redirects": [
                    "list",
                    [
                      "object",
                      {
                        "http_to_https": "bool"
                      }
                    ]
                  ]
                }
              ]
            ],
            "name": "string",
            "stream": [
              "list",
              [
                "object",
                {
                  "handler": [
                    "list",
                    [
                      "object",
                      {
                        "backend_group_id": "string",
                        "idle_timeout": "string"
                      }
                    ]
                  ]
                }
              ]
            ],
            "tls": [
              "list",
              [
                "object",
                {
                  "default_handler": [
                    "list",
                    [
                      "object",
                      {
                        "certificate_ids": [
                          "set",
                          "string"
                        ],
                        "http_handler": [
                          "list",
                          [
                            "object",
                            {
                              "allow_http10": "bool",
                              "http2_options": [
                                "list",
                                [
                                  "object",
                                  {
                                    "max_concurrent_streams": "number"
                                  }
                                ]
                              ],
                              "http_router_id": "string",
                              "rewrite_request_id": "bool"
                            }
                          ]
                        ],
                        "stream_handler": [
                          "list",
                          [
                            "object",
                            {
                              "backend_group_id": "string",
                              "idle_timeout": "string"
                            }
                          ]
                        ]
                      }
                    ]
                  ],
                  "sni_handler": [
                    "list",
                    [
                      "object",
                      {
                        "handler": [
                          "list",
                          [
                            "object",
                            {
                              "certificate_ids": [
                                "set",
                                "string"
                              ],
                              "http_handler": [
                                "list",
                                [
                                  "object",
                                  {
                                    "allow_http10": "bool",
                                    "http2_options": [
                                      "list",
                                      [
                                        "object",
                                        {
                                          "max_concurrent_streams": "number"
                                        }
                                      ]
                                    ],
                                    "http_router_id": "string",
                                    "rewrite_request_id": "bool"
                                  }
                                ]
                              ],
                              "stream_handler": [
                                "list",
                                [
                                  "object",
                                  {
                                    "backend_group_id": "string",
                                    "idle_timeout": "string"
                                  }
                                ]
                              ]
                            }
                          ]
                        ],
                        "name": "string",
                        "server_names": [
                          "set",
                          "string"
                        ]
                      }
                    ]
                  ]
                }
              ]
            ]
          }
        ]
      ]
    },
    "bastion-host-ip": {
      "value": "172.16.10.30",
      "type": "string"
    },
    "bastion-host-nat-ip": {
      "value": "158.160.53.204",
      "type": "string"
    },
    "kibana-server-nat-ip-address": {
      "value": "158.160.62.221",
      "type": "string"
    },
    "vm-ips": {
      "value": {
        "0": "",
        "1": ""
      },
      "type": [
        "map",
        "string"
      ]
    },
    "zabbix-vm-nat-ip-address": {
      "value": "89.169.157.10",
      "type": "string"
    }
  },
  "resources": [
    {
      "mode": "data",
      "type": "yandex_compute_instance",
      "name": "kibana-server",
      "provider": "provider[\"registry.terraform.io/yandex-cloud/yandex\"]",
      "instances": [
        {
          "schema_version": 0,
          "attributes": {
            "boot_disk": [
              {
                "auto_delete": true,
                "device_name": "fhmhdqsdm6pcksmfulim",
                "disk_id": "fhmhdqsdm6pcksmfulim",
                "initialize_params": [
                  {
                    "block_size": 4096,
                    "description": "",
                    "image_id": "fd80db1e30l1di9umq8v",
                    "kms_key_id": "",
                    "name": "",
                    "size": 10,
                    "snapshot_id": "",
                    "type": "network-hdd"
                  }
                ],
                "mode": "READ_WRITE"
              }
            ],
            "created_at": "2025-02-10T15:04:17Z",
            "description": "",
            "filesystem": [],
            "folder_id": "b1g0p7hjk9b1452669ri",
            "fqdn": "kibana-server.ru-central1.internal",
            "gpu_cluster_id": "",
            "hardware_generation": [
              {
                "generation2_features": [],
                "legacy_features": [
                  {
                    "pci_topology": "PCI_TOPOLOGY_V1"
                  }
                ]
              }
            ],
            "id": "fhmdot1p88um8ne9d5pp",
            "instance_id": "fhmdot1p88um8ne9d5pp",
            "labels": {},
            "local_disk": [],
            "maintenance_grace_period": "",
            "maintenance_policy": null,
            "metadata": {
              "ssh-keys": "yc-user:ssh-rsa AAAAB3NzaC1yc2EAAAADAQABAAABAQDKSUQ22GF6/ro5opbkl11cg6VViCrH4CnmSzDRzwTVWoxiNZzh/9bc5MJR8I6D8rI7pl0ltyPx5BQcPQvEYk/fHBvarxjAjxjg/zRh/S6dOq9lhnmAXkVxYOUGDPPI1G52DmaziPLU1hmt3cHu1GBm64p4Bu0pvl55GEk1pgNBLHVJlaKKPZAjiTTnGsOHfbxUKxr+CnBIitfDXRHAocMZ8c4OUKcpqw9dCdgcY8z65rwz/xoGg5rVg9feSSjVxYKFlTQOcC2fM+Ilalw97se7mKcy+C5G7H5dfy12efwYNw8Stb8uq1g0t8WLYS3VOseeVn4W2/h3L/LnRvtOCDLV user@debian\n",
              "user-data": "#cloud-config\ntimezone: Europe/Moscow\nrepo_update: true\nrepo_upgrade: true\n\nusers:\n  - name: yc-user\n    shell: /bin/bash\n    sudo: ALL=(ALL:ALL) NOPASSWD:ALL\n    ssh-authorized-keys:\n      - ssh-rsa AAAAB3NzaC1yc2EAAAADAQABAAABAQDKSUQ22GF6/ro5opbkl11cg6VViCrH4CnmSzDRzwTVWoxiNZzh/9bc5MJR8I6D8rI7pl0ltyPx5BQcPQvEYk/fHBvarxjAjxjg/zRh/S6dOq9lhnmAXkVxYOUGDPPI1G52DmaziPLU1hmt3cHu1GBm64p4Bu0pvl55GEk1pgNBLHVJlaKKPZAjiTTnGsOHfbxUKxr+CnBIitfDXRHAocMZ8c4OUKcpqw9dCdgcY8z65rwz/xoGg5rVg9feSSjVxYKFlTQOcC2fM+Ilalw97se7mKcy+C5G7H5dfy12efwYNw8Stb8uq1g0t8WLYS3VOseeVn4W2/h3L/LnRvtOCDLV user@debian\n"
            },
            "metadata_options": [
              {
                "aws_v1_http_endpoint": 1,
                "aws_v1_http_token": 2,
                "gce_http_endpoint": 1,
                "gce_http_token": 1
              }
            ],
            "name": "kibana-server",
            "network_acceleration_type": "standard",
            "network_interface": [
              {
                "dns_record": [],
                "index": 0,
                "ip_address": "172.16.10.9",
                "ipv4": true,
                "ipv6": false,
                "ipv6_address": "",
                "ipv6_dns_record": [],
                "mac_address": "d0:0d:dc:74:39:42",
                "nat": true,
                "nat_dns_record": [],
                "nat_ip_address": "158.160.62.221",
                "nat_ip_version": "IPV4",
                "security_group_ids": [
                  "enp62ran31cdl4a7mbpn"
                ],
                "subnet_id": "e9b8jmn61koss40ik9f5"
              }
            ],
            "placement_policy": [
              {
                "host_affinity_rules": [],
                "placement_group_id": "",
                "placement_group_partition": 0
              }
            ],
            "platform_id": "standard-v3",
            "resources": [
              {
                "core_fraction": 20,
                "cores": 2,
                "gpus": 0,
                "memory": 1
              }
            ],
            "scheduling_policy": [
              {
                "preemptible": false
              }
            ],
            "secondary_disk": [],
            "service_account_id": "",
            "status": "running",
            "zone": "ru-central1-a"
          },
          "sensitive_attributes": []
        }
      ]
    },
    {
      "mode": "data",
      "type": "yandex_compute_instance",
      "name": "web-vm-instances",
      "provider": "provider[\"registry.terraform.io/yandex-cloud/yandex\"]",
      "instances": [
        {
          "index_key": "0",
          "schema_version": 0,
          "attributes": {
            "boot_disk": [
              {
                "auto_delete": true,
                "device_name": "epdro110btpid86jfk99",
                "disk_id": "epdro110btpid86jfk99",
                "initialize_params": [
                  {
                    "block_size": 4096,
                    "description": "",
                    "image_id": "fd80db1e30l1di9umq8v",
                    "kms_key_id": "",
                    "name": "",
                    "size": 7,
                    "snapshot_id": "",
                    "type": "network-hdd"
                  }
                ],
                "mode": "READ_WRITE"
              }
            ],
            "created_at": "2025-02-10T15:04:20Z",
            "description": "",
            "filesystem": [],
            "folder_id": "b1g0p7hjk9b1452669ri",
            "fqdn": "web-vm-1.ru-central1.internal",
            "gpu_cluster_id": "",
            "hardware_generation": [
              {
                "generation2_features": [],
                "legacy_features": [
                  {
                    "pci_topology": "PCI_TOPOLOGY_V1"
                  }
                ]
              }
            ],
            "id": "epdmi3a9oiqakur7a5rm",
            "instance_id": "epdmi3a9oiqakur7a5rm",
            "labels": {},
            "local_disk": [],
            "maintenance_grace_period": "",
            "maintenance_policy": null,
            "metadata": {
              "ssh-keys": "yc-user:ssh-rsa AAAAB3NzaC1yc2EAAAADAQABAAABAQDKSUQ22GF6/ro5opbkl11cg6VViCrH4CnmSzDRzwTVWoxiNZzh/9bc5MJR8I6D8rI7pl0ltyPx5BQcPQvEYk/fHBvarxjAjxjg/zRh/S6dOq9lhnmAXkVxYOUGDPPI1G52DmaziPLU1hmt3cHu1GBm64p4Bu0pvl55GEk1pgNBLHVJlaKKPZAjiTTnGsOHfbxUKxr+CnBIitfDXRHAocMZ8c4OUKcpqw9dCdgcY8z65rwz/xoGg5rVg9feSSjVxYKFlTQOcC2fM+Ilalw97se7mKcy+C5G7H5dfy12efwYNw8Stb8uq1g0t8WLYS3VOseeVn4W2/h3L/LnRvtOCDLV user@debian\n",
              "user-data": "#cloud-config\ntimezone: Europe/Moscow\nrepo_update: true\nrepo_upgrade: true\n\nusers:\n  - name: yc-user\n    shell: /bin/bash\n    sudo: ALL=(ALL:ALL) NOPASSWD:ALL\n    ssh-authorized-keys:\n      - ssh-rsa AAAAB3NzaC1yc2EAAAADAQABAAABAQDKSUQ22GF6/ro5opbkl11cg6VViCrH4CnmSzDRzwTVWoxiNZzh/9bc5MJR8I6D8rI7pl0ltyPx5BQcPQvEYk/fHBvarxjAjxjg/zRh/S6dOq9lhnmAXkVxYOUGDPPI1G52DmaziPLU1hmt3cHu1GBm64p4Bu0pvl55GEk1pgNBLHVJlaKKPZAjiTTnGsOHfbxUKxr+CnBIitfDXRHAocMZ8c4OUKcpqw9dCdgcY8z65rwz/xoGg5rVg9feSSjVxYKFlTQOcC2fM+Ilalw97se7mKcy+C5G7H5dfy12efwYNw8Stb8uq1g0t8WLYS3VOseeVn4W2/h3L/LnRvtOCDLV user@debian\n\nwrite_files:\n  - path: \"/usr/local/etc/startup_nginx.sh\"\n    permissions: \"755\"\n    content: |\n      #!/bin/bash\n\n      sudo apt-get update\n      sudo apt-get install -y nginx\n      sudo service nginx start\n    defer: true\n\nruncmd:\n  - [\"/usr/local/etc/startup_nginx.sh\"]\n  - [ systemctl, nginx-reload ]\n  - [ systemctl, enable, nginx.service ]\n  - [ systemctl, start, --no-block, nginx.service ]\n  - [ sh, -c, \"echo $(hostname | cut -d '.' -f 1 ) \u003e /var/www/html/index.html\" ]\n"
            },
            "metadata_options": [
              {
                "aws_v1_http_endpoint": 1,
                "aws_v1_http_token": 2,
                "gce_http_endpoint": 1,
                "gce_http_token": 1
              }
            ],
            "name": "web-vm-1",
            "network_acceleration_type": "standard",
            "network_interface": [
              {
                "dns_record": [],
                "index": 0,
                "ip_address": "172.16.20.28",
                "ipv4": true,
                "ipv6": false,
                "ipv6_address": "",
                "ipv6_dns_record": [],
                "mac_address": "d0:0d:16:90:d4:9c",
                "nat": false,
                "nat_dns_record": [],
                "nat_ip_address": "",
                "nat_ip_version": "",
                "security_group_ids": [
                  "enps8ul00efm3ki2fls3"
                ],
                "subnet_id": "e2lsl38uro75ln1di7qp"
              }
            ],
            "placement_policy": [
              {
                "host_affinity_rules": [],
                "placement_group_id": "",
                "placement_group_partition": 0
              }
            ],
            "platform_id": "standard-v3",
            "resources": [
              {
                "core_fraction": 20,
                "cores": 2,
                "gpus": 0,
                "memory": 1
              }
            ],
            "scheduling_policy": [
              {
                "preemptible": false
              }
            ],
            "secondary_disk": [],
            "service_account_id": "",
            "status": "running",
            "zone": "ru-central1-b"
          },
          "sensitive_attributes": []
        },
        {
          "index_key": "1",
          "schema_version": 0,
          "attributes": {
            "boot_disk": [
              {
                "auto_delete": true,
                "device_name": "fv4r1hu1a83vjnhmpfgo",
                "disk_id": "fv4r1hu1a83vjnhmpfgo",
                "initialize_params": [
                  {
                    "block_size": 4096,
                    "description": "",
                    "image_id": "fd80db1e30l1di9umq8v",
                    "kms_key_id": "",
                    "name": "",
                    "size": 7,
                    "snapshot_id": "",
                    "type": "network-hdd"
                  }
                ],
                "mode": "READ_WRITE"
              }
            ],
            "created_at": "2025-02-10T15:04:20Z",
            "description": "",
            "filesystem": [],
            "folder_id": "b1g0p7hjk9b1452669ri",
            "fqdn": "web-vm-2.ru-central1.internal",
            "gpu_cluster_id": "",
            "hardware_generation": [
              {
                "generation2_features": [],
                "legacy_features": [
                  {
                    "pci_topology": "PCI_TOPOLOGY_V1"
                  }
                ]
              }
            ],
            "id": "fv4vj6tvl51qi94qgo6r",
            "instance_id": "fv4vj6tvl51qi94qgo6r",
            "labels": {},
            "local_disk": [],
            "maintenance_grace_period": "",
            "maintenance_policy": null,
            "metadata": {
              "ssh-keys": "yc-user:ssh-rsa AAAAB3NzaC1yc2EAAAADAQABAAABAQDKSUQ22GF6/ro5opbkl11cg6VViCrH4CnmSzDRzwTVWoxiNZzh/9bc5MJR8I6D8rI7pl0ltyPx5BQcPQvEYk/fHBvarxjAjxjg/zRh/S6dOq9lhnmAXkVxYOUGDPPI1G52DmaziPLU1hmt3cHu1GBm64p4Bu0pvl55GEk1pgNBLHVJlaKKPZAjiTTnGsOHfbxUKxr+CnBIitfDXRHAocMZ8c4OUKcpqw9dCdgcY8z65rwz/xoGg5rVg9feSSjVxYKFlTQOcC2fM+Ilalw97se7mKcy+C5G7H5dfy12efwYNw8Stb8uq1g0t8WLYS3VOseeVn4W2/h3L/LnRvtOCDLV user@debian\n",
              "user-data": "#cloud-config\ntimezone: Europe/Moscow\nrepo_update: true\nrepo_upgrade: true\n\nusers:\n  - name: yc-user\n    shell: /bin/bash\n    sudo: ALL=(ALL:ALL) NOPASSWD:ALL\n    ssh-authorized-keys:\n      - ssh-rsa AAAAB3NzaC1yc2EAAAADAQABAAABAQDKSUQ22GF6/ro5opbkl11cg6VViCrH4CnmSzDRzwTVWoxiNZzh/9bc5MJR8I6D8rI7pl0ltyPx5BQcPQvEYk/fHBvarxjAjxjg/zRh/S6dOq9lhnmAXkVxYOUGDPPI1G52DmaziPLU1hmt3cHu1GBm64p4Bu0pvl55GEk1pgNBLHVJlaKKPZAjiTTnGsOHfbxUKxr+CnBIitfDXRHAocMZ8c4OUKcpqw9dCdgcY8z65rwz/xoGg5rVg9feSSjVxYKFlTQOcC2fM+Ilalw97se7mKcy+C5G7H5dfy12efwYNw8Stb8uq1g0t8WLYS3VOseeVn4W2/h3L/LnRvtOCDLV user@debian\n\nwrite_files:\n  - path: \"/usr/local/etc/startup_nginx.sh\"\n    permissions: \"755\"\n    content: |\n      #!/bin/bash\n\n      sudo apt-get update\n      sudo apt-get install -y nginx\n      sudo service nginx start\n    defer: true\n\nruncmd:\n  - [\"/usr/local/etc/startup_nginx.sh\"]\n  - [ systemctl, nginx-reload ]\n  - [ systemctl, enable, nginx.service ]\n  - [ systemctl, start, --no-block, nginx.service ]\n  - [ sh, -c, \"echo $(hostname | cut -d '.' -f 1 ) \u003e /var/www/html/index.html\" ]\n"
            },
            "metadata_options": [
              {
                "aws_v1_http_endpoint": 1,
                "aws_v1_http_token": 2,
                "gce_http_endpoint": 1,
                "gce_http_token": 1
              }
            ],
            "name": "web-vm-2",
            "network_acceleration_type": "standard",
            "network_interface": [
              {
                "dns_record": [],
                "index": 0,
                "ip_address": "172.16.30.10",
                "ipv4": true,
                "ipv6": false,
                "ipv6_address": "",
                "ipv6_dns_record": [],
                "mac_address": "d0:0d:1f:99:bb:fa",
                "nat": false,
                "nat_dns_record": [],
                "nat_ip_address": "",
                "nat_ip_version": "",
                "security_group_ids": [
                  "enps8ul00efm3ki2fls3"
                ],
                "subnet_id": "fl8qac66mu3dm8ghb9mn"
              }
            ],
            "placement_policy": [
              {
                "host_affinity_rules": [],
                "placement_group_id": "",
                "placement_group_partition": 0
              }
            ],
            "platform_id": "standard-v3",
            "resources": [
              {
                "core_fraction": 20,
                "cores": 2,
                "gpus": 0,
                "memory": 1
              }
            ],
            "scheduling_policy": [
              {
                "preemptible": false
              }
            ],
            "secondary_disk": [],
            "service_account_id": "",
            "status": "running",
            "zone": "ru-central1-d"
          },
          "sensitive_attributes": []
        }
      ]
    },
    {
      "mode": "data",
      "type": "yandex_compute_instance",
      "name": "zabbix-server",
      "provider": "provider[\"registry.terraform.io/yandex-cloud/yandex\"]",
      "instances": [
        {
          "schema_version": 0,
          "attributes": {
            "boot_disk": [
              {
                "auto_delete": true,
                "device_name": "fhm33e0t7udq88gr2316",
                "disk_id": "fhm33e0t7udq88gr2316",
                "initialize_params": [
                  {
                    "block_size": 4096,
                    "description": "",
                    "image_id": "fd80db1e30l1di9umq8v",
                    "kms_key_id": "",
                    "name": "",
                    "size": 7,
                    "snapshot_id": "",
                    "type": "network-hdd"
                  }
                ],
                "mode": "READ_WRITE"
              }
            ],
            "created_at": "2025-02-10T15:04:13Z",
            "description": "",
            "filesystem": [],
            "folder_id": "b1g0p7hjk9b1452669ri",
            "fqdn": "zabbix-server.ru-central1.internal",
            "gpu_cluster_id": "",
            "hardware_generation": [
              {
                "generation2_features": [],
                "legacy_features": [
                  {
                    "pci_topology": "PCI_TOPOLOGY_V1"
                  }
                ]
              }
            ],
            "id": "fhmpk9moq2geptgalme4",
            "instance_id": "fhmpk9moq2geptgalme4",
            "labels": {},
            "local_disk": [],
            "maintenance_grace_period": "",
            "maintenance_policy": null,
            "metadata": {
              "ssh-keys": "yc-user:ssh-rsa AAAAB3NzaC1yc2EAAAADAQABAAABAQDKSUQ22GF6/ro5opbkl11cg6VViCrH4CnmSzDRzwTVWoxiNZzh/9bc5MJR8I6D8rI7pl0ltyPx5BQcPQvEYk/fHBvarxjAjxjg/zRh/S6dOq9lhnmAXkVxYOUGDPPI1G52DmaziPLU1hmt3cHu1GBm64p4Bu0pvl55GEk1pgNBLHVJlaKKPZAjiTTnGsOHfbxUKxr+CnBIitfDXRHAocMZ8c4OUKcpqw9dCdgcY8z65rwz/xoGg5rVg9feSSjVxYKFlTQOcC2fM+Ilalw97se7mKcy+C5G7H5dfy12efwYNw8Stb8uq1g0t8WLYS3VOseeVn4W2/h3L/LnRvtOCDLV user@debian\n",
              "user-data": "#cloud-config\ntimezone: Europe/Moscow\nrepo_update: true\nrepo_upgrade: true\n\nusers:\n  - name: yc-user\n    shell: /bin/bash\n    sudo: ALL=(ALL:ALL) NOPASSWD:ALL\n    ssh-authorized-keys:\n      - ssh-rsa AAAAB3NzaC1yc2EAAAADAQABAAABAQDKSUQ22GF6/ro5opbkl11cg6VViCrH4CnmSzDRzwTVWoxiNZzh/9bc5MJR8I6D8rI7pl0ltyPx5BQcPQvEYk/fHBvarxjAjxjg/zRh/S6dOq9lhnmAXkVxYOUGDPPI1G52DmaziPLU1hmt3cHu1GBm64p4Bu0pvl55GEk1pgNBLHVJlaKKPZAjiTTnGsOHfbxUKxr+CnBIitfDXRHAocMZ8c4OUKcpqw9dCdgcY8z65rwz/xoGg5rVg9feSSjVxYKFlTQOcC2fM+Ilalw97se7mKcy+C5G7H5dfy12efwYNw8Stb8uq1g0t8WLYS3VOseeVn4W2/h3L/LnRvtOCDLV user@debian\n"
            },
            "metadata_options": [
              {
                "aws_v1_http_endpoint": 1,
                "aws_v1_http_token": 2,
                "gce_http_endpoint": 1,
                "gce_http_token": 1
              }
            ],
            "name": "zabbix-server",
            "network_acceleration_type": "standard",
            "network_interface": [
              {
                "dns_record": [],
                "index": 0,
                "ip_address": "172.16.10.17",
                "ipv4": true,
                "ipv6": false,
                "ipv6_address": "",
                "ipv6_dns_record": [],
                "mac_address": "d0:0d:19:a2:6d:8d",
                "nat": true,
                "nat_dns_record": [],
                "nat_ip_address": "89.169.157.10",
                "nat_ip_version": "IPV4",
                "security_group_ids": [
                  "enp39hc7st15g4a2jppt"
                ],
                "subnet_id": "e9b8jmn61koss40ik9f5"
              }
            ],
            "placement_policy": [
              {
                "host_affinity_rules": [],
                "placement_group_id": "",
                "placement_group_partition": 0
              }
            ],
            "platform_id": "standard-v3",
            "resources": [
              {
                "core_fraction": 20,
                "cores": 2,
                "gpus": 0,
                "memory": 2
              }
            ],
            "scheduling_policy": [
              {
                "preemptible": false
              }
            ],
            "secondary_disk": [],
            "service_account_id": "",
            "status": "running",
            "zone": "ru-central1-a"
          },
          "sensitive_attributes": []
        }
      ]
    },
    {
      "mode": "data",
      "type": "yandex_compute_instance_group",
      "name": "alb_vm_group",
      "provider": "provider[\"registry.terraform.io/yandex-cloud/yandex\"]",
      "instances": [
        {
          "schema_version": 0,
          "attributes": {
            "allocation_policy": [
              {
                "instance_tags_pool": [],
                "zones": [
                  "ru-central1-b",
                  "ru-central1-d"
                ]
              }
            ],
            "application_balancer_state": null,
            "application_load_balancer": [
              {
                "ignore_health_checks": false,
                "max_opening_traffic_duration": 0,
                "status_message": "",
                "target_group_description": "",
                "target_group_id": "ds773jn9dkoed7kii1tr",
                "target_group_labels": {},
                "target_group_name": ""
              }
            ],
            "created_at": "2025-02-10T15:04:15Z",
            "deletion_protection": false,
            "deploy_policy": [
              {
                "max_creating": 2,
                "max_deleting": 2,
                "max_expansion": 0,
                "max_unavailable": 1,
                "startup_duration": 0,
                "strategy": "proactive"
              }
            ],
            "description": "",
            "folder_id": "b1g0p7hjk9b1452669ri",
            "health_check": [],
            "id": "cl1vsl4nblqo7tqfvf03",
            "instance_group_id": "cl1vsl4nblqo7tqfvf03",
            "instance_template": [
              {
                "boot_disk": [
                  {
                    "device_name": "",
                    "disk_id": "",
                    "initialize_params": [
                      {
                        "description": "",
                        "image_id": "fd80db1e30l1di9umq8v",
                        "size": 7,
                        "snapshot_id": "",
                        "type": "network-hdd"
                      }
                    ],
                    "mode": "READ_WRITE",
                    "name": ""
                  }
                ],
                "description": "",
                "filesystem": [],
                "hostname": "web-vm-{instance.index}",
                "labels": {},
                "metadata": {
                  "ssh-keys": "yc-user:ssh-rsa AAAAB3NzaC1yc2EAAAADAQABAAABAQDKSUQ22GF6/ro5opbkl11cg6VViCrH4CnmSzDRzwTVWoxiNZzh/9bc5MJR8I6D8rI7pl0ltyPx5BQcPQvEYk/fHBvarxjAjxjg/zRh/S6dOq9lhnmAXkVxYOUGDPPI1G52DmaziPLU1hmt3cHu1GBm64p4Bu0pvl55GEk1pgNBLHVJlaKKPZAjiTTnGsOHfbxUKxr+CnBIitfDXRHAocMZ8c4OUKcpqw9dCdgcY8z65rwz/xoGg5rVg9feSSjVxYKFlTQOcC2fM+Ilalw97se7mKcy+C5G7H5dfy12efwYNw8Stb8uq1g0t8WLYS3VOseeVn4W2/h3L/LnRvtOCDLV user@debian\n",
                  "user-data": "#cloud-config\ntimezone: Europe/Moscow\nrepo_update: true\nrepo_upgrade: true\n\nusers:\n  - name: yc-user\n    shell: /bin/bash\n    sudo: ALL=(ALL:ALL) NOPASSWD:ALL\n    ssh-authorized-keys:\n      - ssh-rsa AAAAB3NzaC1yc2EAAAADAQABAAABAQDKSUQ22GF6/ro5opbkl11cg6VViCrH4CnmSzDRzwTVWoxiNZzh/9bc5MJR8I6D8rI7pl0ltyPx5BQcPQvEYk/fHBvarxjAjxjg/zRh/S6dOq9lhnmAXkVxYOUGDPPI1G52DmaziPLU1hmt3cHu1GBm64p4Bu0pvl55GEk1pgNBLHVJlaKKPZAjiTTnGsOHfbxUKxr+CnBIitfDXRHAocMZ8c4OUKcpqw9dCdgcY8z65rwz/xoGg5rVg9feSSjVxYKFlTQOcC2fM+Ilalw97se7mKcy+C5G7H5dfy12efwYNw8Stb8uq1g0t8WLYS3VOseeVn4W2/h3L/LnRvtOCDLV user@debian\n\nwrite_files:\n  - path: \"/usr/local/etc/startup_nginx.sh\"\n    permissions: \"755\"\n    content: |\n      #!/bin/bash\n\n      sudo apt-get update\n      sudo apt-get install -y nginx\n      sudo service nginx start\n    defer: true\n\nruncmd:\n  - [\"/usr/local/etc/startup_nginx.sh\"]\n  - [ systemctl, nginx-reload ]\n  - [ systemctl, enable, nginx.service ]\n  - [ systemctl, start, --no-block, nginx.service ]\n  - [ sh, -c, \"echo $(hostname | cut -d '.' -f 1 ) \u003e /var/www/html/index.html\" ]\n"
                },
                "metadata_options": [
                  {
                    "aws_v1_http_endpoint": 0,
                    "aws_v1_http_token": 0,
                    "gce_http_endpoint": 0,
                    "gce_http_token": 0
                  }
                ],
                "name": "web-vm-{instance.index}",
                "network_interface": [
                  {
                    "dns_record": [],
                    "ip_address": "",
                    "ipv4": true,
                    "ipv6": false,
                    "ipv6_address": "",
                    "ipv6_dns_record": [],
                    "nat": false,
                    "nat_dns_record": [],
                    "nat_ip_address": "",
                    "network_id": "enpg9rvekaaofjhbrbvg",
                    "security_group_ids": [
                      "enps8ul00efm3ki2fls3"
                    ],
                    "subnet_ids": [
                      "e2lsl38uro75ln1di7qp",
                      "fl8qac66mu3dm8ghb9mn"
                    ]
                  }
                ],
                "network_settings": [],
                "placement_policy": [],
                "platform_id": "standard-v3",
                "resources": [
                  {
                    "core_fraction": 20,
                    "cores": 2,
                    "gpus": 0,
                    "memory": 1
                  }
                ],
                "scheduling_policy": [
                  {
                    "preemptible": false
                  }
                ],
                "secondary_disk": [],
                "service_account_id": ""
              }
            ],
            "instances": [
              {
                "fqdn": "web-vm-1.ru-central1.internal",
                "instance_id": "epdmi3a9oiqakur7a5rm",
                "instance_tag": "",
                "name": "web-vm-1",
                "network_interface": [
                  {
                    "index": 0,
                    "ip_address": "172.16.20.28",
                    "ipv4": true,
                    "ipv6": false,
                    "ipv6_address": "",
                    "mac_address": "d0:0d:16:90:d4:9c",
                    "nat": false,
                    "nat_ip_address": "",
                    "nat_ip_version": "",
                    "subnet_id": "e2lsl38uro75ln1di7qp"
                  }
                ],
                "status": "RUNNING_ACTUAL",
                "status_changed_at": "2025-02-10T15:05:12Z",
                "status_message": "",
                "zone_id": "ru-central1-b"
              },
              {
                "fqdn": "web-vm-2.ru-central1.internal",
                "instance_id": "fv4vj6tvl51qi94qgo6r",
                "instance_tag": "",
                "name": "web-vm-2",
                "network_interface": [
                  {
                    "index": 0,
                    "ip_address": "172.16.30.10",
                    "ipv4": true,
                    "ipv6": false,
                    "ipv6_address": "",
                    "mac_address": "d0:0d:1f:99:bb:fa",
                    "nat": false,
                    "nat_ip_address": "",
                    "nat_ip_version": "",
                    "subnet_id": "fl8qac66mu3dm8ghb9mn"
                  }
                ],
                "status": "RUNNING_ACTUAL",
                "status_changed_at": "2025-02-10T15:05:01Z",
                "status_message": "",
                "zone_id": "ru-central1-d"
              }
            ],
            "labels": {},
            "load_balancer": [],
            "load_balancer_state": [
              {
                "status_message": "",
                "target_group_id": ""
              }
            ],
            "max_checking_health_duration": null,
            "name": "alb-vm-group",
            "scale_policy": [
              {
                "auto_scale": [],
                "fixed_scale": [
                  {
                    "size": 2
                  }
                ],
                "test_auto_scale": []
              }
            ],
            "service_account_id": "aje99pl9vi4hs1mbe8ak",
            "status": "ACTIVE",
            "variables": {}
          },
          "sensitive_attributes": []
        }
      ]
    },
    {
      "mode": "data",
      "type": "yandex_compute_instance_group",
      "name": "alb_vm_group_curr",
      "provider": "provider[\"registry.terraform.io/yandex-cloud/yandex\"]",
      "instances": [
        {
          "schema_version": 0,
          "attributes": {
            "allocation_policy": [
              {
                "instance_tags_pool": [],
                "zones": [
                  "ru-central1-b",
                  "ru-central1-d"
                ]
              }
            ],
            "application_balancer_state": null,
            "application_load_balancer": [
              {
                "ignore_health_checks": false,
                "max_opening_traffic_duration": 0,
                "status_message": "",
                "target_group_description": "",
                "target_group_id": "ds773jn9dkoed7kii1tr",
                "target_group_labels": {},
                "target_group_name": ""
              }
            ],
            "created_at": "2025-02-10T15:04:15Z",
            "deletion_protection": false,
            "deploy_policy": [
              {
                "max_creating": 2,
                "max_deleting": 2,
                "max_expansion": 0,
                "max_unavailable": 1,
                "startup_duration": 0,
                "strategy": "proactive"
              }
            ],
            "description": "",
            "folder_id": "b1g0p7hjk9b1452669ri",
            "health_check": [],
            "id": "cl1vsl4nblqo7tqfvf03",
            "instance_group_id": "cl1vsl4nblqo7tqfvf03",
            "instance_template": [
              {
                "boot_disk": [
                  {
                    "device_name": "",
                    "disk_id": "",
                    "initialize_params": [
                      {
                        "description": "",
                        "image_id": "fd80db1e30l1di9umq8v",
                        "size": 7,
                        "snapshot_id": "",
                        "type": "network-hdd"
                      }
                    ],
                    "mode": "READ_WRITE",
                    "name": ""
                  }
                ],
                "description": "",
                "filesystem": [],
                "hostname": "web-vm-{instance.index}",
                "labels": {},
                "metadata": {
                  "ssh-keys": "yc-user:ssh-rsa AAAAB3NzaC1yc2EAAAADAQABAAABAQDKSUQ22GF6/ro5opbkl11cg6VViCrH4CnmSzDRzwTVWoxiNZzh/9bc5MJR8I6D8rI7pl0ltyPx5BQcPQvEYk/fHBvarxjAjxjg/zRh/S6dOq9lhnmAXkVxYOUGDPPI1G52DmaziPLU1hmt3cHu1GBm64p4Bu0pvl55GEk1pgNBLHVJlaKKPZAjiTTnGsOHfbxUKxr+CnBIitfDXRHAocMZ8c4OUKcpqw9dCdgcY8z65rwz/xoGg5rVg9feSSjVxYKFlTQOcC2fM+Ilalw97se7mKcy+C5G7H5dfy12efwYNw8Stb8uq1g0t8WLYS3VOseeVn4W2/h3L/LnRvtOCDLV user@debian\n",
                  "user-data": "#cloud-config\ntimezone: Europe/Moscow\nrepo_update: true\nrepo_upgrade: true\n\nusers:\n  - name: yc-user\n    shell: /bin/bash\n    sudo: ALL=(ALL:ALL) NOPASSWD:ALL\n    ssh-authorized-keys:\n      - ssh-rsa AAAAB3NzaC1yc2EAAAADAQABAAABAQDKSUQ22GF6/ro5opbkl11cg6VViCrH4CnmSzDRzwTVWoxiNZzh/9bc5MJR8I6D8rI7pl0ltyPx5BQcPQvEYk/fHBvarxjAjxjg/zRh/S6dOq9lhnmAXkVxYOUGDPPI1G52DmaziPLU1hmt3cHu1GBm64p4Bu0pvl55GEk1pgNBLHVJlaKKPZAjiTTnGsOHfbxUKxr+CnBIitfDXRHAocMZ8c4OUKcpqw9dCdgcY8z65rwz/xoGg5rVg9feSSjVxYKFlTQOcC2fM+Ilalw97se7mKcy+C5G7H5dfy12efwYNw8Stb8uq1g0t8WLYS3VOseeVn4W2/h3L/LnRvtOCDLV user@debian\n\nwrite_files:\n  - path: \"/usr/local/etc/startup_nginx.sh\"\n    permissions: \"755\"\n    content: |\n      #!/bin/bash\n\n      sudo apt-get update\n      sudo apt-get install -y nginx\n      sudo service nginx start\n    defer: true\n\nruncmd:\n  - [\"/usr/local/etc/startup_nginx.sh\"]\n  - [ systemctl, nginx-reload ]\n  - [ systemctl, enable, nginx.service ]\n  - [ systemctl, start, --no-block, nginx.service ]\n  - [ sh, -c, \"echo $(hostname | cut -d '.' -f 1 ) \u003e /var/www/html/index.html\" ]\n"
                },
                "metadata_options": [
                  {
                    "aws_v1_http_endpoint": 0,
                    "aws_v1_http_token": 0,
                    "gce_http_endpoint": 0,
                    "gce_http_token": 0
                  }
                ],
                "name": "web-vm-{instance.index}",
                "network_interface": [
                  {
                    "dns_record": [],
                    "ip_address": "",
                    "ipv4": true,
                    "ipv6": false,
                    "ipv6_address": "",
                    "ipv6_dns_record": [],
                    "nat": false,
                    "nat_dns_record": [],
                    "nat_ip_address": "",
                    "network_id": "enpg9rvekaaofjhbrbvg",
                    "security_group_ids": [
                      "enps8ul00efm3ki2fls3"
                    ],
                    "subnet_ids": [
                      "e2lsl38uro75ln1di7qp",
                      "fl8qac66mu3dm8ghb9mn"
                    ]
                  }
                ],
                "network_settings": [],
                "placement_policy": [],
                "platform_id": "standard-v3",
                "resources": [
                  {
                    "core_fraction": 20,
                    "cores": 2,
                    "gpus": 0,
                    "memory": 1
                  }
                ],
                "scheduling_policy": [
                  {
                    "preemptible": false
                  }
                ],
                "secondary_disk": [],
                "service_account_id": ""
              }
            ],
            "instances": [
              {
                "fqdn": "web-vm-1.ru-central1.internal",
                "instance_id": "epdmi3a9oiqakur7a5rm",
                "instance_tag": "",
                "name": "web-vm-1",
                "network_interface": [
                  {
                    "index": 0,
                    "ip_address": "172.16.20.28",
                    "ipv4": true,
                    "ipv6": false,
                    "ipv6_address": "",
                    "mac_address": "d0:0d:16:90:d4:9c",
                    "nat": false,
                    "nat_ip_address": "",
                    "nat_ip_version": "",
                    "subnet_id": "e2lsl38uro75ln1di7qp"
                  }
                ],
                "status": "RUNNING_ACTUAL",
                "status_changed_at": "2025-02-10T15:05:12Z",
                "status_message": "",
                "zone_id": "ru-central1-b"
              },
              {
                "fqdn": "web-vm-2.ru-central1.internal",
                "instance_id": "fv4vj6tvl51qi94qgo6r",
                "instance_tag": "",
                "name": "web-vm-2",
                "network_interface": [
                  {
                    "index": 0,
                    "ip_address": "172.16.30.10",
                    "ipv4": true,
                    "ipv6": false,
                    "ipv6_address": "",
                    "mac_address": "d0:0d:1f:99:bb:fa",
                    "nat": false,
                    "nat_ip_address": "",
                    "nat_ip_version": "",
                    "subnet_id": "fl8qac66mu3dm8ghb9mn"
                  }
                ],
                "status": "RUNNING_ACTUAL",
                "status_changed_at": "2025-02-10T15:05:01Z",
                "status_message": "",
                "zone_id": "ru-central1-d"
              }
            ],
            "labels": {},
            "load_balancer": [],
            "load_balancer_state": [
              {
                "status_message": "",
                "target_group_id": ""
              }
            ],
            "max_checking_health_duration": null,
            "name": "alb-vm-group",
            "scale_policy": [
              {
                "auto_scale": [],
                "fixed_scale": [
                  {
                    "size": 2
                  }
                ],
                "test_auto_scale": []
              }
            ],
            "service_account_id": "aje99pl9vi4hs1mbe8ak",
            "status": "ACTIVE",
            "variables": {}
          },
          "sensitive_attributes": []
        }
      ]
    },
    {
      "mode": "managed",
      "type": "yandex_alb_backend_group",
      "name": "alb-bg",
      "provider": "provider[\"registry.terraform.io/yandex-cloud/yandex\"]",
      "instances": [
        {
          "schema_version": 0,
          "attributes": {
            "created_at": "2025-02-10T15:05:14Z",
            "description": "",
            "folder_id": "b1g0p7hjk9b1452669ri",
            "grpc_backend": [],
            "http_backend": [
              {
                "healthcheck": [
                  {
                    "grpc_healthcheck": [],
                    "healthcheck_port": 80,
                    "healthy_threshold": 0,
                    "http_healthcheck": [
                      {
                        "expected_statuses": null,
                        "host": "",
                        "http2": false,
                        "path": "/"
                      }
                    ],
                    "interval": "2s",
                    "interval_jitter_percent": 0,
                    "stream_healthcheck": [],
                    "timeout": "10s",
                    "unhealthy_threshold": 0
                  }
                ],
                "http2": false,
                "load_balancing_config": [
                  {
                    "locality_aware_routing_percent": 0,
                    "mode": "ROUND_ROBIN",
                    "panic_threshold": 50,
                    "strict_locality": false
                  }
                ],
                "name": "backend-1",
                "port": 80,
                "storage_bucket": "",
                "target_group_ids": [
                  "ds773jn9dkoed7kii1tr"
                ],
                "tls": [],
                "weight": 1
              }
            ],
            "id": "ds72vd7t0570tj3pf9nv",
            "labels": null,
            "name": "alb-bg",
            "session_affinity": [],
            "stream_backend": [],
            "timeouts": null
          },
          "sensitive_attributes": [],
          "private": "eyJlMmJmYjczMC1lY2FhLTExZTYtOGY4OC0zNDM2M2JjN2M0YzAiOnsiY3JlYXRlIjozMDAwMDAwMDAwMDAsImRlbGV0ZSI6MzAwMDAwMDAwMDAwLCJ1cGRhdGUiOjMwMDAwMDAwMDAwMH19",
          "dependencies": [
            "yandex_compute_instance_group.alb-vm-group",
            "yandex_vpc_gateway.nat_gateway",
            "yandex_vpc_network.alb-network",
            "yandex_vpc_route_table.rt",
            "yandex_vpc_security_group.alb-sg",
            "yandex_vpc_security_group.alb-vm-sg",
            "yandex_vpc_security_group.bastion-sg",
            "yandex_vpc_security_group.zabbix-sg",
            "yandex_vpc_subnet.alb-subnet-b",
            "yandex_vpc_subnet.alb-subnet-d"
          ]
        }
      ]
    },
    {
      "mode": "managed",
      "type": "yandex_alb_http_router",
      "name": "alb-router",
      "provider": "provider[\"registry.terraform.io/yandex-cloud/yandex\"]",
      "instances": [
        {
          "schema_version": 0,
          "attributes": {
            "created_at": "2025-02-10T15:04:05Z",
            "description": "",
            "folder_id": "b1g0p7hjk9b1452669ri",
            "id": "ds7hn0r8guo49lblvhkr",
            "labels": null,
            "name": "alb-router",
            "route_options": [],
            "timeouts": null
          },
          "sensitive_attributes": [],
          "private": "eyJlMmJmYjczMC1lY2FhLTExZTYtOGY4OC0zNDM2M2JjN2M0YzAiOnsiY3JlYXRlIjozMDAwMDAwMDAwMDAsImRlbGV0ZSI6MzAwMDAwMDAwMDAwLCJ1cGRhdGUiOjMwMDAwMDAwMDAwMH19"
        }
      ]
    },
    {
      "mode": "managed",
      "type": "yandex_alb_load_balancer",
      "name": "alb-1",
      "provider": "provider[\"registry.terraform.io/yandex-cloud/yandex\"]",
      "instances": [
        {
          "schema_version": 0,
          "attributes": {
            "allocation_policy": [
              {
                "location": [
                  {
                    "disable_traffic": false,
                    "subnet_id": "e2lsl38uro75ln1di7qp",
                    "zone_id": "ru-central1-b"
                  },
                  {
                    "disable_traffic": false,
                    "subnet_id": "e9b8jmn61koss40ik9f5",
                    "zone_id": "ru-central1-a"
                  },
                  {
                    "disable_traffic": false,
                    "subnet_id": "fl8qac66mu3dm8ghb9mn",
                    "zone_id": "ru-central1-d"
                  }
                ]
              }
            ],
            "created_at": "2025-02-10T15:04:11Z",
            "description": "",
            "folder_id": "b1g0p7hjk9b1452669ri",
            "id": "ds7dm3cvq1s7ooo0jdv1",
            "labels": null,
            "listener": [
              {
                "endpoint": [
                  {
                    "address": [
                      {
                        "external_ipv4_address": [
                          {
                            "address": "158.160.162.4"
                          }
                        ],
                        "external_ipv6_address": [],
                        "internal_ipv4_address": []
                      }
                    ],
                    "ports": [
                      80
                    ]
                  }
                ],
                "http": [
                  {
                    "handler": [
                      {
                        "allow_http10": false,
                        "http2_options": [],
                        "http_router_id": "ds7hn0r8guo49lblvhkr",
                        "rewrite_request_id": false
                      }
                    ],
                    "redirects": []
                  }
                ],
                "name": "alb-listener",
                "stream": [],
                "tls": []
              }
            ],
            "log_group_id": "",
            "log_options": [],
            "name": "alb-1",
            "network_id": "enpg9rvekaaofjhbrbvg",
            "region_id": "",
            "security_group_ids": [
              "enpv7qc1c51jpab1nrhk"
            ],
            "status": "active",
            "timeouts": null
          },
          "sensitive_attributes": [],
          "private": "eyJlMmJmYjczMC1lY2FhLTExZTYtOGY4OC0zNDM2M2JjN2M0YzAiOnsiY3JlYXRlIjo2MDAwMDAwMDAwMDAsImRlbGV0ZSI6NjAwMDAwMDAwMDAwLCJ1cGRhdGUiOjYwMDAwMDAwMDAwMH19",
          "dependencies": [
            "yandex_alb_http_router.alb-router",
            "yandex_vpc_gateway.nat_gateway",
            "yandex_vpc_network.alb-network",
            "yandex_vpc_route_table.rt",
            "yandex_vpc_security_group.alb-sg",
            "yandex_vpc_subnet.alb-subnet-a",
            "yandex_vpc_subnet.alb-subnet-b",
            "yandex_vpc_subnet.alb-subnet-d"
          ]
        }
      ]
    },
    {
      "mode": "managed",
      "type": "yandex_alb_virtual_host",
      "name": "alb-host",
      "provider": "provider[\"registry.terraform.io/yandex-cloud/yandex\"]",
      "instances": [
        {
          "schema_version": 0,
          "attributes": {
            "authority": null,
            "http_router_id": "ds7hn0r8guo49lblvhkr",
            "id": "ds7hn0r8guo49lblvhkr/alb-host",
            "modify_request_headers": [],
            "modify_response_headers": [],
            "name": "alb-host",
            "rate_limit": [],
            "route": [
              {
                "grpc_route": [],
                "http_route": [
                  {
                    "direct_response_action": [],
                    "http_match": [],
                    "http_route_action": [
                      {
                        "auto_host_rewrite": false,
                        "backend_group_id": "ds72vd7t0570tj3pf9nv",
                        "host_rewrite": "",
                        "idle_timeout": "",
                        "prefix_rewrite": "",
                        "rate_limit": [],
                        "timeout": "",
                        "upgrade_types": null
                      }
                    ],
                    "redirect_action": []
                  }
                ],
                "name": "route-1",
                "route_options": []
              }
            ],
            "route_options": [],
            "timeouts": null
          },
          "sensitive_attributes": [],
          "private": "eyJlMmJmYjczMC1lY2FhLTExZTYtOGY4OC0zNDM2M2JjN2M0YzAiOnsiY3JlYXRlIjozMDAwMDAwMDAwMDAsImRlbGV0ZSI6MzAwMDAwMDAwMDAwLCJ1cGRhdGUiOjMwMDAwMDAwMDAwMH19",
          "dependencies": [
            "yandex_alb_backend_group.alb-bg",
            "yandex_alb_http_router.alb-router",
            "yandex_compute_instance_group.alb-vm-group",
            "yandex_vpc_gateway.nat_gateway",
            "yandex_vpc_network.alb-network",
            "yandex_vpc_route_table.rt",
            "yandex_vpc_security_group.alb-sg",
            "yandex_vpc_security_group.alb-vm-sg",
            "yandex_vpc_security_group.bastion-sg",
            "yandex_vpc_security_group.zabbix-sg",
            "yandex_vpc_subnet.alb-subnet-b",
            "yandex_vpc_subnet.alb-subnet-d"
          ]
        }
      ]
    },
    {
      "mode": "managed",
      "type": "yandex_compute_instance",
      "name": "bastion-host",
      "provider": "provider[\"registry.terraform.io/yandex-cloud/yandex\"]",
      "instances": [
        {
          "schema_version": 1,
          "attributes": {
            "allow_recreate": null,
            "allow_stopping_for_update": true,
            "boot_disk": [
              {
                "auto_delete": true,
                "device_name": "fhm4ru8g0bjvlcjg0q85",
                "disk_id": "fhm4ru8g0bjvlcjg0q85",
                "initialize_params": [
                  {
                    "block_size": 4096,
                    "description": "",
                    "image_id": "fd80db1e30l1di9umq8v",
                    "kms_key_id": "",
                    "name": "",
                    "size": 5,
                    "snapshot_id": "",
                    "type": "network-hdd"
                  }
                ],
                "mode": "READ_WRITE"
              }
            ],
            "created_at": "2025-02-10T15:04:10Z",
            "description": "",
            "filesystem": [],
            "folder_id": "b1g0p7hjk9b1452669ri",
            "fqdn": "bastion-host.ru-central1.internal",
            "gpu_cluster_id": "",
            "hardware_generation": [
              {
                "generation2_features": [],
                "legacy_features": [
                  {
                    "pci_topology": "PCI_TOPOLOGY_V1"
                  }
                ]
              }
            ],
            "hostname": "bastion-host",
            "id": "fhm1se0tgqdjpkg253o2",
            "labels": null,
            "local_disk": [],
            "maintenance_grace_period": "",
            "maintenance_policy": null,
            "metadata": {
              "ssh-keys": "yc-user:ssh-rsa AAAAB3NzaC1yc2EAAAADAQABAAABAQDKSUQ22GF6/ro5opbkl11cg6VViCrH4CnmSzDRzwTVWoxiNZzh/9bc5MJR8I6D8rI7pl0ltyPx5BQcPQvEYk/fHBvarxjAjxjg/zRh/S6dOq9lhnmAXkVxYOUGDPPI1G52DmaziPLU1hmt3cHu1GBm64p4Bu0pvl55GEk1pgNBLHVJlaKKPZAjiTTnGsOHfbxUKxr+CnBIitfDXRHAocMZ8c4OUKcpqw9dCdgcY8z65rwz/xoGg5rVg9feSSjVxYKFlTQOcC2fM+Ilalw97se7mKcy+C5G7H5dfy12efwYNw8Stb8uq1g0t8WLYS3VOseeVn4W2/h3L/LnRvtOCDLV user@debian\n",
              "user-data": "#cloud-config\ntimezone: Europe/Moscow\nrepo_update: true\nrepo_upgrade: true\n\nusers:\n  - name: yc-user\n    shell: /bin/bash\n    sudo: ALL=(ALL:ALL) NOPASSWD:ALL\n    ssh-authorized-keys:\n      - ssh-rsa AAAAB3NzaC1yc2EAAAADAQABAAABAQDKSUQ22GF6/ro5opbkl11cg6VViCrH4CnmSzDRzwTVWoxiNZzh/9bc5MJR8I6D8rI7pl0ltyPx5BQcPQvEYk/fHBvarxjAjxjg/zRh/S6dOq9lhnmAXkVxYOUGDPPI1G52DmaziPLU1hmt3cHu1GBm64p4Bu0pvl55GEk1pgNBLHVJlaKKPZAjiTTnGsOHfbxUKxr+CnBIitfDXRHAocMZ8c4OUKcpqw9dCdgcY8z65rwz/xoGg5rVg9feSSjVxYKFlTQOcC2fM+Ilalw97se7mKcy+C5G7H5dfy12efwYNw8Stb8uq1g0t8WLYS3VOseeVn4W2/h3L/LnRvtOCDLV user@debian\n"
            },
            "metadata_options": [
              {
                "aws_v1_http_endpoint": 1,
                "aws_v1_http_token": 2,
                "gce_http_endpoint": 1,
                "gce_http_token": 1
              }
            ],
            "name": "bastion-host",
            "network_acceleration_type": "standard",
            "network_interface": [
              {
                "dns_record": [],
                "index": 0,
                "ip_address": "172.16.10.30",
                "ipv4": true,
                "ipv6": false,
                "ipv6_address": "",
                "ipv6_dns_record": [],
                "mac_address": "d0:0d:1e:38:1d:86",
                "nat": true,
                "nat_dns_record": [],
                "nat_ip_address": "158.160.53.204",
                "nat_ip_version": "IPV4",
                "security_group_ids": [
                  "enp3jsfdqk0fdgg5jgdn"
                ],
                "subnet_id": "e9b8jmn61koss40ik9f5"
              }
            ],
            "placement_policy": [
              {
                "host_affinity_rules": [],
                "placement_group_id": "",
                "placement_group_partition": 0
              }
            ],
            "platform_id": "standard-v3",
            "resources": [
              {
                "core_fraction": 20,
                "cores": 2,
                "gpus": 0,
                "memory": 2
              }
            ],
            "scheduling_policy": [
              {
                "preemptible": false
              }
            ],
            "secondary_disk": [],
            "service_account_id": "",
            "status": "running",
            "timeouts": null,
            "zone": "ru-central1-a"
          },
          "sensitive_attributes": [],
          "private": "eyJlMmJmYjczMC1lY2FhLTExZTYtOGY4OC0zNDM2M2JjN2M0YzAiOnsiY3JlYXRlIjozMDAwMDAwMDAwMDAsImRlbGV0ZSI6MzAwMDAwMDAwMDAwLCJ1cGRhdGUiOjMwMDAwMDAwMDAwMH0sInNjaGVtYV92ZXJzaW9uIjoiMSJ9",
          "dependencies": [
            "yandex_vpc_gateway.nat_gateway",
            "yandex_vpc_network.alb-network",
            "yandex_vpc_route_table.rt",
            "yandex_vpc_security_group.bastion-sg",
            "yandex_vpc_subnet.alb-subnet-a"
          ]
        }
      ]
    },
    {
      "mode": "managed",
      "type": "yandex_compute_instance",
      "name": "elasticsearch-server",
      "provider": "provider[\"registry.terraform.io/yandex-cloud/yandex\"]",
      "instances": [
        {
          "schema_version": 1,
          "attributes": {
            "allow_recreate": null,
            "allow_stopping_for_update": true,
            "boot_disk": [
              {
                "auto_delete": true,
                "device_name": "fhmvki8nveg8c01jk4ou",
                "disk_id": "fhmvki8nveg8c01jk4ou",
                "initialize_params": [
                  {
                    "block_size": 4096,
                    "description": "",
                    "image_id": "fd80db1e30l1di9umq8v",
                    "kms_key_id": "",
                    "name": "",
                    "size": 10,
                    "snapshot_id": "",
                    "type": "network-hdd"
                  }
                ],
                "mode": "READ_WRITE"
              }
            ],
            "created_at": "2025-02-10T15:04:29Z",
            "description": "",
            "filesystem": [],
            "folder_id": "b1g0p7hjk9b1452669ri",
            "fqdn": "elasticsearch-server.ru-central1.internal",
            "gpu_cluster_id": "",
            "hardware_generation": [
              {
                "generation2_features": [],
                "legacy_features": [
                  {
                    "pci_topology": "PCI_TOPOLOGY_V1"
                  }
                ]
              }
            ],
            "hostname": "elasticsearch-server",
            "id": "fhmlq7mreu36b4j43nl0",
            "labels": null,
            "local_disk": [],
            "maintenance_grace_period": "",
            "maintenance_policy": null,
            "metadata": {
              "ssh-keys": "yc-user:ssh-rsa AAAAB3NzaC1yc2EAAAADAQABAAABAQDKSUQ22GF6/ro5opbkl11cg6VViCrH4CnmSzDRzwTVWoxiNZzh/9bc5MJR8I6D8rI7pl0ltyPx5BQcPQvEYk/fHBvarxjAjxjg/zRh/S6dOq9lhnmAXkVxYOUGDPPI1G52DmaziPLU1hmt3cHu1GBm64p4Bu0pvl55GEk1pgNBLHVJlaKKPZAjiTTnGsOHfbxUKxr+CnBIitfDXRHAocMZ8c4OUKcpqw9dCdgcY8z65rwz/xoGg5rVg9feSSjVxYKFlTQOcC2fM+Ilalw97se7mKcy+C5G7H5dfy12efwYNw8Stb8uq1g0t8WLYS3VOseeVn4W2/h3L/LnRvtOCDLV user@debian\n",
              "user-data": "#cloud-config\ntimezone: Europe/Moscow\nrepo_update: true\nrepo_upgrade: true\n\nusers:\n  - name: yc-user\n    shell: /bin/bash\n    sudo: ALL=(ALL:ALL) NOPASSWD:ALL\n    ssh-authorized-keys:\n      - ssh-rsa AAAAB3NzaC1yc2EAAAADAQABAAABAQDKSUQ22GF6/ro5opbkl11cg6VViCrH4CnmSzDRzwTVWoxiNZzh/9bc5MJR8I6D8rI7pl0ltyPx5BQcPQvEYk/fHBvarxjAjxjg/zRh/S6dOq9lhnmAXkVxYOUGDPPI1G52DmaziPLU1hmt3cHu1GBm64p4Bu0pvl55GEk1pgNBLHVJlaKKPZAjiTTnGsOHfbxUKxr+CnBIitfDXRHAocMZ8c4OUKcpqw9dCdgcY8z65rwz/xoGg5rVg9feSSjVxYKFlTQOcC2fM+Ilalw97se7mKcy+C5G7H5dfy12efwYNw8Stb8uq1g0t8WLYS3VOseeVn4W2/h3L/LnRvtOCDLV user@debian\n"
            },
            "metadata_options": [
              {
                "aws_v1_http_endpoint": 1,
                "aws_v1_http_token": 2,
                "gce_http_endpoint": 1,
                "gce_http_token": 1
              }
            ],
            "name": "elasticsearch-server",
            "network_acceleration_type": "standard",
            "network_interface": [
              {
                "dns_record": [],
                "index": 0,
                "ip_address": "172.16.10.31",
                "ipv4": true,
                "ipv6": false,
                "ipv6_address": "",
                "ipv6_dns_record": [],
                "mac_address": "d0:0d:15:d1:ed:b7",
                "nat": false,
                "nat_dns_record": [],
                "nat_ip_address": "",
                "nat_ip_version": "",
                "security_group_ids": [
                  "enplsj1hbcb2mqevkl26"
                ],
                "subnet_id": "e9b8jmn61koss40ik9f5"
              }
            ],
            "placement_policy": [
              {
                "host_affinity_rules": [],
                "placement_group_id": "",
                "placement_group_partition": 0
              }
            ],
            "platform_id": "standard-v3",
            "resources": [
              {
                "core_fraction": 20,
                "cores": 2,
                "gpus": 0,
                "memory": 2
              }
            ],
            "scheduling_policy": [
              {
                "preemptible": false
              }
            ],
            "secondary_disk": [],
            "service_account_id": "",
            "status": "running",
            "timeouts": null,
            "zone": "ru-central1-a"
          },
          "sensitive_attributes": [],
          "private": "eyJlMmJmYjczMC1lY2FhLTExZTYtOGY4OC0zNDM2M2JjN2M0YzAiOnsiY3JlYXRlIjozMDAwMDAwMDAwMDAsImRlbGV0ZSI6MzAwMDAwMDAwMDAwLCJ1cGRhdGUiOjMwMDAwMDAwMDAwMH0sInNjaGVtYV92ZXJzaW9uIjoiMSJ9",
          "dependencies": [
            "yandex_vpc_gateway.nat_gateway",
            "yandex_vpc_network.alb-network",
            "yandex_vpc_route_table.rt",
            "yandex_vpc_security_group.alb-sg",
            "yandex_vpc_security_group.alb-vm-sg",
            "yandex_vpc_security_group.bastion-sg",
            "yandex_vpc_security_group.elasticsearch-sg",
            "yandex_vpc_security_group.kibana-sg",
            "yandex_vpc_security_group.zabbix-sg",
            "yandex_vpc_subnet.alb-subnet-a"
          ]
        }
      ]
    },
    {
      "mode": "managed",
      "type": "yandex_compute_instance",
      "name": "kibana-server",
      "provider": "provider[\"registry.terraform.io/yandex-cloud/yandex\"]",
      "instances": [
        {
          "schema_version": 1,
          "attributes": {
            "allow_recreate": null,
            "allow_stopping_for_update": true,
            "boot_disk": [
              {
                "auto_delete": true,
                "device_name": "fhmhdqsdm6pcksmfulim",
                "disk_id": "fhmhdqsdm6pcksmfulim",
                "initialize_params": [
                  {
                    "block_size": 4096,
                    "description": "",
                    "image_id": "fd80db1e30l1di9umq8v",
                    "kms_key_id": "",
                    "name": "",
                    "size": 10,
                    "snapshot_id": "",
                    "type": "network-hdd"
                  }
                ],
                "mode": "READ_WRITE"
              }
            ],
            "created_at": "2025-02-10T15:04:17Z",
            "description": "",
            "filesystem": [],
            "folder_id": "b1g0p7hjk9b1452669ri",
            "fqdn": "kibana-server.ru-central1.internal",
            "gpu_cluster_id": "",
            "hardware_generation": [
              {
                "generation2_features": [],
                "legacy_features": [
                  {
                    "pci_topology": "PCI_TOPOLOGY_V1"
                  }
                ]
              }
            ],
            "hostname": "kibana-server",
            "id": "fhmdot1p88um8ne9d5pp",
            "labels": null,
            "local_disk": [],
            "maintenance_grace_period": "",
            "maintenance_policy": null,
            "metadata": {
              "ssh-keys": "yc-user:ssh-rsa AAAAB3NzaC1yc2EAAAADAQABAAABAQDKSUQ22GF6/ro5opbkl11cg6VViCrH4CnmSzDRzwTVWoxiNZzh/9bc5MJR8I6D8rI7pl0ltyPx5BQcPQvEYk/fHBvarxjAjxjg/zRh/S6dOq9lhnmAXkVxYOUGDPPI1G52DmaziPLU1hmt3cHu1GBm64p4Bu0pvl55GEk1pgNBLHVJlaKKPZAjiTTnGsOHfbxUKxr+CnBIitfDXRHAocMZ8c4OUKcpqw9dCdgcY8z65rwz/xoGg5rVg9feSSjVxYKFlTQOcC2fM+Ilalw97se7mKcy+C5G7H5dfy12efwYNw8Stb8uq1g0t8WLYS3VOseeVn4W2/h3L/LnRvtOCDLV user@debian\n",
              "user-data": "#cloud-config\ntimezone: Europe/Moscow\nrepo_update: true\nrepo_upgrade: true\n\nusers:\n  - name: yc-user\n    shell: /bin/bash\n    sudo: ALL=(ALL:ALL) NOPASSWD:ALL\n    ssh-authorized-keys:\n      - ssh-rsa AAAAB3NzaC1yc2EAAAADAQABAAABAQDKSUQ22GF6/ro5opbkl11cg6VViCrH4CnmSzDRzwTVWoxiNZzh/9bc5MJR8I6D8rI7pl0ltyPx5BQcPQvEYk/fHBvarxjAjxjg/zRh/S6dOq9lhnmAXkVxYOUGDPPI1G52DmaziPLU1hmt3cHu1GBm64p4Bu0pvl55GEk1pgNBLHVJlaKKPZAjiTTnGsOHfbxUKxr+CnBIitfDXRHAocMZ8c4OUKcpqw9dCdgcY8z65rwz/xoGg5rVg9feSSjVxYKFlTQOcC2fM+Ilalw97se7mKcy+C5G7H5dfy12efwYNw8Stb8uq1g0t8WLYS3VOseeVn4W2/h3L/LnRvtOCDLV user@debian\n"
            },
            "metadata_options": [
              {
                "aws_v1_http_endpoint": 1,
                "aws_v1_http_token": 2,
                "gce_http_endpoint": 1,
                "gce_http_token": 1
              }
            ],
            "name": "kibana-server",
            "network_acceleration_type": "standard",
            "network_interface": [
              {
                "dns_record": [],
                "index": 0,
                "ip_address": "172.16.10.9",
                "ipv4": true,
                "ipv6": false,
                "ipv6_address": "",
                "ipv6_dns_record": [],
                "mac_address": "d0:0d:dc:74:39:42",
                "nat": true,
                "nat_dns_record": [],
                "nat_ip_address": "158.160.62.221",
                "nat_ip_version": "IPV4",
                "security_group_ids": [
                  "enp62ran31cdl4a7mbpn"
                ],
                "subnet_id": "e9b8jmn61koss40ik9f5"
              }
            ],
            "placement_policy": [
              {
                "host_affinity_rules": [],
                "placement_group_id": "",
                "placement_group_partition": 0
              }
            ],
            "platform_id": "standard-v3",
            "resources": [
              {
                "core_fraction": 20,
                "cores": 2,
                "gpus": 0,
                "memory": 1
              }
            ],
            "scheduling_policy": [
              {
                "preemptible": false
              }
            ],
            "secondary_disk": [],
            "service_account_id": "",
            "status": "running",
            "timeouts": null,
            "zone": "ru-central1-a"
          },
          "sensitive_attributes": [],
          "private": "eyJlMmJmYjczMC1lY2FhLTExZTYtOGY4OC0zNDM2M2JjN2M0YzAiOnsiY3JlYXRlIjozMDAwMDAwMDAwMDAsImRlbGV0ZSI6MzAwMDAwMDAwMDAwLCJ1cGRhdGUiOjMwMDAwMDAwMDAwMH0sInNjaGVtYV92ZXJzaW9uIjoiMSJ9",
          "dependencies": [
            "yandex_vpc_gateway.nat_gateway",
            "yandex_vpc_network.alb-network",
            "yandex_vpc_route_table.rt",
            "yandex_vpc_security_group.alb-sg",
            "yandex_vpc_security_group.alb-vm-sg",
            "yandex_vpc_security_group.bastion-sg",
            "yandex_vpc_security_group.kibana-sg",
            "yandex_vpc_security_group.zabbix-sg",
            "yandex_vpc_subnet.alb-subnet-a"
          ]
        }
      ]
    },
    {
      "mode": "managed",
      "type": "yandex_compute_instance",
      "name": "zabbix-server",
      "provider": "provider[\"registry.terraform.io/yandex-cloud/yandex\"]",
      "instances": [
        {
          "schema_version": 1,
          "attributes": {
            "allow_recreate": null,
            "allow_stopping_for_update": true,
            "boot_disk": [
              {
                "auto_delete": true,
                "device_name": "fhm33e0t7udq88gr2316",
                "disk_id": "fhm33e0t7udq88gr2316",
                "initialize_params": [
                  {
                    "block_size": 4096,
                    "description": "",
                    "image_id": "fd80db1e30l1di9umq8v",
                    "kms_key_id": "",
                    "name": "",
                    "size": 7,
                    "snapshot_id": "",
                    "type": "network-hdd"
                  }
                ],
                "mode": "READ_WRITE"
              }
            ],
            "created_at": "2025-02-10T15:04:13Z",
            "description": "",
            "filesystem": [],
            "folder_id": "b1g0p7hjk9b1452669ri",
            "fqdn": "zabbix-server.ru-central1.internal",
            "gpu_cluster_id": "",
            "hardware_generation": [
              {
                "generation2_features": [],
                "legacy_features": [
                  {
                    "pci_topology": "PCI_TOPOLOGY_V1"
                  }
                ]
              }
            ],
            "hostname": "zabbix-server",
            "id": "fhmpk9moq2geptgalme4",
            "labels": null,
            "local_disk": [],
            "maintenance_grace_period": "",
            "maintenance_policy": null,
            "metadata": {
              "ssh-keys": "yc-user:ssh-rsa AAAAB3NzaC1yc2EAAAADAQABAAABAQDKSUQ22GF6/ro5opbkl11cg6VViCrH4CnmSzDRzwTVWoxiNZzh/9bc5MJR8I6D8rI7pl0ltyPx5BQcPQvEYk/fHBvarxjAjxjg/zRh/S6dOq9lhnmAXkVxYOUGDPPI1G52DmaziPLU1hmt3cHu1GBm64p4Bu0pvl55GEk1pgNBLHVJlaKKPZAjiTTnGsOHfbxUKxr+CnBIitfDXRHAocMZ8c4OUKcpqw9dCdgcY8z65rwz/xoGg5rVg9feSSjVxYKFlTQOcC2fM+Ilalw97se7mKcy+C5G7H5dfy12efwYNw8Stb8uq1g0t8WLYS3VOseeVn4W2/h3L/LnRvtOCDLV user@debian\n",
              "user-data": "#cloud-config\ntimezone: Europe/Moscow\nrepo_update: true\nrepo_upgrade: true\n\nusers:\n  - name: yc-user\n    shell: /bin/bash\n    sudo: ALL=(ALL:ALL) NOPASSWD:ALL\n    ssh-authorized-keys:\n      - ssh-rsa AAAAB3NzaC1yc2EAAAADAQABAAABAQDKSUQ22GF6/ro5opbkl11cg6VViCrH4CnmSzDRzwTVWoxiNZzh/9bc5MJR8I6D8rI7pl0ltyPx5BQcPQvEYk/fHBvarxjAjxjg/zRh/S6dOq9lhnmAXkVxYOUGDPPI1G52DmaziPLU1hmt3cHu1GBm64p4Bu0pvl55GEk1pgNBLHVJlaKKPZAjiTTnGsOHfbxUKxr+CnBIitfDXRHAocMZ8c4OUKcpqw9dCdgcY8z65rwz/xoGg5rVg9feSSjVxYKFlTQOcC2fM+Ilalw97se7mKcy+C5G7H5dfy12efwYNw8Stb8uq1g0t8WLYS3VOseeVn4W2/h3L/LnRvtOCDLV user@debian\n"
            },
            "metadata_options": [
              {
                "aws_v1_http_endpoint": 1,
                "aws_v1_http_token": 2,
                "gce_http_endpoint": 1,
                "gce_http_token": 1
              }
            ],
            "name": "zabbix-server",
            "network_acceleration_type": "standard",
            "network_interface": [
              {
                "dns_record": [],
                "index": 0,
                "ip_address": "172.16.10.17",
                "ipv4": true,
                "ipv6": false,
                "ipv6_address": "",
                "ipv6_dns_record": [],
                "mac_address": "d0:0d:19:a2:6d:8d",
                "nat": true,
                "nat_dns_record": [],
                "nat_ip_address": "89.169.157.10",
                "nat_ip_version": "IPV4",
                "security_group_ids": [
                  "enp39hc7st15g4a2jppt"
                ],
                "subnet_id": "e9b8jmn61koss40ik9f5"
              }
            ],
            "placement_policy": [
              {
                "host_affinity_rules": [],
                "placement_group_id": "",
                "placement_group_partition": 0
              }
            ],
            "platform_id": "standard-v3",
            "resources": [
              {
                "core_fraction": 20,
                "cores": 2,
                "gpus": 0,
                "memory": 2
              }
            ],
            "scheduling_policy": [
              {
                "preemptible": false
              }
            ],
            "secondary_disk": [],
            "service_account_id": "",
            "status": "running",
            "timeouts": null,
            "zone": "ru-central1-a"
          },
          "sensitive_attributes": [],
          "private": "eyJlMmJmYjczMC1lY2FhLTExZTYtOGY4OC0zNDM2M2JjN2M0YzAiOnsiY3JlYXRlIjozMDAwMDAwMDAwMDAsImRlbGV0ZSI6MzAwMDAwMDAwMDAwLCJ1cGRhdGUiOjMwMDAwMDAwMDAwMH0sInNjaGVtYV92ZXJzaW9uIjoiMSJ9",
          "dependencies": [
            "yandex_vpc_gateway.nat_gateway",
            "yandex_vpc_network.alb-network",
            "yandex_vpc_route_table.rt",
            "yandex_vpc_security_group.bastion-sg",
            "yandex_vpc_security_group.zabbix-sg",
            "yandex_vpc_subnet.alb-subnet-a"
          ]
        }
      ]
    },
    {
      "mode": "managed",
      "type": "yandex_compute_instance_group",
      "name": "alb-vm-group",
      "provider": "provider[\"registry.terraform.io/yandex-cloud/yandex\"]",
      "instances": [
        {
          "schema_version": 0,
          "attributes": {
            "allocation_policy": [
              {
                "instance_tags_pool": [],
                "zones": [
                  "ru-central1-b",
                  "ru-central1-d"
                ]
              }
            ],
            "application_load_balancer": [
              {
                "ignore_health_checks": false,
                "max_opening_traffic_duration": 0,
                "status_message": "",
                "target_group_description": "",
                "target_group_id": "ds773jn9dkoed7kii1tr",
                "target_group_labels": null,
                "target_group_name": "alb-tg"
              }
            ],
            "created_at": "2025-02-10T15:04:15Z",
            "deletion_protection": false,
            "deploy_policy": [
              {
                "max_creating": 2,
                "max_deleting": 2,
                "max_expansion": 0,
                "max_unavailable": 1,
                "startup_duration": 0,
                "strategy": "proactive"
              }
            ],
            "description": "",
            "folder_id": "b1g0p7hjk9b1452669ri",
            "health_check": [],
            "id": "cl1vsl4nblqo7tqfvf03",
            "instance_template": [
              {
                "boot_disk": [
                  {
                    "device_name": "",
                    "disk_id": "",
                    "initialize_params": [
                      {
                        "description": "",
                        "image_id": "fd80db1e30l1di9umq8v",
                        "size": 7,
                        "snapshot_id": "",
                        "type": "network-hdd"
                      }
                    ],
                    "mode": "READ_WRITE",
                    "name": ""
                  }
                ],
                "description": "",
                "filesystem": [],
                "hostname": "web-vm-{instance.index}",
                "labels": {},
                "metadata": {
                  "ssh-keys": "yc-user:ssh-rsa AAAAB3NzaC1yc2EAAAADAQABAAABAQDKSUQ22GF6/ro5opbkl11cg6VViCrH4CnmSzDRzwTVWoxiNZzh/9bc5MJR8I6D8rI7pl0ltyPx5BQcPQvEYk/fHBvarxjAjxjg/zRh/S6dOq9lhnmAXkVxYOUGDPPI1G52DmaziPLU1hmt3cHu1GBm64p4Bu0pvl55GEk1pgNBLHVJlaKKPZAjiTTnGsOHfbxUKxr+CnBIitfDXRHAocMZ8c4OUKcpqw9dCdgcY8z65rwz/xoGg5rVg9feSSjVxYKFlTQOcC2fM+Ilalw97se7mKcy+C5G7H5dfy12efwYNw8Stb8uq1g0t8WLYS3VOseeVn4W2/h3L/LnRvtOCDLV user@debian\n",
                  "user-data": "#cloud-config\ntimezone: Europe/Moscow\nrepo_update: true\nrepo_upgrade: true\n\nusers:\n  - name: yc-user\n    shell: /bin/bash\n    sudo: ALL=(ALL:ALL) NOPASSWD:ALL\n    ssh-authorized-keys:\n      - ssh-rsa AAAAB3NzaC1yc2EAAAADAQABAAABAQDKSUQ22GF6/ro5opbkl11cg6VViCrH4CnmSzDRzwTVWoxiNZzh/9bc5MJR8I6D8rI7pl0ltyPx5BQcPQvEYk/fHBvarxjAjxjg/zRh/S6dOq9lhnmAXkVxYOUGDPPI1G52DmaziPLU1hmt3cHu1GBm64p4Bu0pvl55GEk1pgNBLHVJlaKKPZAjiTTnGsOHfbxUKxr+CnBIitfDXRHAocMZ8c4OUKcpqw9dCdgcY8z65rwz/xoGg5rVg9feSSjVxYKFlTQOcC2fM+Ilalw97se7mKcy+C5G7H5dfy12efwYNw8Stb8uq1g0t8WLYS3VOseeVn4W2/h3L/LnRvtOCDLV user@debian\n\nwrite_files:\n  - path: \"/usr/local/etc/startup_nginx.sh\"\n    permissions: \"755\"\n    content: |\n      #!/bin/bash\n\n      sudo apt-get update\n      sudo apt-get install -y nginx\n      sudo service nginx start\n    defer: true\n\nruncmd:\n  - [\"/usr/local/etc/startup_nginx.sh\"]\n  - [ systemctl, nginx-reload ]\n  - [ systemctl, enable, nginx.service ]\n  - [ systemctl, start, --no-block, nginx.service ]\n  - [ sh, -c, \"echo $(hostname | cut -d '.' -f 1 ) \u003e /var/www/html/index.html\" ]\n"
                },
                "metadata_options": [
                  {
                    "aws_v1_http_endpoint": 0,
                    "aws_v1_http_token": 0,
                    "gce_http_endpoint": 0,
                    "gce_http_token": 0
                  }
                ],
                "name": "web-vm-{instance.index}",
                "network_interface": [
                  {
                    "dns_record": [],
                    "ip_address": "",
                    "ipv4": true,
                    "ipv6": false,
                    "ipv6_address": "",
                    "ipv6_dns_record": [],
                    "nat": false,
                    "nat_dns_record": [],
                    "nat_ip_address": "",
                    "network_id": "enpg9rvekaaofjhbrbvg",
                    "security_group_ids": [
                      "enps8ul00efm3ki2fls3"
                    ],
                    "subnet_ids": [
                      "e2lsl38uro75ln1di7qp",
                      "fl8qac66mu3dm8ghb9mn"
                    ]
                  }
                ],
                "network_settings": [],
                "placement_policy": [],
                "platform_id": "standard-v3",
                "resources": [
                  {
                    "core_fraction": 20,
                    "cores": 2,
                    "gpus": 0,
                    "memory": 1
                  }
                ],
                "scheduling_policy": [
                  {
                    "preemptible": false
                  }
                ],
                "secondary_disk": [],
                "service_account_id": ""
              }
            ],
            "instances": [
              {
                "fqdn": "web-vm-1.ru-central1.internal",
                "instance_id": "epdmi3a9oiqakur7a5rm",
                "instance_tag": "",
                "name": "web-vm-1",
                "network_interface": [
                  {
                    "index": 0,
                    "ip_address": "172.16.20.28",
                    "ipv4": true,
                    "ipv6": false,
                    "ipv6_address": "",
                    "mac_address": "d0:0d:16:90:d4:9c",
                    "nat": false,
                    "nat_ip_address": "",
                    "nat_ip_version": "",
                    "subnet_id": "e2lsl38uro75ln1di7qp"
                  }
                ],
                "status": "RUNNING_ACTUAL",
                "status_changed_at": "2025-02-10T15:05:12Z",
                "status_message": "",
                "zone_id": "ru-central1-b"
              },
              {
                "fqdn": "web-vm-2.ru-central1.internal",
                "instance_id": "fv4vj6tvl51qi94qgo6r",
                "instance_tag": "",
                "name": "web-vm-2",
                "network_interface": [
                  {
                    "index": 0,
                    "ip_address": "172.16.30.10",
                    "ipv4": true,
                    "ipv6": false,
                    "ipv6_address": "",
                    "mac_address": "d0:0d:1f:99:bb:fa",
                    "nat": false,
                    "nat_ip_address": "",
                    "nat_ip_version": "",
                    "subnet_id": "fl8qac66mu3dm8ghb9mn"
                  }
                ],
                "status": "RUNNING_ACTUAL",
                "status_changed_at": "2025-02-10T15:05:01Z",
                "status_message": "",
                "zone_id": "ru-central1-d"
              }
            ],
            "labels": null,
            "load_balancer": [],
            "max_checking_health_duration": null,
            "name": "alb-vm-group",
            "scale_policy": [
              {
                "auto_scale": [],
                "fixed_scale": [
                  {
                    "size": 2
                  }
                ],
                "test_auto_scale": []
              }
            ],
            "service_account_id": "aje99pl9vi4hs1mbe8ak",
            "status": "ACTIVE",
            "timeouts": null,
            "variables": null
          },
          "sensitive_attributes": [],
          "private": "eyJlMmJmYjczMC1lY2FhLTExZTYtOGY4OC0zNDM2M2JjN2M0YzAiOnsiY3JlYXRlIjoxODAwMDAwMDAwMDAwLCJkZWxldGUiOjE4MDAwMDAwMDAwMDAsInVwZGF0ZSI6MTgwMDAwMDAwMDAwMH19",
          "dependencies": [
            "yandex_vpc_gateway.nat_gateway",
            "yandex_vpc_network.alb-network",
            "yandex_vpc_route_table.rt",
            "yandex_vpc_security_group.alb-sg",
            "yandex_vpc_security_group.alb-vm-sg",
            "yandex_vpc_security_group.bastion-sg",
            "yandex_vpc_security_group.zabbix-sg",
            "yandex_vpc_subnet.alb-subnet-b",
            "yandex_vpc_subnet.alb-subnet-d"
          ]
        }
      ]
    },
    {
      "mode": "managed",
      "type": "yandex_compute_snapshot_schedule",
      "name": "alb-group-snapshots-schedule",
      "provider": "provider[\"registry.terraform.io/yandex-cloud/yandex\"]",
      "instances": [
        {
          "schema_version": 0,
          "attributes": {
            "created_at": "2025-02-10T15:05:14Z",
            "description": "",
            "disk_ids": [
              "epdro110btpid86jfk99",
              "fhm33e0t7udq88gr2316",
              "fhm4ru8g0bjvlcjg0q85",
              "fhmhdqsdm6pcksmfulim",
              "fhmvki8nveg8c01jk4ou",
              "fv4r1hu1a83vjnhmpfgo"
            ],
            "folder_id": "b1g0p7hjk9b1452669ri",
            "id": "fd8f2188hf6ddmefvtf1",
            "labels": {
              "my-label": "alb-group-snapshots-schedule"
            },
            "name": "alb-group-snapshots-schedule",
            "retention_period": "168h0m0s",
            "schedule_policy": [
              {
                "expression": "30 1 ? * *",
                "start_at": "1970-01-01T00:00:00Z"
              }
            ],
            "snapshot_count": 0,
            "snapshot_spec": [
              {
                "description": "alb-group-snapshots",
                "labels": {
                  "snapshot-label": "alb-group-snapshots"
                }
              }
            ],
            "status": "active",
            "timeouts": null
          },
          "sensitive_attributes": [],
          "private": "eyJlMmJmYjczMC1lY2FhLTExZTYtOGY4OC0zNDM2M2JjN2M0YzAiOnsiY3JlYXRlIjozMDAwMDAwMDAwMDAsImRlbGV0ZSI6MzAwMDAwMDAwMDAwLCJ1cGRhdGUiOjMwMDAwMDAwMDAwMH19",
          "dependencies": [
            "data.yandex_compute_instance.web-vm-instances",
            "data.yandex_compute_instance_group.alb_vm_group_curr",
            "yandex_compute_instance.bastion-host",
            "yandex_compute_instance.elasticsearch-server",
            "yandex_compute_instance.kibana-server",
            "yandex_compute_instance.zabbix-server",
            "yandex_compute_instance_group.alb-vm-group",
            "yandex_vpc_gateway.nat_gateway",
            "yandex_vpc_network.alb-network",
            "yandex_vpc_route_table.rt",
            "yandex_vpc_security_group.alb-sg",
            "yandex_vpc_security_group.alb-vm-sg",
            "yandex_vpc_security_group.bastion-sg",
            "yandex_vpc_security_group.elasticsearch-sg",
            "yandex_vpc_security_group.kibana-sg",
            "yandex_vpc_security_group.zabbix-sg",
            "yandex_vpc_subnet.alb-subnet-a",
            "yandex_vpc_subnet.alb-subnet-b",
            "yandex_vpc_subnet.alb-subnet-d"
          ]
        }
      ]
    },
    {
      "mode": "managed",
      "type": "yandex_vpc_gateway",
      "name": "nat_gateway",
      "provider": "provider[\"registry.terraform.io/yandex-cloud/yandex\"]",
      "instances": [
        {
          "schema_version": 0,
          "attributes": {
            "created_at": "2025-02-10T15:04:05Z",
            "description": "",
            "folder_id": "b1g0p7hjk9b1452669ri",
            "id": "enpkq1h7iqb8n8vfca2i",
            "labels": {},
            "name": "internet-gateway",
            "shared_egress_gateway": [
              {}
            ],
            "timeouts": null
          },
          "sensitive_attributes": [],
          "private": "eyJlMmJmYjczMC1lY2FhLTExZTYtOGY4OC0zNDM2M2JjN2M0YzAiOnsiY3JlYXRlIjo2MDAwMDAwMDAwMCwiZGVsZXRlIjo2MDAwMDAwMDAwMCwidXBkYXRlIjo2MDAwMDAwMDAwMH19"
        }
      ]
    },
    {
      "mode": "managed",
      "type": "yandex_vpc_network",
      "name": "alb-network",
      "provider": "provider[\"registry.terraform.io/yandex-cloud/yandex\"]",
      "instances": [
        {
          "schema_version": 0,
          "attributes": {
            "created_at": "2025-02-10T15:04:05Z",
            "default_security_group_id": "enpmva6sijk40n2acejq",
            "description": "",
            "folder_id": "b1g0p7hjk9b1452669ri",
            "id": "enpg9rvekaaofjhbrbvg",
            "labels": {},
            "name": "alb-network",
            "subnet_ids": [],
            "timeouts": null
          },
          "sensitive_attributes": [],
          "private": "eyJlMmJmYjczMC1lY2FhLTExZTYtOGY4OC0zNDM2M2JjN2M0YzAiOnsiY3JlYXRlIjo2MDAwMDAwMDAwMCwiZGVsZXRlIjo2MDAwMDAwMDAwMCwidXBkYXRlIjo2MDAwMDAwMDAwMH19"
        }
      ]
    },
    {
      "mode": "managed",
      "type": "yandex_vpc_route_table",
      "name": "rt",
      "provider": "provider[\"registry.terraform.io/yandex-cloud/yandex\"]",
      "instances": [
        {
          "schema_version": 0,
          "attributes": {
            "created_at": "2025-02-10T15:04:07Z",
            "description": "",
            "folder_id": "b1g0p7hjk9b1452669ri",
            "id": "enpp6n1gr2840gukh6vi",
            "labels": {},
            "name": "route-table",
            "network_id": "enpg9rvekaaofjhbrbvg",
            "static_route": [
              {
                "destination_prefix": "0.0.0.0/0",
                "gateway_id": "enpkq1h7iqb8n8vfca2i",
                "next_hop_address": ""
              }
            ],
            "timeouts": null
          },
          "sensitive_attributes": [],
          "private": "eyJlMmJmYjczMC1lY2FhLTExZTYtOGY4OC0zNDM2M2JjN2M0YzAiOnsiY3JlYXRlIjoxODAwMDAwMDAwMDAsImRlbGV0ZSI6MTgwMDAwMDAwMDAwLCJ1cGRhdGUiOjE4MDAwMDAwMDAwMH19",
          "dependencies": [
            "yandex_vpc_gateway.nat_gateway",
            "yandex_vpc_network.alb-network"
          ]
        }
      ]
    },
    {
      "mode": "managed",
      "type": "yandex_vpc_security_group",
      "name": "alb-sg",
      "provider": "provider[\"registry.terraform.io/yandex-cloud/yandex\"]",
      "instances": [
        {
          "schema_version": 0,
          "attributes": {
            "created_at": "2025-02-10T15:04:11Z",
            "description": "ALB security group for ALB",
            "egress": [
              {
                "description": "ANY egress rule description",
                "from_port": 0,
                "id": "enpdj2un8og2e7rab7dg",
                "labels": {},
                "port": -1,
                "predefined_target": "",
                "protocol": "ANY",
                "security_group_id": "",
                "to_port": 65535,
                "v4_cidr_blocks": [
                  "0.0.0.0/0"
                ],
                "v6_cidr_blocks": []
              }
            ],
            "folder_id": "b1g0p7hjk9b1452669ri",
            "id": "enpv7qc1c51jpab1nrhk",
            "ingress": [
              {
                "description": "ext-http",
                "from_port": -1,
                "id": "enp8buecbc0pu4ssfrh2",
                "labels": {},
                "port": 80,
                "predefined_target": "",
                "protocol": "TCP",
                "security_group_id": "",
                "to_port": -1,
                "v4_cidr_blocks": [
                  "0.0.0.0/0"
                ],
                "v6_cidr_blocks": []
              },
              {
                "description": "ext-https",
                "from_port": -1,
                "id": "enpacrieqbqg01lgh9bb",
                "labels": {},
                "port": 443,
                "predefined_target": "",
                "protocol": "TCP",
                "security_group_id": "",
                "to_port": -1,
                "v4_cidr_blocks": [
                  "0.0.0.0/0"
                ],
                "v6_cidr_blocks": []
              },
              {
                "description": "healthchecks",
                "from_port": -1,
                "id": "enpvsenr5ehfimiipckj",
                "labels": {},
                "port": 30080,
                "predefined_target": "loadbalancer_healthchecks",
                "protocol": "TCP",
                "security_group_id": "",
                "to_port": -1,
                "v4_cidr_blocks": [],
                "v6_cidr_blocks": []
              }
            ],
            "labels": {
              "alb-sg-label": "alb-sg-label"
            },
            "name": "alb-sg",
            "network_id": "enpg9rvekaaofjhbrbvg",
            "status": "ACTIVE",
            "timeouts": null
          },
          "sensitive_attributes": [],
          "private": "eyJlMmJmYjczMC1lY2FhLTExZTYtOGY4OC0zNDM2M2JjN2M0YzAiOnsiY3JlYXRlIjoxODAwMDAwMDAwMDAsImRlbGV0ZSI6MTgwMDAwMDAwMDAwLCJ1cGRhdGUiOjE4MDAwMDAwMDAwMH19",
          "dependencies": [
            "yandex_vpc_network.alb-network"
          ]
        }
      ]
    },
    {
      "mode": "managed",
      "type": "yandex_vpc_security_group",
      "name": "alb-vm-sg",
      "provider": "provider[\"registry.terraform.io/yandex-cloud/yandex\"]",
      "instances": [
        {
          "schema_version": 0,
          "attributes": {
            "created_at": "2025-02-10T15:04:14Z",
            "description": "ALB security group for web-servers",
            "egress": [
              {
                "description": "ANY egress rule description",
                "from_port": 0,
                "id": "enp2a8hgeut7hk709cpv",
                "labels": {},
                "port": -1,
                "predefined_target": "",
                "protocol": "ANY",
                "security_group_id": "",
                "to_port": 65535,
                "v4_cidr_blocks": [
                  "0.0.0.0/0"
                ],
                "v6_cidr_blocks": []
              }
            ],
            "folder_id": "b1g0p7hjk9b1452669ri",
            "id": "enps8ul00efm3ki2fls3",
            "ingress": [
              {
                "description": "balancer",
                "from_port": -1,
                "id": "enpm70729kg0oa9i3t0v",
                "labels": {},
                "port": 80,
                "predefined_target": "",
                "protocol": "TCP",
                "security_group_id": "enpv7qc1c51jpab1nrhk",
                "to_port": -1,
                "v4_cidr_blocks": [],
                "v6_cidr_blocks": []
              },
              {
                "description": "bastion",
                "from_port": -1,
                "id": "enp3jcf5uh2dmo0uutuc",
                "labels": {},
                "port": 22,
                "predefined_target": "",
                "protocol": "TCP",
                "security_group_id": "enp3jsfdqk0fdgg5jgdn",
                "to_port": -1,
                "v4_cidr_blocks": [],
                "v6_cidr_blocks": []
              },
              {
                "description": "zabbix-server",
                "from_port": 0,
                "id": "enp9iiq2a5vuqr2datt7",
                "labels": {},
                "port": -1,
                "predefined_target": "",
                "protocol": "TCP",
                "security_group_id": "enp39hc7st15g4a2jppt",
                "to_port": 65535,
                "v4_cidr_blocks": [],
                "v6_cidr_blocks": []
              }
            ],
            "labels": {
              "alb-vm-sg-label": "alb-vm-sg-label"
            },
            "name": "alb-vm-sg",
            "network_id": "enpg9rvekaaofjhbrbvg",
            "status": "ACTIVE",
            "timeouts": null
          },
          "sensitive_attributes": [],
          "private": "eyJlMmJmYjczMC1lY2FhLTExZTYtOGY4OC0zNDM2M2JjN2M0YzAiOnsiY3JlYXRlIjoxODAwMDAwMDAwMDAsImRlbGV0ZSI6MTgwMDAwMDAwMDAwLCJ1cGRhdGUiOjE4MDAwMDAwMDAwMH19",
          "dependencies": [
            "yandex_vpc_network.alb-network",
            "yandex_vpc_security_group.alb-sg",
            "yandex_vpc_security_group.bastion-sg",
            "yandex_vpc_security_group.zabbix-sg"
          ]
        }
      ]
    },
    {
      "mode": "managed",
      "type": "yandex_vpc_security_group",
      "name": "bastion-sg",
      "provider": "provider[\"registry.terraform.io/yandex-cloud/yandex\"]",
      "instances": [
        {
          "schema_version": 0,
          "attributes": {
            "created_at": "2025-02-10T15:04:09Z",
            "description": "Security group for bastion host",
            "egress": [
              {
                "description": "ANY egress rule description",
                "from_port": 0,
                "id": "enpf7477paomtp9kcfl9",
                "labels": {},
                "port": -1,
                "predefined_target": "",
                "protocol": "ANY",
                "security_group_id": "",
                "to_port": 65535,
                "v4_cidr_blocks": [
                  "0.0.0.0/0"
                ],
                "v6_cidr_blocks": []
              }
            ],
            "folder_id": "b1g0p7hjk9b1452669ri",
            "id": "enp3jsfdqk0fdgg5jgdn",
            "ingress": [
              {
                "description": "ssh",
                "from_port": -1,
                "id": "enp2faicpv7be8l121m0",
                "labels": {},
                "port": 22,
                "predefined_target": "",
                "protocol": "TCP",
                "security_group_id": "",
                "to_port": -1,
                "v4_cidr_blocks": [
                  "0.0.0.0/0"
                ],
                "v6_cidr_blocks": []
              }
            ],
            "labels": {},
            "name": "bastion-sg",
            "network_id": "enpg9rvekaaofjhbrbvg",
            "status": "ACTIVE",
            "timeouts": null
          },
          "sensitive_attributes": [],
          "private": "eyJlMmJmYjczMC1lY2FhLTExZTYtOGY4OC0zNDM2M2JjN2M0YzAiOnsiY3JlYXRlIjoxODAwMDAwMDAwMDAsImRlbGV0ZSI6MTgwMDAwMDAwMDAwLCJ1cGRhdGUiOjE4MDAwMDAwMDAwMH19",
          "dependencies": [
            "yandex_vpc_network.alb-network"
          ]
        }
      ]
    },
    {
      "mode": "managed",
      "type": "yandex_vpc_security_group",
      "name": "elasticsearch-sg",
      "provider": "provider[\"registry.terraform.io/yandex-cloud/yandex\"]",
      "instances": [
        {
          "schema_version": 0,
          "attributes": {
            "created_at": "2025-02-10T15:04:28Z",
            "description": "Security group for elasticsearch-server. On private segment. AExternal administration through bastion-host only.",
            "egress": [
              {
                "description": "ANY egress rule description",
                "from_port": 0,
                "id": "enpt274pohlj4rlp3iu0",
                "labels": {},
                "port": -1,
                "predefined_target": "",
                "protocol": "ANY",
                "security_group_id": "",
                "to_port": 65535,
                "v4_cidr_blocks": [
                  "0.0.0.0/0"
                ],
                "v6_cidr_blocks": []
              }
            ],
            "folder_id": "b1g0p7hjk9b1452669ri",
            "id": "enplsj1hbcb2mqevkl26",
            "ingress": [
              {
                "description": "bastion",
                "from_port": -1,
                "id": "enpvf0en38ddrt7s31dk",
                "labels": {},
                "port": 22,
                "predefined_target": "",
                "protocol": "TCP",
                "security_group_id": "enp3jsfdqk0fdgg5jgdn",
                "to_port": -1,
                "v4_cidr_blocks": [],
                "v6_cidr_blocks": []
              },
              {
                "description": "filebeat",
                "from_port": 0,
                "id": "enprd1vrv8iibtfa9dca",
                "labels": {},
                "port": -1,
                "predefined_target": "",
                "protocol": "ANY",
                "security_group_id": "enps8ul00efm3ki2fls3",
                "to_port": 65535,
                "v4_cidr_blocks": [],
                "v6_cidr_blocks": []
              },
              {
                "description": "kibana",
                "from_port": 0,
                "id": "enpkgtscetmqm3mt7cgg",
                "labels": {},
                "port": -1,
                "predefined_target": "",
                "protocol": "ANY",
                "security_group_id": "enp62ran31cdl4a7mbpn",
                "to_port": 65535,
                "v4_cidr_blocks": [],
                "v6_cidr_blocks": []
              }
            ],
            "labels": {
              "alb-vm-sg-label": "elasticsearch-sg-label"
            },
            "name": "elasticsearch-sg",
            "network_id": "enpg9rvekaaofjhbrbvg",
            "status": "ACTIVE",
            "timeouts": null
          },
          "sensitive_attributes": [],
          "private": "eyJlMmJmYjczMC1lY2FhLTExZTYtOGY4OC0zNDM2M2JjN2M0YzAiOnsiY3JlYXRlIjoxODAwMDAwMDAwMDAsImRlbGV0ZSI6MTgwMDAwMDAwMDAwLCJ1cGRhdGUiOjE4MDAwMDAwMDAwMH19",
          "dependencies": [
            "yandex_vpc_network.alb-network",
            "yandex_vpc_security_group.alb-sg",
            "yandex_vpc_security_group.alb-vm-sg",
            "yandex_vpc_security_group.bastion-sg",
            "yandex_vpc_security_group.kibana-sg",
            "yandex_vpc_security_group.zabbix-sg"
          ]
        }
      ]
    },
    {
      "mode": "managed",
      "type": "yandex_vpc_security_group",
      "name": "kibana-sg",
      "provider": "provider[\"registry.terraform.io/yandex-cloud/yandex\"]",
      "instances": [
        {
          "schema_version": 0,
          "attributes": {
            "created_at": "2025-02-10T15:04:16Z",
            "description": "Security group for kibana-server. On public segment, but public access is on the port 80 only. External administration through bastion-host only.",
            "egress": [
              {
                "description": "ANY egress rule description",
                "from_port": 0,
                "id": "enpb65s8auhkfb8tsarn",
                "labels": {},
                "port": -1,
                "predefined_target": "",
                "protocol": "ANY",
                "security_group_id": "",
                "to_port": 65535,
                "v4_cidr_blocks": [
                  "0.0.0.0/0"
                ],
                "v6_cidr_blocks": []
              }
            ],
            "folder_id": "b1g0p7hjk9b1452669ri",
            "id": "enp62ran31cdl4a7mbpn",
            "ingress": [
              {
                "description": "bastion",
                "from_port": -1,
                "id": "enpscsuou1ot48ns0n7g",
                "labels": {},
                "port": 22,
                "predefined_target": "",
                "protocol": "TCP",
                "security_group_id": "enp3jsfdqk0fdgg5jgdn",
                "to_port": -1,
                "v4_cidr_blocks": [],
                "v6_cidr_blocks": []
              },
              {
                "description": "filebeat",
                "from_port": 0,
                "id": "enpf7s0pca74gm1hrdek",
                "labels": {},
                "port": -1,
                "predefined_target": "",
                "protocol": "ANY",
                "security_group_id": "enps8ul00efm3ki2fls3",
                "to_port": 65535,
                "v4_cidr_blocks": [],
                "v6_cidr_blocks": []
              },
              {
                "description": "public interface 5601",
                "from_port": -1,
                "id": "enpplic7l6124asgl05p",
                "labels": {},
                "port": 5601,
                "predefined_target": "",
                "protocol": "TCP",
                "security_group_id": "",
                "to_port": -1,
                "v4_cidr_blocks": [
                  "0.0.0.0/0"
                ],
                "v6_cidr_blocks": []
              }
            ],
            "labels": {
              "alb-vm-sg-label": "kibana-sg-label"
            },
            "name": "kibana-sg",
            "network_id": "enpg9rvekaaofjhbrbvg",
            "status": "ACTIVE",
            "timeouts": null
          },
          "sensitive_attributes": [],
          "private": "eyJlMmJmYjczMC1lY2FhLTExZTYtOGY4OC0zNDM2M2JjN2M0YzAiOnsiY3JlYXRlIjoxODAwMDAwMDAwMDAsImRlbGV0ZSI6MTgwMDAwMDAwMDAwLCJ1cGRhdGUiOjE4MDAwMDAwMDAwMH19",
          "dependencies": [
            "yandex_vpc_network.alb-network",
            "yandex_vpc_security_group.alb-sg",
            "yandex_vpc_security_group.alb-vm-sg",
            "yandex_vpc_security_group.bastion-sg",
            "yandex_vpc_security_group.zabbix-sg"
          ]
        }
      ]
    },
    {
      "mode": "managed",
      "type": "yandex_vpc_security_group",
      "name": "zabbix-sg",
      "provider": "provider[\"registry.terraform.io/yandex-cloud/yandex\"]",
      "instances": [
        {
          "schema_version": 0,
          "attributes": {
            "created_at": "2025-02-10T15:04:12Z",
            "description": "Security group for zabbix host",
            "egress": [
              {
                "description": "ANY egress rule description",
                "from_port": 0,
                "id": "enprkg1e8cvukqgaqpn4",
                "labels": {},
                "port": -1,
                "predefined_target": "",
                "protocol": "ANY",
                "security_group_id": "",
                "to_port": 65535,
                "v4_cidr_blocks": [
                  "0.0.0.0/0"
                ],
                "v6_cidr_blocks": []
              }
            ],
            "folder_id": "b1g0p7hjk9b1452669ri",
            "id": "enp39hc7st15g4a2jppt",
            "ingress": [
              {
                "description": "HTTP requests",
                "from_port": -1,
                "id": "enp1mltp9gq8174cii8q",
                "labels": {},
                "port": 80,
                "predefined_target": "",
                "protocol": "ANY",
                "security_group_id": "",
                "to_port": -1,
                "v4_cidr_blocks": [
                  "0.0.0.0/0"
                ],
                "v6_cidr_blocks": []
              },
              {
                "description": "bastion",
                "from_port": -1,
                "id": "enpfmo3pd60e6s9bqpu4",
                "labels": {},
                "port": 22,
                "predefined_target": "",
                "protocol": "TCP",
                "security_group_id": "enp3jsfdqk0fdgg5jgdn",
                "to_port": -1,
                "v4_cidr_blocks": [],
                "v6_cidr_blocks": []
              }
            ],
            "labels": {},
            "name": "zabbix-sg",
            "network_id": "enpg9rvekaaofjhbrbvg",
            "status": "ACTIVE",
            "timeouts": null
          },
          "sensitive_attributes": [],
          "private": "eyJlMmJmYjczMC1lY2FhLTExZTYtOGY4OC0zNDM2M2JjN2M0YzAiOnsiY3JlYXRlIjoxODAwMDAwMDAwMDAsImRlbGV0ZSI6MTgwMDAwMDAwMDAwLCJ1cGRhdGUiOjE4MDAwMDAwMDAwMH19",
          "dependencies": [
            "yandex_vpc_network.alb-network",
            "yandex_vpc_security_group.bastion-sg"
          ]
        }
      ]
    },
    {
      "mode": "managed",
      "type": "yandex_vpc_subnet",
      "name": "alb-subnet-a",
      "provider": "provider[\"registry.terraform.io/yandex-cloud/yandex\"]",
      "instances": [
        {
          "schema_version": 0,
          "attributes": {
            "created_at": "2025-02-10T15:04:09Z",
            "description": "",
            "dhcp_options": [],
            "folder_id": "b1g0p7hjk9b1452669ri",
            "id": "e9b8jmn61koss40ik9f5",
            "labels": {},
            "name": "alb-subnet-a",
            "network_id": "enpg9rvekaaofjhbrbvg",
            "route_table_id": "enpp6n1gr2840gukh6vi",
            "timeouts": null,
            "v4_cidr_blocks": [
              "172.16.10.0/24"
            ],
            "v6_cidr_blocks": [],
            "zone": "ru-central1-a"
          },
          "sensitive_attributes": [],
          "private": "eyJlMmJmYjczMC1lY2FhLTExZTYtOGY4OC0zNDM2M2JjN2M0YzAiOnsiY3JlYXRlIjoxODAwMDAwMDAwMDAsImRlbGV0ZSI6MTgwMDAwMDAwMDAwLCJ1cGRhdGUiOjE4MDAwMDAwMDAwMH19",
          "dependencies": [
            "yandex_vpc_gateway.nat_gateway",
            "yandex_vpc_network.alb-network",
            "yandex_vpc_route_table.rt"
          ]
        }
      ]
    },
    {
      "mode": "managed",
      "type": "yandex_vpc_subnet",
      "name": "alb-subnet-b",
      "provider": "provider[\"registry.terraform.io/yandex-cloud/yandex\"]",
      "instances": [
        {
          "schema_version": 0,
          "attributes": {
            "created_at": "2025-02-10T15:04:08Z",
            "description": "",
            "dhcp_options": [],
            "folder_id": "b1g0p7hjk9b1452669ri",
            "id": "e2lsl38uro75ln1di7qp",
            "labels": {},
            "name": "alb-subnet-b",
            "network_id": "enpg9rvekaaofjhbrbvg",
            "route_table_id": "enpp6n1gr2840gukh6vi",
            "timeouts": null,
            "v4_cidr_blocks": [
              "172.16.20.0/24"
            ],
            "v6_cidr_blocks": [],
            "zone": "ru-central1-b"
          },
          "sensitive_attributes": [],
          "private": "eyJlMmJmYjczMC1lY2FhLTExZTYtOGY4OC0zNDM2M2JjN2M0YzAiOnsiY3JlYXRlIjoxODAwMDAwMDAwMDAsImRlbGV0ZSI6MTgwMDAwMDAwMDAwLCJ1cGRhdGUiOjE4MDAwMDAwMDAwMH19",
          "dependencies": [
            "yandex_vpc_gateway.nat_gateway",
            "yandex_vpc_network.alb-network",
            "yandex_vpc_route_table.rt"
          ]
        }
      ]
    },
    {
      "mode": "managed",
      "type": "yandex_vpc_subnet",
      "name": "alb-subnet-d",
      "provider": "provider[\"registry.terraform.io/yandex-cloud/yandex\"]",
      "instances": [
        {
          "schema_version": 0,
          "attributes": {
            "created_at": "2025-02-10T15:04:10Z",
            "description": "",
            "dhcp_options": [],
            "folder_id": "b1g0p7hjk9b1452669ri",
            "id": "fl8qac66mu3dm8ghb9mn",
            "labels": {},
            "name": "alb-subnet-d",
            "network_id": "enpg9rvekaaofjhbrbvg",
            "route_table_id": "enpp6n1gr2840gukh6vi",
            "timeouts": null,
            "v4_cidr_blocks": [
              "172.16.30.0/24"
            ],
            "v6_cidr_blocks": [],
            "zone": "ru-central1-d"
          },
          "sensitive_attributes": [],
          "private": "eyJlMmJmYjczMC1lY2FhLTExZTYtOGY4OC0zNDM2M2JjN2M0YzAiOnsiY3JlYXRlIjoxODAwMDAwMDAwMDAsImRlbGV0ZSI6MTgwMDAwMDAwMDAwLCJ1cGRhdGUiOjE4MDAwMDAwMDAwMH19",
          "dependencies": [
            "yandex_vpc_gateway.nat_gateway",
            "yandex_vpc_network.alb-network",
            "yandex_vpc_route_table.rt"
          ]
        }
      ]
    }
  ],
  "check_results": null
}
